// !$*UTF8*$!
{
	archiveVersion = 1;
	classes = {
	};
	objectVersion = 50;
	objects = {

/* Begin PBXBuildFile section */
		1A5A39E823D90A1D00851668 /* AppDelegate.swift in Sources */ = {isa = PBXBuildFile; fileRef = 1A5A39E723D90A1D00851668 /* AppDelegate.swift */; };
		1A5A39EA23D90A1D00851668 /* SceneDelegate.swift in Sources */ = {isa = PBXBuildFile; fileRef = 1A5A39E923D90A1D00851668 /* SceneDelegate.swift */; };
		1A5A39EC23D90A1D00851668 /* ViewController.swift in Sources */ = {isa = PBXBuildFile; fileRef = 1A5A39EB23D90A1D00851668 /* ViewController.swift */; };
		1A5A39EF23D90A1D00851668 /* Main.storyboard in Resources */ = {isa = PBXBuildFile; fileRef = 1A5A39ED23D90A1D00851668 /* Main.storyboard */; };
		1A5A39F123D90A1D00851668 /* Assets.xcassets in Resources */ = {isa = PBXBuildFile; fileRef = 1A5A39F023D90A1D00851668 /* Assets.xcassets */; };
		1A5A39F423D90A1D00851668 /* LaunchScreen.storyboard in Resources */ = {isa = PBXBuildFile; fileRef = 1A5A39F223D90A1D00851668 /* LaunchScreen.storyboard */; };
		1A5A429023D9A268007BE6D6 /* Default-568h@2x.png in Resources */ = {isa = PBXBuildFile; fileRef = 1A5A428F23D9A268007BE6D6 /* Default-568h@2x.png */; };
		1A90E00D23D9A1A000E89156 /* LogoView.swift in Sources */ = {isa = PBXBuildFile; fileRef = 1A90E00C23D9A1A000E89156 /* LogoView.swift */; };
/* End PBXBuildFile section */

/* Begin PBXFileReference section */
		1A5A39E423D90A1D00851668 /* LogoAnimation.app */ = {isa = PBXFileReference; explicitFileType = wrapper.application; includeInIndex = 0; path = LogoAnimation.app; sourceTree = BUILT_PRODUCTS_DIR; };
		1A5A39E723D90A1D00851668 /* AppDelegate.swift */ = {isa = PBXFileReference; lastKnownFileType = sourcecode.swift; path = AppDelegate.swift; sourceTree = "<group>"; };
		1A5A39E923D90A1D00851668 /* SceneDelegate.swift */ = {isa = PBXFileReference; lastKnownFileType = sourcecode.swift; path = SceneDelegate.swift; sourceTree = "<group>"; };
		1A5A39EB23D90A1D00851668 /* ViewController.swift */ = {isa = PBXFileReference; lastKnownFileType = sourcecode.swift; path = ViewController.swift; sourceTree = "<group>"; };
		1A5A39EE23D90A1D00851668 /* Base */ = {isa = PBXFileReference; lastKnownFileType = file.storyboard; name = Base; path = Base.lproj/Main.storyboard; sourceTree = "<group>"; };
		1A5A39F023D90A1D00851668 /* Assets.xcassets */ = {isa = PBXFileReference; lastKnownFileType = folder.assetcatalog; path = Assets.xcassets; sourceTree = "<group>"; };
		1A5A39F323D90A1D00851668 /* Base */ = {isa = PBXFileReference; lastKnownFileType = file.storyboard; name = Base; path = Base.lproj/LaunchScreen.storyboard; sourceTree = "<group>"; };
		1A5A39F523D90A1D00851668 /* Info.plist */ = {isa = PBXFileReference; lastKnownFileType = text.plist.xml; path = Info.plist; sourceTree = "<group>"; };
		1A5A428F23D9A268007BE6D6 /* Default-568h@2x.png */ = {isa = PBXFileReference; lastKnownFileType = image.png; path = "Default-568h@2x.png"; sourceTree = "<group>"; };
		1A90E00C23D9A1A000E89156 /* LogoView.swift */ = {isa = PBXFileReference; lastKnownFileType = sourcecode.swift; path = LogoView.swift; sourceTree = "<group>"; };
/* End PBXFileReference section */

/* Begin PBXFrameworksBuildPhase section */
		1A5A39E123D90A1D00851668 /* Frameworks */ = {
			isa = PBXFrameworksBuildPhase;
			buildActionMask = 2147483647;
			files = (
			);
			runOnlyForDeploymentPostprocessing = 0;
		};
/* End PBXFrameworksBuildPhase section */

/* Begin PBXGroup section */
		1A5A39DB23D90A1D00851668 = {
			isa = PBXGroup;
			children = (
				1A5A428F23D9A268007BE6D6 /* Default-568h@2x.png */,
				1A5A39E623D90A1D00851668 /* LogoAnimation */,
				1A5A39E523D90A1D00851668 /* Products */,
			);
			sourceTree = "<group>";
		};
		1A5A39E523D90A1D00851668 /* Products */ = {
			isa = PBXGroup;
			children = (
				1A5A39E423D90A1D00851668 /* LogoAnimation.app */,
			);
			name = Products;
			sourceTree = "<group>";
		};
		1A5A39E623D90A1D00851668 /* LogoAnimation */ = {
			isa = PBXGroup;
			children = (
				1A5A39FB23D90A2B00851668 /* Resources */,
				1A90E00A23D9A17C00E89156 /* Controllers */,
				1A90E00E23D9A1CD00E89156 /* Views */,
			);
			path = LogoAnimation;
			sourceTree = "<group>";
		};
		1A5A39FB23D90A2B00851668 /* Resources */ = {
			isa = PBXGroup;
			children = (
				1A5A39E723D90A1D00851668 /* AppDelegate.swift */,
				1A5A39E923D90A1D00851668 /* SceneDelegate.swift */,
				1A5A39F023D90A1D00851668 /* Assets.xcassets */,
				1A5A39F223D90A1D00851668 /* LaunchScreen.storyboard */,
				1A5A39F523D90A1D00851668 /* Info.plist */,
			);
			path = Resources;
			sourceTree = "<group>";
		};
		1A90E00923D9A17600E89156 /* View Controllers */ = {
			isa = PBXGroup;
			children = (
				1A5A39EB23D90A1D00851668 /* ViewController.swift */,
			);
			path = "View Controllers";
			sourceTree = "<group>";
		};
		1A90E00A23D9A17C00E89156 /* Controllers */ = {
			isa = PBXGroup;
			children = (
				1A90E00B23D9A18D00E89156 /* Model Controllers */,
				1A90E00923D9A17600E89156 /* View Controllers */,
			);
			path = Controllers;
			sourceTree = "<group>";
		};
		1A90E00B23D9A18D00E89156 /* Model Controllers */ = {
			isa = PBXGroup;
			children = (
				1A90E00C23D9A1A000E89156 /* LogoView.swift */,
			);
			path = "Model Controllers";
			sourceTree = "<group>";
		};
		1A90E00E23D9A1CD00E89156 /* Views */ = {
			isa = PBXGroup;
			children = (
				1A5A39ED23D90A1D00851668 /* Main.storyboard */,
			);
			path = Views;
			sourceTree = "<group>";
		};
/* End PBXGroup section */

/* Begin PBXNativeTarget section */
		1A5A39E323D90A1D00851668 /* LogoAnimation */ = {
			isa = PBXNativeTarget;
			buildConfigurationList = 1A5A39F823D90A1D00851668 /* Build configuration list for PBXNativeTarget "LogoAnimation" */;
			buildPhases = (
				1A5A39E023D90A1D00851668 /* Sources */,
				1A5A39E123D90A1D00851668 /* Frameworks */,
				1A5A39E223D90A1D00851668 /* Resources */,
			);
			buildRules = (
			);
			dependencies = (
			);
			name = LogoAnimation;
			productName = LogoAnimation;
			productReference = 1A5A39E423D90A1D00851668 /* LogoAnimation.app */;
			productType = "com.apple.product-type.application";
		};
/* End PBXNativeTarget section */

/* Begin PBXProject section */
		1A5A39DC23D90A1D00851668 /* Project object */ = {
			isa = PBXProject;
			attributes = {
				LastSwiftUpdateCheck = 1130;
				LastUpgradeCheck = 1130;
				ORGANIZATIONNAME = "Aaron Cleveland";
				TargetAttributes = {
					1A5A39E323D90A1D00851668 = {
						CreatedOnToolsVersion = 11.3.1;
					};
				};
			};
			buildConfigurationList = 1A5A39DF23D90A1D00851668 /* Build configuration list for PBXProject "LogoAnimation" */;
			compatibilityVersion = "Xcode 9.3";
			developmentRegion = en;
			hasScannedForEncodings = 0;
			knownRegions = (
				en,
				Base,
			);
			mainGroup = 1A5A39DB23D90A1D00851668;
			productRefGroup = 1A5A39E523D90A1D00851668 /* Products */;
			projectDirPath = "";
			projectRoot = "";
			targets = (
				1A5A39E323D90A1D00851668 /* LogoAnimation */,
			);
		};
/* End PBXProject section */

/* Begin PBXResourcesBuildPhase section */
		1A5A39E223D90A1D00851668 /* Resources */ = {
			isa = PBXResourcesBuildPhase;
			buildActionMask = 2147483647;
			files = (
				1A5A39F423D90A1D00851668 /* LaunchScreen.storyboard in Resources */,
				1A5A429023D9A268007BE6D6 /* Default-568h@2x.png in Resources */,
				1A5A39F123D90A1D00851668 /* Assets.xcassets in Resources */,
				1A5A39EF23D90A1D00851668 /* Main.storyboard in Resources */,
			);
			runOnlyForDeploymentPostprocessing = 0;
		};
/* End PBXResourcesBuildPhase section */

/* Begin PBXSourcesBuildPhase section */
		1A5A39E023D90A1D00851668 /* Sources */ = {
			isa = PBXSourcesBuildPhase;
			buildActionMask = 2147483647;
			files = (
				1A5A39EC23D90A1D00851668 /* ViewController.swift in Sources */,
				1A90E00D23D9A1A000E89156 /* LogoView.swift in Sources */,
				1A5A39E823D90A1D00851668 /* AppDelegate.swift in Sources */,
				1A5A39EA23D90A1D00851668 /* SceneDelegate.swift in Sources */,
			);
			runOnlyForDeploymentPostprocessing = 0;
		};
/* End PBXSourcesBuildPhase section */

/* Begin PBXVariantGroup section */
		1A5A39ED23D90A1D00851668 /* Main.storyboard */ = {
			isa = PBXVariantGroup;
			children = (
				1A5A39EE23D90A1D00851668 /* Base */,
			);
			name = Main.storyboard;
			sourceTree = "<group>";
		};
		1A5A39F223D90A1D00851668 /* LaunchScreen.storyboard */ = {
			isa = PBXVariantGroup;
			children = (
				1A5A39F323D90A1D00851668 /* Base */,
			);
			name = LaunchScreen.storyboard;
			sourceTree = "<group>";
		};
/* End PBXVariantGroup section */

/* Begin XCBuildConfiguration section */
		1A5A39F623D90A1D00851668 /* Debug */ = {
			isa = XCBuildConfiguration;
			buildSettings = {
				ALWAYS_SEARCH_USER_PATHS = NO;
				CLANG_ANALYZER_NONNULL = YES;
				CLANG_ANALYZER_NUMBER_OBJECT_CONVERSION = YES_AGGRESSIVE;
				CLANG_CXX_LANGUAGE_STANDARD = "gnu++14";
				CLANG_CXX_LIBRARY = "libc++";
				CLANG_ENABLE_MODULES = YES;
				CLANG_ENABLE_OBJC_ARC = YES;
				CLANG_ENABLE_OBJC_WEAK = YES;
				CLANG_WARN_BLOCK_CAPTURE_AUTORELEASING = YES;
				CLANG_WARN_BOOL_CONVERSION = YES;
				CLANG_WARN_COMMA = YES;
				CLANG_WARN_CONSTANT_CONVERSION = YES;
				CLANG_WARN_DEPRECATED_OBJC_IMPLEMENTATIONS = YES;
				CLANG_WARN_DIRECT_OBJC_ISA_USAGE = YES_ERROR;
				CLANG_WARN_DOCUMENTATION_COMMENTS = YES;
				CLANG_WARN_EMPTY_BODY = YES;
				CLANG_WARN_ENUM_CONVERSION = YES;
				CLANG_WARN_INFINITE_RECURSION = YES;
				CLANG_WARN_INT_CONVERSION = YES;
				CLANG_WARN_NON_LITERAL_NULL_CONVERSION = YES;
				CLANG_WARN_OBJC_IMPLICIT_RETAIN_SELF = YES;
				CLANG_WARN_OBJC_LITERAL_CONVERSION = YES;
				CLANG_WARN_OBJC_ROOT_CLASS = YES_ERROR;
				CLANG_WARN_RANGE_LOOP_ANALYSIS = YES;
				CLANG_WARN_STRICT_PROTOTYPES = YES;
				CLANG_WARN_SUSPICIOUS_MOVE = YES;
				CLANG_WARN_UNGUARDED_AVAILABILITY = YES_AGGRESSIVE;
				CLANG_WARN_UNREACHABLE_CODE = YES;
				CLANG_WARN__DUPLICATE_METHOD_MATCH = YES;
				COPY_PHASE_STRIP = NO;
				DEBUG_INFORMATION_FORMAT = dwarf;
				ENABLE_STRICT_OBJC_MSGSEND = YES;
				ENABLE_TESTABILITY = YES;
				GCC_C_LANGUAGE_STANDARD = gnu11;
				GCC_DYNAMIC_NO_PIC = NO;
				GCC_NO_COMMON_BLOCKS = YES;
				GCC_OPTIMIZATION_LEVEL = 0;
				GCC_PREPROCESSOR_DEFINITIONS = (
					"DEBUG=1",
					"$(inherited)",
				);
				GCC_WARN_64_TO_32_BIT_CONVERSION = YES;
				GCC_WARN_ABOUT_RETURN_TYPE = YES_ERROR;
				GCC_WARN_UNDECLARED_SELECTOR = YES;
				GCC_WARN_UNINITIALIZED_AUTOS = YES_AGGRESSIVE;
				GCC_WARN_UNUSED_FUNCTION = YES;
				GCC_WARN_UNUSED_VARIABLE = YES;
				IPHONEOS_DEPLOYMENT_TARGET = 13.2;
				MTL_ENABLE_DEBUG_INFO = INCLUDE_SOURCE;
				MTL_FAST_MATH = YES;
				ONLY_ACTIVE_ARCH = YES;
				SDKROOT = iphoneos;
				SWIFT_ACTIVE_COMPILATION_CONDITIONS = DEBUG;
				SWIFT_OPTIMIZATION_LEVEL = "-Onone";
			};
			name = Debug;
		};
		1A5A39F723D90A1D00851668 /* Release */ = {
			isa = XCBuildConfiguration;
			buildSettings = {
				ALWAYS_SEARCH_USER_PATHS = NO;
				CLANG_ANALYZER_NONNULL = YES;
				CLANG_ANALYZER_NUMBER_OBJECT_CONVERSION = YES_AGGRESSIVE;
				CLANG_CXX_LANGUAGE_STANDARD = "gnu++14";
				CLANG_CXX_LIBRARY = "libc++";
				CLANG_ENABLE_MODULES = YES;
				CLANG_ENABLE_OBJC_ARC = YES;
				CLANG_ENABLE_OBJC_WEAK = YES;
				CLANG_WARN_BLOCK_CAPTURE_AUTORELEASING = YES;
				CLANG_WARN_BOOL_CONVERSION = YES;
				CLANG_WARN_COMMA = YES;
				CLANG_WARN_CONSTANT_CONVERSION = YES;
				CLANG_WARN_DEPRECATED_OBJC_IMPLEMENTATIONS = YES;
				CLANG_WARN_DIRECT_OBJC_ISA_USAGE = YES_ERROR;
				CLANG_WARN_DOCUMENTATION_COMMENTS = YES;
				CLANG_WARN_EMPTY_BODY = YES;
				CLANG_WARN_ENUM_CONVERSION = YES;
				CLANG_WARN_INFINITE_RECURSION = YES;
				CLANG_WARN_INT_CONVERSION = YES;
				CLANG_WARN_NON_LITERAL_NULL_CONVERSION = YES;
				CLANG_WARN_OBJC_IMPLICIT_RETAIN_SELF = YES;
				CLANG_WARN_OBJC_LITERAL_CONVERSION = YES;
				CLANG_WARN_OBJC_ROOT_CLASS = YES_ERROR;
				CLANG_WARN_RANGE_LOOP_ANALYSIS = YES;
				CLANG_WARN_STRICT_PROTOTYPES = YES;
				CLANG_WARN_SUSPICIOUS_MOVE = YES;
				CLANG_WARN_UNGUARDED_AVAILABILITY = YES_AGGRESSIVE;
				CLANG_WARN_UNREACHABLE_CODE = YES;
				CLANG_WARN__DUPLICATE_METHOD_MATCH = YES;
				COPY_PHASE_STRIP = NO;
				DEBUG_INFORMATION_FORMAT = "dwarf-with-dsym";
				ENABLE_NS_ASSERTIONS = NO;
				ENABLE_STRICT_OBJC_MSGSEND = YES;
				GCC_C_LANGUAGE_STANDARD = gnu11;
				GCC_NO_COMMON_BLOCKS = YES;
				GCC_WARN_64_TO_32_BIT_CONVERSION = YES;
				GCC_WARN_ABOUT_RETURN_TYPE = YES_ERROR;
				GCC_WARN_UNDECLARED_SELECTOR = YES;
				GCC_WARN_UNINITIALIZED_AUTOS = YES_AGGRESSIVE;
				GCC_WARN_UNUSED_FUNCTION = YES;
				GCC_WARN_UNUSED_VARIABLE = YES;
				IPHONEOS_DEPLOYMENT_TARGET = 13.2;
				MTL_ENABLE_DEBUG_INFO = NO;
				MTL_FAST_MATH = YES;
				SDKROOT = iphoneos;
				SWIFT_COMPILATION_MODE = wholemodule;
				SWIFT_OPTIMIZATION_LEVEL = "-O";
				VALIDATE_PRODUCT = YES;
			};
			name = Release;
		};
		1A5A39F923D90A1D00851668 /* Debug */ = {
			isa = XCBuildConfiguration;
			buildSettings = {
				ASSETCATALOG_COMPILER_APPICON_NAME = AppIcon;
				CODE_SIGN_STYLE = Automatic;
				DEVELOPMENT_TEAM = 6SYENEWMJ7;
				INFOPLIST_FILE = "$(SRCROOT)/LogoAnimation/Resources/Info.plist";
				LD_RUNPATH_SEARCH_PATHS = (
					"$(inherited)",
					"@executable_path/Frameworks",
				);
				PRODUCT_BUNDLE_IDENTIFIER = com.AaronCleveland.LogoAnimation;
				PRODUCT_NAME = "$(TARGET_NAME)";
				SWIFT_VERSION = 5.0;
				TARGETED_DEVICE_FAMILY = "1,2";
			};
			name = Debug;
		};
		1A5A39FA23D90A1D00851668 /* Release */ = {
			isa = XCBuildConfiguration;
			buildSettings = {
				ASSETCATALOG_COMPILER_APPICON_NAME = AppIcon;
				CODE_SIGN_STYLE = Automatic;
				DEVELOPMENT_TEAM = 6SYENEWMJ7;
				INFOPLIST_FILE = "$(SRCROOT)/LogoAnimation/Resources/Info.plist";
				LD_RUNPATH_SEARCH_PATHS = (
					"$(inherited)",
					"@executable_path/Frameworks",
				);
				PRODUCT_BUNDLE_IDENTIFIER = com.AaronCleveland.LogoAnimation;
				PRODUCT_NAME = "$(TARGET_NAME)";
				SWIFT_VERSION = 5.0;
				TARGETED_DEVICE_FAMILY = "1,2";
			};
			name = Release;
		};
/* End XCBuildConfiguration section */

/* Begin XCConfigurationList section */
		1A5A39DF23D90A1D00851668 /* Build configuration list for PBXProject "LogoAnimation" */ = {
			isa = XCConfigurationList;
			buildConfigurations = (
				1A5A39F623D90A1D00851668 /* Debug */,
				1A5A39F723D90A1D00851668 /* Release */,
			);
			defaultConfigurationIsVisible = 0;
			defaultConfigurationName = Release;
		};
		1A5A39F823D90A1D00851668 /* Build configuration list for PBXNativeTarget "LogoAnimation" */ = {
			isa = XCConfigurationList;
			buildConfigurations = (
				1A5A39F923D90A1D00851668 /* Debug */,
				1A5A39FA23D90A1D00851668 /* Release */,
			);
			defaultConfigurationIsVisible = 0;
			defaultConfigurationName = Release;
		};
/* End XCConfigurationList section */
	};
	rootObject = 1A5A39DC23D90A1D00851668 /* Project object */;
}
