// !$*UTF8*$!
{
	archiveVersion = 1;
	classes = {
	};
	objectVersion = 50;
	objects = {

/* Begin PBXBuildFile section */
		95BBB011233A637F004D4F9E /* AppDelegate.swift in Sources */ = {isa = PBXBuildFile; fileRef = 95BBB010233A637F004D4F9E /* AppDelegate.swift */; };
		95BBB013233A637F004D4F9E /* SceneDelegate.swift in Sources */ = {isa = PBXBuildFile; fileRef = 95BBB012233A637F004D4F9E /* SceneDelegate.swift */; };
		95BBB015233A637F004D4F9E /* ViewController.swift in Sources */ = {isa = PBXBuildFile; fileRef = 95BBB014233A637F004D4F9E /* ViewController.swift */; };
		95BBB018233A637F004D4F9E /* Main.storyboard in Resources */ = {isa = PBXBuildFile; fileRef = 95BBB016233A637F004D4F9E /* Main.storyboard */; };
		95BBB01A233A637F004D4F9E /* Assets.xcassets in Resources */ = {isa = PBXBuildFile; fileRef = 95BBB019233A637F004D4F9E /* Assets.xcassets */; };
		95BBB01D233A637F004D4F9E /* LaunchScreen.storyboard in Resources */ = {isa = PBXBuildFile; fileRef = 95BBB01B233A637F004D4F9E /* LaunchScreen.storyboard */; };
		95BBB025233A63BA004D4F9E /* LogoView.swift in Sources */ = {isa = PBXBuildFile; fileRef = 95BBB024233A63BA004D4F9E /* LogoView.swift */; };
		95BBB027233AC159004D4F9E /* LambdaLogoView.swift in Sources */ = {isa = PBXBuildFile; fileRef = 95BBB026233AC159004D4F9E /* LambdaLogoView.swift */; };
/* End PBXBuildFile section */

/* Begin PBXFileReference section */
		95BBB00D233A637F004D4F9E /* DrawingALogo.app */ = {isa = PBXFileReference; explicitFileType = wrapper.application; includeInIndex = 0; path = DrawingALogo.app; sourceTree = BUILT_PRODUCTS_DIR; };
		95BBB010233A637F004D4F9E /* AppDelegate.swift */ = {isa = PBXFileReference; lastKnownFileType = sourcecode.swift; path = AppDelegate.swift; sourceTree = "<group>"; };
		95BBB012233A637F004D4F9E /* SceneDelegate.swift */ = {isa = PBXFileReference; lastKnownFileType = sourcecode.swift; path = SceneDelegate.swift; sourceTree = "<group>"; };
		95BBB014233A637F004D4F9E /* ViewController.swift */ = {isa = PBXFileReference; lastKnownFileType = sourcecode.swift; path = ViewController.swift; sourceTree = "<group>"; };
		95BBB017233A637F004D4F9E /* Base */ = {isa = PBXFileReference; lastKnownFileType = file.storyboard; name = Base; path = Base.lproj/Main.storyboard; sourceTree = "<group>"; };
		95BBB019233A637F004D4F9E /* Assets.xcassets */ = {isa = PBXFileReference; lastKnownFileType = folder.assetcatalog; path = Assets.xcassets; sourceTree = "<group>"; };
		95BBB01C233A637F004D4F9E /* Base */ = {isa = PBXFileReference; lastKnownFileType = file.storyboard; name = Base; path = Base.lproj/LaunchScreen.storyboard; sourceTree = "<group>"; };
		95BBB01E233A637F004D4F9E /* Info.plist */ = {isa = PBXFileReference; lastKnownFileType = text.plist.xml; path = Info.plist; sourceTree = "<group>"; };
		95BBB024233A63BA004D4F9E /* LogoView.swift */ = {isa = PBXFileReference; lastKnownFileType = sourcecode.swift; path = LogoView.swift; sourceTree = "<group>"; };
		95BBB026233AC159004D4F9E /* LambdaLogoView.swift */ = {isa = PBXFileReference; lastKnownFileType = sourcecode.swift; path = LambdaLogoView.swift; sourceTree = "<group>"; };
/* End PBXFileReference section */

/* Begin PBXFrameworksBuildPhase section */
		95BBB00A233A637F004D4F9E /* Frameworks */ = {
			isa = PBXFrameworksBuildPhase;
			buildActionMask = 2147483647;
			files = (
			);
			runOnlyForDeploymentPostprocessing = 0;
		};
/* End PBXFrameworksBuildPhase section */

/* Begin PBXGroup section */
		95BBB004233A637F004D4F9E = {
			isa = PBXGroup;
			children = (
				95BBB00F233A637F004D4F9E /* DrawingALogo */,
				95BBB00E233A637F004D4F9E /* Products */,
			);
			sourceTree = "<group>";
		};
		95BBB00E233A637F004D4F9E /* Products */ = {
			isa = PBXGroup;
			children = (
				95BBB00D233A637F004D4F9E /* DrawingALogo.app */,
			);
			name = Products;
			sourceTree = "<group>";
		};
		95BBB00F233A637F004D4F9E /* DrawingALogo */ = {
			isa = PBXGroup;
			children = (
				95BBB010233A637F004D4F9E /* AppDelegate.swift */,
				95BBB012233A637F004D4F9E /* SceneDelegate.swift */,
				95BBB014233A637F004D4F9E /* ViewController.swift */,
				95BBB016233A637F004D4F9E /* Main.storyboard */,
				95BBB019233A637F004D4F9E /* Assets.xcassets */,
				95BBB01B233A637F004D4F9E /* LaunchScreen.storyboard */,
				95BBB01E233A637F004D4F9E /* Info.plist */,
				95BBB024233A63BA004D4F9E /* LogoView.swift */,
				95BBB026233AC159004D4F9E /* LambdaLogoView.swift */,
			);
			path = DrawingALogo;
			sourceTree = "<group>";
		};
/* End PBXGroup section */

/* Begin PBXNativeTarget section */
		95BBB00C233A637F004D4F9E /* DrawingALogo */ = {
			isa = PBXNativeTarget;
			buildConfigurationList = 95BBB021233A6380004D4F9E /* Build configuration list for PBXNativeTarget "DrawingALogo" */;
			buildPhases = (
				95BBB009233A637F004D4F9E /* Sources */,
				95BBB00A233A637F004D4F9E /* Frameworks */,
				95BBB00B233A637F004D4F9E /* Resources */,
			);
			buildRules = (
			);
			dependencies = (
			);
			name = DrawingALogo;
			productName = DrawingALogo;
			productReference = 95BBB00D233A637F004D4F9E /* DrawingALogo.app */;
			productType = "com.apple.product-type.application";
		};
/* End PBXNativeTarget section */

/* Begin PBXProject section */
		95BBB005233A637F004D4F9E /* Project object */ = {
			isa = PBXProject;
			attributes = {
				LastSwiftUpdateCheck = 1100;
				LastUpgradeCheck = 1100;
				ORGANIZATIONNAME = "Jessie Griffin";
				TargetAttributes = {
					95BBB00C233A637F004D4F9E = {
						CreatedOnToolsVersion = 11.0;
					};
				};
			};
			buildConfigurationList = 95BBB008233A637F004D4F9E /* Build configuration list for PBXProject "DrawingALogo" */;
			compatibilityVersion = "Xcode 9.3";
			developmentRegion = en;
			hasScannedForEncodings = 0;
			knownRegions = (
				en,
				Base,
			);
			mainGroup = 95BBB004233A637F004D4F9E;
			productRefGroup = 95BBB00E233A637F004D4F9E /* Products */;
			projectDirPath = "";
			projectRoot = "";
			targets = (
				95BBB00C233A637F004D4F9E /* DrawingALogo */,
			);
		};
/* End PBXProject section */

/* Begin PBXResourcesBuildPhase section */
		95BBB00B233A637F004D4F9E /* Resources */ = {
			isa = PBXResourcesBuildPhase;
			buildActionMask = 2147483647;
			files = (
				95BBB01D233A637F004D4F9E /* LaunchScreen.storyboard in Resources */,
				95BBB01A233A637F004D4F9E /* Assets.xcassets in Resources */,
				95BBB018233A637F004D4F9E /* Main.storyboard in Resources */,
			);
			runOnlyForDeploymentPostprocessing = 0;
		};
/* End PBXResourcesBuildPhase section */

/* Begin PBXSourcesBuildPhase section */
		95BBB009233A637F004D4F9E /* Sources */ = {
			isa = PBXSourcesBuildPhase;
			buildActionMask = 2147483647;
			files = (
				95BBB015233A637F004D4F9E /* ViewController.swift in Sources */,
				95BBB025233A63BA004D4F9E /* LogoView.swift in Sources */,
				95BBB027233AC159004D4F9E /* LambdaLogoView.swift in Sources */,
				95BBB011233A637F004D4F9E /* AppDelegate.swift in Sources */,
				95BBB013233A637F004D4F9E /* SceneDelegate.swift in Sources */,
			);
			runOnlyForDeploymentPostprocessing = 0;
		};
/* End PBXSourcesBuildPhase section */

/* Begin PBXVariantGroup section */
		95BBB016233A637F004D4F9E /* Main.storyboard */ = {
			isa = PBXVariantGroup;
			children = (
				95BBB017233A637F004D4F9E /* Base */,
			);
			name = Main.storyboard;
			sourceTree = "<group>";
		};
		95BBB01B233A637F004D4F9E /* LaunchScreen.storyboard */ = {
			isa = PBXVariantGroup;
			children = (
				95BBB01C233A637F004D4F9E /* Base */,
			);
			name = LaunchScreen.storyboard;
			sourceTree = "<group>";
		};
/* End PBXVariantGroup section */

/* Begin XCBuildConfiguration section */
		95BBB01F233A637F004D4F9E /* Debug */ = {
			isa = XCBuildConfiguration;
			buildSettings = {
				ALWAYS_SEARCH_USER_PATHS = NO;
				CLANG_ANALYZER_NONNULL = YES;
				CLANG_ANALYZER_NUMBER_OBJECT_CONVERSION = YES_AGGRESSIVE;
				CLANG_CXX_LANGUAGE_STANDARD = "gnu++14";
				CLANG_CXX_LIBRARY = "libc++";
				CLANG_ENABLE_MODULES = YES;
				CLANG_ENABLE_OBJC_ARC = YES;
				CLANG_ENABLE_OBJC_WEAK = YES;
				CLANG_WARN_BLOCK_CAPTURE_AUTORELEASING = YES;
				CLANG_WARN_BOOL_CONVERSION = YES;
				CLANG_WARN_COMMA = YES;
				CLANG_WARN_CONSTANT_CONVERSION = YES;
				CLANG_WARN_DEPRECATED_OBJC_IMPLEMENTATIONS = YES;
				CLANG_WARN_DIRECT_OBJC_ISA_USAGE = YES_ERROR;
				CLANG_WARN_DOCUMENTATION_COMMENTS = YES;
				CLANG_WARN_EMPTY_BODY = YES;
				CLANG_WARN_ENUM_CONVERSION = YES;
				CLANG_WARN_INFINITE_RECURSION = YES;
				CLANG_WARN_INT_CONVERSION = YES;
				CLANG_WARN_NON_LITERAL_NULL_CONVERSION = YES;
				CLANG_WARN_OBJC_IMPLICIT_RETAIN_SELF = YES;
				CLANG_WARN_OBJC_LITERAL_CONVERSION = YES;
				CLANG_WARN_OBJC_ROOT_CLASS = YES_ERROR;
				CLANG_WARN_RANGE_LOOP_ANALYSIS = YES;
				CLANG_WARN_STRICT_PROTOTYPES = YES;
				CLANG_WARN_SUSPICIOUS_MOVE = YES;
				CLANG_WARN_UNGUARDED_AVAILABILITY = YES_AGGRESSIVE;
				CLANG_WARN_UNREACHABLE_CODE = YES;
				CLANG_WARN__DUPLICATE_METHOD_MATCH = YES;
				COPY_PHASE_STRIP = NO;
				DEBUG_INFORMATION_FORMAT = dwarf;
				ENABLE_STRICT_OBJC_MSGSEND = YES;
				ENABLE_TESTABILITY = YES;
				GCC_C_LANGUAGE_STANDARD = gnu11;
				GCC_DYNAMIC_NO_PIC = NO;
				GCC_NO_COMMON_BLOCKS = YES;
				GCC_OPTIMIZATION_LEVEL = 0;
				GCC_PREPROCESSOR_DEFINITIONS = (
					"DEBUG=1",
					"$(inherited)",
				);
				GCC_WARN_64_TO_32_BIT_CONVERSION = YES;
				GCC_WARN_ABOUT_RETURN_TYPE = YES_ERROR;
				GCC_WARN_UNDECLARED_SELECTOR = YES;
				GCC_WARN_UNINITIALIZED_AUTOS = YES_AGGRESSIVE;
				GCC_WARN_UNUSED_FUNCTION = YES;
				GCC_WARN_UNUSED_VARIABLE = YES;
				IPHONEOS_DEPLOYMENT_TARGET = 13.0;
				MTL_ENABLE_DEBUG_INFO = INCLUDE_SOURCE;
				MTL_FAST_MATH = YES;
				ONLY_ACTIVE_ARCH = YES;
				SDKROOT = iphoneos;
				SWIFT_ACTIVE_COMPILATION_CONDITIONS = DEBUG;
				SWIFT_OPTIMIZATION_LEVEL = "-Onone";
			};
			name = Debug;
		};
		95BBB020233A637F004D4F9E /* Release */ = {
			isa = XCBuildConfiguration;
			buildSettings = {
				ALWAYS_SEARCH_USER_PATHS = NO;
				CLANG_ANALYZER_NONNULL = YES;
				CLANG_ANALYZER_NUMBER_OBJECT_CONVERSION = YES_AGGRESSIVE;
				CLANG_CXX_LANGUAGE_STANDARD = "gnu++14";
				CLANG_CXX_LIBRARY = "libc++";
				CLANG_ENABLE_MODULES = YES;
				CLANG_ENABLE_OBJC_ARC = YES;
				CLANG_ENABLE_OBJC_WEAK = YES;
				CLANG_WARN_BLOCK_CAPTURE_AUTORELEASING = YES;
				CLANG_WARN_BOOL_CONVERSION = YES;
				CLANG_WARN_COMMA = YES;
				CLANG_WARN_CONSTANT_CONVERSION = YES;
				CLANG_WARN_DEPRECATED_OBJC_IMPLEMENTATIONS = YES;
				CLANG_WARN_DIRECT_OBJC_ISA_USAGE = YES_ERROR;
				CLANG_WARN_DOCUMENTATION_COMMENTS = YES;
				CLANG_WARN_EMPTY_BODY = YES;
				CLANG_WARN_ENUM_CONVERSION = YES;
				CLANG_WARN_INFINITE_RECURSION = YES;
				CLANG_WARN_INT_CONVERSION = YES;
				CLANG_WARN_NON_LITERAL_NULL_CONVERSION = YES;
				CLANG_WARN_OBJC_IMPLICIT_RETAIN_SELF = YES;
				CLANG_WARN_OBJC_LITERAL_CONVERSION = YES;
				CLANG_WARN_OBJC_ROOT_CLASS = YES_ERROR;
				CLANG_WARN_RANGE_LOOP_ANALYSIS = YES;
				CLANG_WARN_STRICT_PROTOTYPES = YES;
				CLANG_WARN_SUSPICIOUS_MOVE = YES;
				CLANG_WARN_UNGUARDED_AVAILABILITY = YES_AGGRESSIVE;
				CLANG_WARN_UNREACHABLE_CODE = YES;
				CLANG_WARN__DUPLICATE_METHOD_MATCH = YES;
				COPY_PHASE_STRIP = NO;
				DEBUG_INFORMATION_FORMAT = "dwarf-with-dsym";
				ENABLE_NS_ASSERTIONS = NO;
				ENABLE_STRICT_OBJC_MSGSEND = YES;
				GCC_C_LANGUAGE_STANDARD = gnu11;
				GCC_NO_COMMON_BLOCKS = YES;
				GCC_WARN_64_TO_32_BIT_CONVERSION = YES;
				GCC_WARN_ABOUT_RETURN_TYPE = YES_ERROR;
				GCC_WARN_UNDECLARED_SELECTOR = YES;
				GCC_WARN_UNINITIALIZED_AUTOS = YES_AGGRESSIVE;
				GCC_WARN_UNUSED_FUNCTION = YES;
				GCC_WARN_UNUSED_VARIABLE = YES;
				IPHONEOS_DEPLOYMENT_TARGET = 13.0;
				MTL_ENABLE_DEBUG_INFO = NO;
				MTL_FAST_MATH = YES;
				SDKROOT = iphoneos;
				SWIFT_COMPILATION_MODE = wholemodule;
				SWIFT_OPTIMIZATION_LEVEL = "-O";
				VALIDATE_PRODUCT = YES;
			};
			name = Release;
		};
		95BBB022233A6380004D4F9E /* Debug */ = {
			isa = XCBuildConfiguration;
			buildSettings = {
				ASSETCATALOG_COMPILER_APPICON_NAME = AppIcon;
				CODE_SIGN_STYLE = Automatic;
				DEVELOPMENT_TEAM = PV8C8697QD;
				INFOPLIST_FILE = DrawingALogo/Info.plist;
				LD_RUNPATH_SEARCH_PATHS = (
					"$(inherited)",
					"@executable_path/Frameworks",
				);
				PRODUCT_BUNDLE_IDENTIFIER = com.jessiegriffin.DrawingALogo;
				PRODUCT_NAME = "$(TARGET_NAME)";
				SWIFT_VERSION = 5.0;
				TARGETED_DEVICE_FAMILY = "1,2";
			};
			name = Debug;
		};
		95BBB023233A6380004D4F9E /* Release */ = {
			isa = XCBuildConfiguration;
			buildSettings = {
				ASSETCATALOG_COMPILER_APPICON_NAME = AppIcon;
				CODE_SIGN_STYLE = Automatic;
				DEVELOPMENT_TEAM = PV8C8697QD;
				INFOPLIST_FILE = DrawingALogo/Info.plist;
				LD_RUNPATH_SEARCH_PATHS = (
					"$(inherited)",
					"@executable_path/Frameworks",
				);
				PRODUCT_BUNDLE_IDENTIFIER = com.jessiegriffin.DrawingALogo;
				PRODUCT_NAME = "$(TARGET_NAME)";
				SWIFT_VERSION = 5.0;
				TARGETED_DEVICE_FAMILY = "1,2";
			};
			name = Release;
		};
/* End XCBuildConfiguration section */

/* Begin XCConfigurationList section */
		95BBB008233A637F004D4F9E /* Build configuration list for PBXProject "DrawingALogo" */ = {
			isa = XCConfigurationList;
			buildConfigurations = (
				95BBB01F233A637F004D4F9E /* Debug */,
				95BBB020233A637F004D4F9E /* Release */,
			);
			defaultConfigurationIsVisible = 0;
			defaultConfigurationName = Release;
		};
		95BBB021233A6380004D4F9E /* Build configuration list for PBXNativeTarget "DrawingALogo" */ = {
			isa = XCConfigurationList;
			buildConfigurations = (
				95BBB022233A6380004D4F9E /* Debug */,
				95BBB023233A6380004D4F9E /* Release */,
			);
			defaultConfigurationIsVisible = 0;
			defaultConfigurationName = Release;
		};
/* End XCConfigurationList section */
	};
	rootObject = 95BBB005233A637F004D4F9E /* Project object */;
}
