// !$*UTF8*$!
{
	archiveVersion = 1;
	classes = {
	};
	objectVersion = 50;
	objects = {

/* Begin PBXBuildFile section */
		A6189BCB23EA5CCE005DAC04 /* AppDelegate.swift in Sources */ = {isa = PBXBuildFile; fileRef = A6189BCA23EA5CCE005DAC04 /* AppDelegate.swift */; };
		A6189BCD23EA5CCE005DAC04 /* SceneDelegate.swift in Sources */ = {isa = PBXBuildFile; fileRef = A6189BCC23EA5CCE005DAC04 /* SceneDelegate.swift */; };
		A6189BCF23EA5CCE005DAC04 /* ViewController.swift in Sources */ = {isa = PBXBuildFile; fileRef = A6189BCE23EA5CCE005DAC04 /* ViewController.swift */; };
		A6189BD223EA5CCE005DAC04 /* Main.storyboard in Resources */ = {isa = PBXBuildFile; fileRef = A6189BD023EA5CCE005DAC04 /* Main.storyboard */; };
		A6189BD423EA5CD8005DAC04 /* Assets.xcassets in Resources */ = {isa = PBXBuildFile; fileRef = A6189BD323EA5CD8005DAC04 /* Assets.xcassets */; };
		A6189BD723EA5CD8005DAC04 /* LaunchScreen.storyboard in Resources */ = {isa = PBXBuildFile; fileRef = A6189BD523EA5CD8005DAC04 /* LaunchScreen.storyboard */; };
		A6189BDF23EA5CF1005DAC04 /* Target.swift in Sources */ = {isa = PBXBuildFile; fileRef = A6189BDE23EA5CF0005DAC04 /* Target.swift */; };
		A6189BE123EA5D3A005DAC04 /* LogoView.swift in Sources */ = {isa = PBXBuildFile; fileRef = A6189BE023EA5D3A005DAC04 /* LogoView.swift */; };
/* End PBXBuildFile section */

/* Begin PBXFileReference section */
		A6189BC723EA5CCE005DAC04 /* LogoProject.app */ = {isa = PBXFileReference; explicitFileType = wrapper.application; includeInIndex = 0; path = LogoProject.app; sourceTree = BUILT_PRODUCTS_DIR; };
		A6189BCA23EA5CCE005DAC04 /* AppDelegate.swift */ = {isa = PBXFileReference; lastKnownFileType = sourcecode.swift; path = AppDelegate.swift; sourceTree = "<group>"; };
		A6189BCC23EA5CCE005DAC04 /* SceneDelegate.swift */ = {isa = PBXFileReference; lastKnownFileType = sourcecode.swift; path = SceneDelegate.swift; sourceTree = "<group>"; };
		A6189BCE23EA5CCE005DAC04 /* ViewController.swift */ = {isa = PBXFileReference; lastKnownFileType = sourcecode.swift; path = ViewController.swift; sourceTree = "<group>"; };
		A6189BD123EA5CCE005DAC04 /* Base */ = {isa = PBXFileReference; lastKnownFileType = file.storyboard; name = Base; path = Base.lproj/Main.storyboard; sourceTree = "<group>"; };
		A6189BD323EA5CD8005DAC04 /* Assets.xcassets */ = {isa = PBXFileReference; lastKnownFileType = folder.assetcatalog; path = Assets.xcassets; sourceTree = "<group>"; };
		A6189BD623EA5CD8005DAC04 /* Base */ = {isa = PBXFileReference; lastKnownFileType = file.storyboard; name = Base; path = Base.lproj/LaunchScreen.storyboard; sourceTree = "<group>"; };
		A6189BD823EA5CD8005DAC04 /* Info.plist */ = {isa = PBXFileReference; lastKnownFileType = text.plist.xml; path = Info.plist; sourceTree = "<group>"; };
		A6189BDE23EA5CF0005DAC04 /* Target.swift */ = {isa = PBXFileReference; fileEncoding = 4; lastKnownFileType = sourcecode.swift; path = Target.swift; sourceTree = "<group>"; };
		A6189BE023EA5D3A005DAC04 /* LogoView.swift */ = {isa = PBXFileReference; lastKnownFileType = sourcecode.swift; path = LogoView.swift; sourceTree = "<group>"; };
/* End PBXFileReference section */

/* Begin PBXFrameworksBuildPhase section */
		A6189BC423EA5CCE005DAC04 /* Frameworks */ = {
			isa = PBXFrameworksBuildPhase;
			buildActionMask = 2147483647;
			files = (
			);
			runOnlyForDeploymentPostprocessing = 0;
		};
/* End PBXFrameworksBuildPhase section */

/* Begin PBXGroup section */
		A6189BBE23EA5CCE005DAC04 = {
			isa = PBXGroup;
			children = (
				A6189BC923EA5CCE005DAC04 /* LogoProject */,
				A6189BC823EA5CCE005DAC04 /* Products */,
			);
			sourceTree = "<group>";
		};
		A6189BC823EA5CCE005DAC04 /* Products */ = {
			isa = PBXGroup;
			children = (
				A6189BC723EA5CCE005DAC04 /* LogoProject.app */,
			);
			name = Products;
			sourceTree = "<group>";
		};
		A6189BC923EA5CCE005DAC04 /* LogoProject */ = {
			isa = PBXGroup;
			children = (
				A6189BDE23EA5CF0005DAC04 /* Target.swift */,
				A6189BCA23EA5CCE005DAC04 /* AppDelegate.swift */,
				A6189BCC23EA5CCE005DAC04 /* SceneDelegate.swift */,
				A6189BCE23EA5CCE005DAC04 /* ViewController.swift */,
				A6189BD023EA5CCE005DAC04 /* Main.storyboard */,
				A6189BD323EA5CD8005DAC04 /* Assets.xcassets */,
				A6189BD523EA5CD8005DAC04 /* LaunchScreen.storyboard */,
				A6189BD823EA5CD8005DAC04 /* Info.plist */,
				A6189BE023EA5D3A005DAC04 /* LogoView.swift */,
			);
			path = LogoProject;
			sourceTree = "<group>";
		};
/* End PBXGroup section */

/* Begin PBXNativeTarget section */
		A6189BC623EA5CCE005DAC04 /* LogoProject */ = {
			isa = PBXNativeTarget;
			buildConfigurationList = A6189BDB23EA5CD8005DAC04 /* Build configuration list for PBXNativeTarget "LogoProject" */;
			buildPhases = (
				A6189BC323EA5CCE005DAC04 /* Sources */,
				A6189BC423EA5CCE005DAC04 /* Frameworks */,
				A6189BC523EA5CCE005DAC04 /* Resources */,
			);
			buildRules = (
			);
			dependencies = (
			);
			name = LogoProject;
			productName = LogoProject;
			productReference = A6189BC723EA5CCE005DAC04 /* LogoProject.app */;
			productType = "com.apple.product-type.application";
		};
/* End PBXNativeTarget section */

/* Begin PBXProject section */
		A6189BBF23EA5CCE005DAC04 /* Project object */ = {
			isa = PBXProject;
			attributes = {
				LastSwiftUpdateCheck = 1130;
				LastUpgradeCheck = 1130;
				ORGANIZATIONNAME = "Sal Amer";
				TargetAttributes = {
					A6189BC623EA5CCE005DAC04 = {
						CreatedOnToolsVersion = 11.3;
					};
				};
			};
			buildConfigurationList = A6189BC223EA5CCE005DAC04 /* Build configuration list for PBXProject "LogoProject" */;
			compatibilityVersion = "Xcode 9.3";
			developmentRegion = en;
			hasScannedForEncodings = 0;
			knownRegions = (
				en,
				Base,
			);
			mainGroup = A6189BBE23EA5CCE005DAC04;
			productRefGroup = A6189BC823EA5CCE005DAC04 /* Products */;
			projectDirPath = "";
			projectRoot = "";
			targets = (
				A6189BC623EA5CCE005DAC04 /* LogoProject */,
			);
		};
/* End PBXProject section */

/* Begin PBXResourcesBuildPhase section */
		A6189BC523EA5CCE005DAC04 /* Resources */ = {
			isa = PBXResourcesBuildPhase;
			buildActionMask = 2147483647;
			files = (
				A6189BD723EA5CD8005DAC04 /* LaunchScreen.storyboard in Resources */,
				A6189BD423EA5CD8005DAC04 /* Assets.xcassets in Resources */,
				A6189BD223EA5CCE005DAC04 /* Main.storyboard in Resources */,
			);
			runOnlyForDeploymentPostprocessing = 0;
		};
/* End PBXResourcesBuildPhase section */

/* Begin PBXSourcesBuildPhase section */
		A6189BC323EA5CCE005DAC04 /* Sources */ = {
			isa = PBXSourcesBuildPhase;
			buildActionMask = 2147483647;
			files = (
				A6189BE123EA5D3A005DAC04 /* LogoView.swift in Sources */,
				A6189BCF23EA5CCE005DAC04 /* ViewController.swift in Sources */,
				A6189BCB23EA5CCE005DAC04 /* AppDelegate.swift in Sources */,
				A6189BDF23EA5CF1005DAC04 /* Target.swift in Sources */,
				A6189BCD23EA5CCE005DAC04 /* SceneDelegate.swift in Sources */,
			);
			runOnlyForDeploymentPostprocessing = 0;
		};
/* End PBXSourcesBuildPhase section */

/* Begin PBXVariantGroup section */
		A6189BD023EA5CCE005DAC04 /* Main.storyboard */ = {
			isa = PBXVariantGroup;
			children = (
				A6189BD123EA5CCE005DAC04 /* Base */,
			);
			name = Main.storyboard;
			sourceTree = "<group>";
		};
		A6189BD523EA5CD8005DAC04 /* LaunchScreen.storyboard */ = {
			isa = PBXVariantGroup;
			children = (
				A6189BD623EA5CD8005DAC04 /* Base */,
			);
			name = LaunchScreen.storyboard;
			sourceTree = "<group>";
		};
/* End PBXVariantGroup section */

/* Begin XCBuildConfiguration section */
		A6189BD923EA5CD8005DAC04 /* Debug */ = {
			isa = XCBuildConfiguration;
			buildSettings = {
				ALWAYS_SEARCH_USER_PATHS = NO;
				CLANG_ANALYZER_NONNULL = YES;
				CLANG_ANALYZER_NUMBER_OBJECT_CONVERSION = YES_AGGRESSIVE;
				CLANG_CXX_LANGUAGE_STANDARD = "gnu++14";
				CLANG_CXX_LIBRARY = "libc++";
				CLANG_ENABLE_MODULES = YES;
				CLANG_ENABLE_OBJC_ARC = YES;
				CLANG_ENABLE_OBJC_WEAK = YES;
				CLANG_WARN_BLOCK_CAPTURE_AUTORELEASING = YES;
				CLANG_WARN_BOOL_CONVERSION = YES;
				CLANG_WARN_COMMA = YES;
				CLANG_WARN_CONSTANT_CONVERSION = YES;
				CLANG_WARN_DEPRECATED_OBJC_IMPLEMENTATIONS = YES;
				CLANG_WARN_DIRECT_OBJC_ISA_USAGE = YES_ERROR;
				CLANG_WARN_DOCUMENTATION_COMMENTS = YES;
				CLANG_WARN_EMPTY_BODY = YES;
				CLANG_WARN_ENUM_CONVERSION = YES;
				CLANG_WARN_INFINITE_RECURSION = YES;
				CLANG_WARN_INT_CONVERSION = YES;
				CLANG_WARN_NON_LITERAL_NULL_CONVERSION = YES;
				CLANG_WARN_OBJC_IMPLICIT_RETAIN_SELF = YES;
				CLANG_WARN_OBJC_LITERAL_CONVERSION = YES;
				CLANG_WARN_OBJC_ROOT_CLASS = YES_ERROR;
				CLANG_WARN_RANGE_LOOP_ANALYSIS = YES;
				CLANG_WARN_STRICT_PROTOTYPES = YES;
				CLANG_WARN_SUSPICIOUS_MOVE = YES;
				CLANG_WARN_UNGUARDED_AVAILABILITY = YES_AGGRESSIVE;
				CLANG_WARN_UNREACHABLE_CODE = YES;
				CLANG_WARN__DUPLICATE_METHOD_MATCH = YES;
				COPY_PHASE_STRIP = NO;
				DEBUG_INFORMATION_FORMAT = dwarf;
				ENABLE_STRICT_OBJC_MSGSEND = YES;
				ENABLE_TESTABILITY = YES;
				GCC_C_LANGUAGE_STANDARD = gnu11;
				GCC_DYNAMIC_NO_PIC = NO;
				GCC_NO_COMMON_BLOCKS = YES;
				GCC_OPTIMIZATION_LEVEL = 0;
				GCC_PREPROCESSOR_DEFINITIONS = (
					"DEBUG=1",
					"$(inherited)",
				);
				GCC_WARN_64_TO_32_BIT_CONVERSION = YES;
				GCC_WARN_ABOUT_RETURN_TYPE = YES_ERROR;
				GCC_WARN_UNDECLARED_SELECTOR = YES;
				GCC_WARN_UNINITIALIZED_AUTOS = YES_AGGRESSIVE;
				GCC_WARN_UNUSED_FUNCTION = YES;
				GCC_WARN_UNUSED_VARIABLE = YES;
				IPHONEOS_DEPLOYMENT_TARGET = 13.2;
				MTL_ENABLE_DEBUG_INFO = INCLUDE_SOURCE;
				MTL_FAST_MATH = YES;
				ONLY_ACTIVE_ARCH = YES;
				SDKROOT = iphoneos;
				SWIFT_ACTIVE_COMPILATION_CONDITIONS = DEBUG;
				SWIFT_OPTIMIZATION_LEVEL = "-Onone";
			};
			name = Debug;
		};
		A6189BDA23EA5CD8005DAC04 /* Release */ = {
			isa = XCBuildConfiguration;
			buildSettings = {
				ALWAYS_SEARCH_USER_PATHS = NO;
				CLANG_ANALYZER_NONNULL = YES;
				CLANG_ANALYZER_NUMBER_OBJECT_CONVERSION = YES_AGGRESSIVE;
				CLANG_CXX_LANGUAGE_STANDARD = "gnu++14";
				CLANG_CXX_LIBRARY = "libc++";
				CLANG_ENABLE_MODULES = YES;
				CLANG_ENABLE_OBJC_ARC = YES;
				CLANG_ENABLE_OBJC_WEAK = YES;
				CLANG_WARN_BLOCK_CAPTURE_AUTORELEASING = YES;
				CLANG_WARN_BOOL_CONVERSION = YES;
				CLANG_WARN_COMMA = YES;
				CLANG_WARN_CONSTANT_CONVERSION = YES;
				CLANG_WARN_DEPRECATED_OBJC_IMPLEMENTATIONS = YES;
				CLANG_WARN_DIRECT_OBJC_ISA_USAGE = YES_ERROR;
				CLANG_WARN_DOCUMENTATION_COMMENTS = YES;
				CLANG_WARN_EMPTY_BODY = YES;
				CLANG_WARN_ENUM_CONVERSION = YES;
				CLANG_WARN_INFINITE_RECURSION = YES;
				CLANG_WARN_INT_CONVERSION = YES;
				CLANG_WARN_NON_LITERAL_NULL_CONVERSION = YES;
				CLANG_WARN_OBJC_IMPLICIT_RETAIN_SELF = YES;
				CLANG_WARN_OBJC_LITERAL_CONVERSION = YES;
				CLANG_WARN_OBJC_ROOT_CLASS = YES_ERROR;
				CLANG_WARN_RANGE_LOOP_ANALYSIS = YES;
				CLANG_WARN_STRICT_PROTOTYPES = YES;
				CLANG_WARN_SUSPICIOUS_MOVE = YES;
				CLANG_WARN_UNGUARDED_AVAILABILITY = YES_AGGRESSIVE;
				CLANG_WARN_UNREACHABLE_CODE = YES;
				CLANG_WARN__DUPLICATE_METHOD_MATCH = YES;
				COPY_PHASE_STRIP = NO;
				DEBUG_INFORMATION_FORMAT = "dwarf-with-dsym";
				ENABLE_NS_ASSERTIONS = NO;
				ENABLE_STRICT_OBJC_MSGSEND = YES;
				GCC_C_LANGUAGE_STANDARD = gnu11;
				GCC_NO_COMMON_BLOCKS = YES;
				GCC_WARN_64_TO_32_BIT_CONVERSION = YES;
				GCC_WARN_ABOUT_RETURN_TYPE = YES_ERROR;
				GCC_WARN_UNDECLARED_SELECTOR = YES;
				GCC_WARN_UNINITIALIZED_AUTOS = YES_AGGRESSIVE;
				GCC_WARN_UNUSED_FUNCTION = YES;
				GCC_WARN_UNUSED_VARIABLE = YES;
				IPHONEOS_DEPLOYMENT_TARGET = 13.2;
				MTL_ENABLE_DEBUG_INFO = NO;
				MTL_FAST_MATH = YES;
				SDKROOT = iphoneos;
				SWIFT_COMPILATION_MODE = wholemodule;
				SWIFT_OPTIMIZATION_LEVEL = "-O";
				VALIDATE_PRODUCT = YES;
			};
			name = Release;
		};
		A6189BDC23EA5CD8005DAC04 /* Debug */ = {
			isa = XCBuildConfiguration;
			buildSettings = {
				ASSETCATALOG_COMPILER_APPICON_NAME = AppIcon;
				CODE_SIGN_STYLE = Automatic;
				INFOPLIST_FILE = LogoProject/Info.plist;
				LD_RUNPATH_SEARCH_PATHS = (
					"$(inherited)",
					"@executable_path/Frameworks",
				);
				PRODUCT_BUNDLE_IDENTIFIER = "Sal-Amer.LogoProject";
				PRODUCT_NAME = "$(TARGET_NAME)";
				SWIFT_VERSION = 5.0;
				TARGETED_DEVICE_FAMILY = "1,2";
			};
			name = Debug;
		};
		A6189BDD23EA5CD8005DAC04 /* Release */ = {
			isa = XCBuildConfiguration;
			buildSettings = {
				ASSETCATALOG_COMPILER_APPICON_NAME = AppIcon;
				CODE_SIGN_STYLE = Automatic;
				INFOPLIST_FILE = LogoProject/Info.plist;
				LD_RUNPATH_SEARCH_PATHS = (
					"$(inherited)",
					"@executable_path/Frameworks",
				);
				PRODUCT_BUNDLE_IDENTIFIER = "Sal-Amer.LogoProject";
				PRODUCT_NAME = "$(TARGET_NAME)";
				SWIFT_VERSION = 5.0;
				TARGETED_DEVICE_FAMILY = "1,2";
			};
			name = Release;
		};
/* End XCBuildConfiguration section */

/* Begin XCConfigurationList section */
		A6189BC223EA5CCE005DAC04 /* Build configuration list for PBXProject "LogoProject" */ = {
			isa = XCConfigurationList;
			buildConfigurations = (
				A6189BD923EA5CD8005DAC04 /* Debug */,
				A6189BDA23EA5CD8005DAC04 /* Release */,
			);
			defaultConfigurationIsVisible = 0;
			defaultConfigurationName = Release;
		};
		A6189BDB23EA5CD8005DAC04 /* Build configuration list for PBXNativeTarget "LogoProject" */ = {
			isa = XCConfigurationList;
			buildConfigurations = (
				A6189BDC23EA5CD8005DAC04 /* Debug */,
				A6189BDD23EA5CD8005DAC04 /* Release */,
			);
			defaultConfigurationIsVisible = 0;
			defaultConfigurationName = Release;
		};
/* End XCConfigurationList section */
	};
	rootObject = A6189BBF23EA5CCE005DAC04 /* Project object */;
}
