// !$*UTF8*$!
{
	archiveVersion = 1;
	classes = {
	};
	objectVersion = 50;
	objects = {

/* Begin PBXBuildFile section */
		63130FB823EA606900A25BC3 /* LambdaLabel.swift in Sources */ = {isa = PBXBuildFile; fileRef = 63130FB723EA606900A25BC3 /* LambdaLabel.swift */; };
		63D3C14D23E805A400A08BFF /* AppDelegate.swift in Sources */ = {isa = PBXBuildFile; fileRef = 63D3C14C23E805A400A08BFF /* AppDelegate.swift */; };
		63D3C14F23E805A400A08BFF /* SceneDelegate.swift in Sources */ = {isa = PBXBuildFile; fileRef = 63D3C14E23E805A400A08BFF /* SceneDelegate.swift */; };
		63D3C15423E805A400A08BFF /* Main.storyboard in Resources */ = {isa = PBXBuildFile; fileRef = 63D3C15223E805A400A08BFF /* Main.storyboard */; };
		63D3C15623E805A500A08BFF /* Assets.xcassets in Resources */ = {isa = PBXBuildFile; fileRef = 63D3C15523E805A500A08BFF /* Assets.xcassets */; };
		63D3C15923E805A500A08BFF /* LaunchScreen.storyboard in Resources */ = {isa = PBXBuildFile; fileRef = 63D3C15723E805A500A08BFF /* LaunchScreen.storyboard */; };
		63D3C16123E8061500A08BFF /* LogoViewController.swift in Sources */ = {isa = PBXBuildFile; fileRef = 63D3C16023E8061500A08BFF /* LogoViewController.swift */; };
		63D3C16323E8064300A08BFF /* LogoView.swift in Sources */ = {isa = PBXBuildFile; fileRef = 63D3C16223E8064300A08BFF /* LogoView.swift */; };
/* End PBXBuildFile section */

/* Begin PBXFileReference section */
		63130FB723EA606900A25BC3 /* LambdaLabel.swift */ = {isa = PBXFileReference; lastKnownFileType = sourcecode.swift; path = LambdaLabel.swift; sourceTree = "<group>"; };
		63D3C14923E805A400A08BFF /* Logo.app */ = {isa = PBXFileReference; explicitFileType = wrapper.application; includeInIndex = 0; path = Logo.app; sourceTree = BUILT_PRODUCTS_DIR; };
		63D3C14C23E805A400A08BFF /* AppDelegate.swift */ = {isa = PBXFileReference; lastKnownFileType = sourcecode.swift; path = AppDelegate.swift; sourceTree = "<group>"; };
		63D3C14E23E805A400A08BFF /* SceneDelegate.swift */ = {isa = PBXFileReference; lastKnownFileType = sourcecode.swift; path = SceneDelegate.swift; sourceTree = "<group>"; };
		63D3C15323E805A400A08BFF /* Base */ = {isa = PBXFileReference; lastKnownFileType = file.storyboard; name = Base; path = Base.lproj/Main.storyboard; sourceTree = "<group>"; };
		63D3C15523E805A500A08BFF /* Assets.xcassets */ = {isa = PBXFileReference; lastKnownFileType = folder.assetcatalog; path = Assets.xcassets; sourceTree = "<group>"; };
		63D3C15823E805A500A08BFF /* Base */ = {isa = PBXFileReference; lastKnownFileType = file.storyboard; name = Base; path = Base.lproj/LaunchScreen.storyboard; sourceTree = "<group>"; };
		63D3C15A23E805A500A08BFF /* Info.plist */ = {isa = PBXFileReference; lastKnownFileType = text.plist.xml; path = Info.plist; sourceTree = "<group>"; };
		63D3C16023E8061500A08BFF /* LogoViewController.swift */ = {isa = PBXFileReference; lastKnownFileType = sourcecode.swift; path = LogoViewController.swift; sourceTree = "<group>"; };
		63D3C16223E8064300A08BFF /* LogoView.swift */ = {isa = PBXFileReference; lastKnownFileType = sourcecode.swift; path = LogoView.swift; sourceTree = "<group>"; };
/* End PBXFileReference section */

/* Begin PBXFrameworksBuildPhase section */
		63D3C14623E805A400A08BFF /* Frameworks */ = {
			isa = PBXFrameworksBuildPhase;
			buildActionMask = 2147483647;
			files = (
			);
			runOnlyForDeploymentPostprocessing = 0;
		};
/* End PBXFrameworksBuildPhase section */

/* Begin PBXGroup section */
		63D3C14023E805A400A08BFF = {
			isa = PBXGroup;
			children = (
				63D3C14B23E805A400A08BFF /* Logo */,
				63D3C14A23E805A400A08BFF /* Products */,
			);
			sourceTree = "<group>";
		};
		63D3C14A23E805A400A08BFF /* Products */ = {
			isa = PBXGroup;
			children = (
				63D3C14923E805A400A08BFF /* Logo.app */,
			);
			name = Products;
			sourceTree = "<group>";
		};
		63D3C14B23E805A400A08BFF /* Logo */ = {
			isa = PBXGroup;
			children = (
				63D3C14C23E805A400A08BFF /* AppDelegate.swift */,
				63D3C14E23E805A400A08BFF /* SceneDelegate.swift */,
				63D3C16023E8061500A08BFF /* LogoViewController.swift */,
				63D3C16223E8064300A08BFF /* LogoView.swift */,
				63130FB723EA606900A25BC3 /* LambdaLabel.swift */,
				63D3C15223E805A400A08BFF /* Main.storyboard */,
				63D3C15523E805A500A08BFF /* Assets.xcassets */,
				63D3C15723E805A500A08BFF /* LaunchScreen.storyboard */,
				63D3C15A23E805A500A08BFF /* Info.plist */,
			);
			path = Logo;
			sourceTree = "<group>";
		};
/* End PBXGroup section */

/* Begin PBXNativeTarget section */
		63D3C14823E805A400A08BFF /* Logo */ = {
			isa = PBXNativeTarget;
			buildConfigurationList = 63D3C15D23E805A500A08BFF /* Build configuration list for PBXNativeTarget "Logo" */;
			buildPhases = (
				63D3C14523E805A400A08BFF /* Sources */,
				63D3C14623E805A400A08BFF /* Frameworks */,
				63D3C14723E805A400A08BFF /* Resources */,
			);
			buildRules = (
			);
			dependencies = (
			);
			name = Logo;
			productName = Logo;
			productReference = 63D3C14923E805A400A08BFF /* Logo.app */;
			productType = "com.apple.product-type.application";
		};
/* End PBXNativeTarget section */

/* Begin PBXProject section */
		63D3C14123E805A400A08BFF /* Project object */ = {
			isa = PBXProject;
			attributes = {
				LastSwiftUpdateCheck = 1130;
				LastUpgradeCheck = 1130;
				ORGANIZATIONNAME = "David Wright";
				TargetAttributes = {
					63D3C14823E805A400A08BFF = {
						CreatedOnToolsVersion = 11.3.1;
					};
				};
			};
			buildConfigurationList = 63D3C14423E805A400A08BFF /* Build configuration list for PBXProject "Logo" */;
			compatibilityVersion = "Xcode 9.3";
			developmentRegion = en;
			hasScannedForEncodings = 0;
			knownRegions = (
				en,
				Base,
			);
			mainGroup = 63D3C14023E805A400A08BFF;
			productRefGroup = 63D3C14A23E805A400A08BFF /* Products */;
			projectDirPath = "";
			projectRoot = "";
			targets = (
				63D3C14823E805A400A08BFF /* Logo */,
			);
		};
/* End PBXProject section */

/* Begin PBXResourcesBuildPhase section */
		63D3C14723E805A400A08BFF /* Resources */ = {
			isa = PBXResourcesBuildPhase;
			buildActionMask = 2147483647;
			files = (
				63D3C15923E805A500A08BFF /* LaunchScreen.storyboard in Resources */,
				63D3C15623E805A500A08BFF /* Assets.xcassets in Resources */,
				63D3C15423E805A400A08BFF /* Main.storyboard in Resources */,
			);
			runOnlyForDeploymentPostprocessing = 0;
		};
/* End PBXResourcesBuildPhase section */

/* Begin PBXSourcesBuildPhase section */
		63D3C14523E805A400A08BFF /* Sources */ = {
			isa = PBXSourcesBuildPhase;
			buildActionMask = 2147483647;
			files = (
				63D3C14D23E805A400A08BFF /* AppDelegate.swift in Sources */,
				63D3C16323E8064300A08BFF /* LogoView.swift in Sources */,
				63D3C14F23E805A400A08BFF /* SceneDelegate.swift in Sources */,
				63130FB823EA606900A25BC3 /* LambdaLabel.swift in Sources */,
				63D3C16123E8061500A08BFF /* LogoViewController.swift in Sources */,
			);
			runOnlyForDeploymentPostprocessing = 0;
		};
/* End PBXSourcesBuildPhase section */

/* Begin PBXVariantGroup section */
		63D3C15223E805A400A08BFF /* Main.storyboard */ = {
			isa = PBXVariantGroup;
			children = (
				63D3C15323E805A400A08BFF /* Base */,
			);
			name = Main.storyboard;
			sourceTree = "<group>";
		};
		63D3C15723E805A500A08BFF /* LaunchScreen.storyboard */ = {
			isa = PBXVariantGroup;
			children = (
				63D3C15823E805A500A08BFF /* Base */,
			);
			name = LaunchScreen.storyboard;
			sourceTree = "<group>";
		};
/* End PBXVariantGroup section */

/* Begin XCBuildConfiguration section */
		63D3C15B23E805A500A08BFF /* Debug */ = {
			isa = XCBuildConfiguration;
			buildSettings = {
				ALWAYS_SEARCH_USER_PATHS = NO;
				CLANG_ANALYZER_NONNULL = YES;
				CLANG_ANALYZER_NUMBER_OBJECT_CONVERSION = YES_AGGRESSIVE;
				CLANG_CXX_LANGUAGE_STANDARD = "gnu++14";
				CLANG_CXX_LIBRARY = "libc++";
				CLANG_ENABLE_MODULES = YES;
				CLANG_ENABLE_OBJC_ARC = YES;
				CLANG_ENABLE_OBJC_WEAK = YES;
				CLANG_WARN_BLOCK_CAPTURE_AUTORELEASING = YES;
				CLANG_WARN_BOOL_CONVERSION = YES;
				CLANG_WARN_COMMA = YES;
				CLANG_WARN_CONSTANT_CONVERSION = YES;
				CLANG_WARN_DEPRECATED_OBJC_IMPLEMENTATIONS = YES;
				CLANG_WARN_DIRECT_OBJC_ISA_USAGE = YES_ERROR;
				CLANG_WARN_DOCUMENTATION_COMMENTS = YES;
				CLANG_WARN_EMPTY_BODY = YES;
				CLANG_WARN_ENUM_CONVERSION = YES;
				CLANG_WARN_INFINITE_RECURSION = YES;
				CLANG_WARN_INT_CONVERSION = YES;
				CLANG_WARN_NON_LITERAL_NULL_CONVERSION = YES;
				CLANG_WARN_OBJC_IMPLICIT_RETAIN_SELF = YES;
				CLANG_WARN_OBJC_LITERAL_CONVERSION = YES;
				CLANG_WARN_OBJC_ROOT_CLASS = YES_ERROR;
				CLANG_WARN_RANGE_LOOP_ANALYSIS = YES;
				CLANG_WARN_STRICT_PROTOTYPES = YES;
				CLANG_WARN_SUSPICIOUS_MOVE = YES;
				CLANG_WARN_UNGUARDED_AVAILABILITY = YES_AGGRESSIVE;
				CLANG_WARN_UNREACHABLE_CODE = YES;
				CLANG_WARN__DUPLICATE_METHOD_MATCH = YES;
				COPY_PHASE_STRIP = NO;
				DEBUG_INFORMATION_FORMAT = dwarf;
				ENABLE_STRICT_OBJC_MSGSEND = YES;
				ENABLE_TESTABILITY = YES;
				GCC_C_LANGUAGE_STANDARD = gnu11;
				GCC_DYNAMIC_NO_PIC = NO;
				GCC_NO_COMMON_BLOCKS = YES;
				GCC_OPTIMIZATION_LEVEL = 0;
				GCC_PREPROCESSOR_DEFINITIONS = (
					"DEBUG=1",
					"$(inherited)",
				);
				GCC_WARN_64_TO_32_BIT_CONVERSION = YES;
				GCC_WARN_ABOUT_RETURN_TYPE = YES_ERROR;
				GCC_WARN_UNDECLARED_SELECTOR = YES;
				GCC_WARN_UNINITIALIZED_AUTOS = YES_AGGRESSIVE;
				GCC_WARN_UNUSED_FUNCTION = YES;
				GCC_WARN_UNUSED_VARIABLE = YES;
				IPHONEOS_DEPLOYMENT_TARGET = 13.2;
				MTL_ENABLE_DEBUG_INFO = INCLUDE_SOURCE;
				MTL_FAST_MATH = YES;
				ONLY_ACTIVE_ARCH = YES;
				SDKROOT = iphoneos;
				SWIFT_ACTIVE_COMPILATION_CONDITIONS = DEBUG;
				SWIFT_OPTIMIZATION_LEVEL = "-Onone";
			};
			name = Debug;
		};
		63D3C15C23E805A500A08BFF /* Release */ = {
			isa = XCBuildConfiguration;
			buildSettings = {
				ALWAYS_SEARCH_USER_PATHS = NO;
				CLANG_ANALYZER_NONNULL = YES;
				CLANG_ANALYZER_NUMBER_OBJECT_CONVERSION = YES_AGGRESSIVE;
				CLANG_CXX_LANGUAGE_STANDARD = "gnu++14";
				CLANG_CXX_LIBRARY = "libc++";
				CLANG_ENABLE_MODULES = YES;
				CLANG_ENABLE_OBJC_ARC = YES;
				CLANG_ENABLE_OBJC_WEAK = YES;
				CLANG_WARN_BLOCK_CAPTURE_AUTORELEASING = YES;
				CLANG_WARN_BOOL_CONVERSION = YES;
				CLANG_WARN_COMMA = YES;
				CLANG_WARN_CONSTANT_CONVERSION = YES;
				CLANG_WARN_DEPRECATED_OBJC_IMPLEMENTATIONS = YES;
				CLANG_WARN_DIRECT_OBJC_ISA_USAGE = YES_ERROR;
				CLANG_WARN_DOCUMENTATION_COMMENTS = YES;
				CLANG_WARN_EMPTY_BODY = YES;
				CLANG_WARN_ENUM_CONVERSION = YES;
				CLANG_WARN_INFINITE_RECURSION = YES;
				CLANG_WARN_INT_CONVERSION = YES;
				CLANG_WARN_NON_LITERAL_NULL_CONVERSION = YES;
				CLANG_WARN_OBJC_IMPLICIT_RETAIN_SELF = YES;
				CLANG_WARN_OBJC_LITERAL_CONVERSION = YES;
				CLANG_WARN_OBJC_ROOT_CLASS = YES_ERROR;
				CLANG_WARN_RANGE_LOOP_ANALYSIS = YES;
				CLANG_WARN_STRICT_PROTOTYPES = YES;
				CLANG_WARN_SUSPICIOUS_MOVE = YES;
				CLANG_WARN_UNGUARDED_AVAILABILITY = YES_AGGRESSIVE;
				CLANG_WARN_UNREACHABLE_CODE = YES;
				CLANG_WARN__DUPLICATE_METHOD_MATCH = YES;
				COPY_PHASE_STRIP = NO;
				DEBUG_INFORMATION_FORMAT = "dwarf-with-dsym";
				ENABLE_NS_ASSERTIONS = NO;
				ENABLE_STRICT_OBJC_MSGSEND = YES;
				GCC_C_LANGUAGE_STANDARD = gnu11;
				GCC_NO_COMMON_BLOCKS = YES;
				GCC_WARN_64_TO_32_BIT_CONVERSION = YES;
				GCC_WARN_ABOUT_RETURN_TYPE = YES_ERROR;
				GCC_WARN_UNDECLARED_SELECTOR = YES;
				GCC_WARN_UNINITIALIZED_AUTOS = YES_AGGRESSIVE;
				GCC_WARN_UNUSED_FUNCTION = YES;
				GCC_WARN_UNUSED_VARIABLE = YES;
				IPHONEOS_DEPLOYMENT_TARGET = 13.2;
				MTL_ENABLE_DEBUG_INFO = NO;
				MTL_FAST_MATH = YES;
				SDKROOT = iphoneos;
				SWIFT_COMPILATION_MODE = wholemodule;
				SWIFT_OPTIMIZATION_LEVEL = "-O";
				VALIDATE_PRODUCT = YES;
			};
			name = Release;
		};
		63D3C15E23E805A500A08BFF /* Debug */ = {
			isa = XCBuildConfiguration;
			buildSettings = {
				ASSETCATALOG_COMPILER_APPICON_NAME = AppIcon;
				CODE_SIGN_STYLE = Automatic;
				DEVELOPMENT_TEAM = 3BQB6FYF6S;
				INFOPLIST_FILE = Logo/Info.plist;
				LD_RUNPATH_SEARCH_PATHS = (
					"$(inherited)",
					"@executable_path/Frameworks",
				);
				PRODUCT_BUNDLE_IDENTIFIER = com.lambda.davidwright.Logo;
				PRODUCT_NAME = "$(TARGET_NAME)";
				SWIFT_VERSION = 5.0;
				TARGETED_DEVICE_FAMILY = "1,2";
			};
			name = Debug;
		};
		63D3C15F23E805A500A08BFF /* Release */ = {
			isa = XCBuildConfiguration;
			buildSettings = {
				ASSETCATALOG_COMPILER_APPICON_NAME = AppIcon;
				CODE_SIGN_STYLE = Automatic;
				DEVELOPMENT_TEAM = 3BQB6FYF6S;
				INFOPLIST_FILE = Logo/Info.plist;
				LD_RUNPATH_SEARCH_PATHS = (
					"$(inherited)",
					"@executable_path/Frameworks",
				);
				PRODUCT_BUNDLE_IDENTIFIER = com.lambda.davidwright.Logo;
				PRODUCT_NAME = "$(TARGET_NAME)";
				SWIFT_VERSION = 5.0;
				TARGETED_DEVICE_FAMILY = "1,2";
			};
			name = Release;
		};
/* End XCBuildConfiguration section */

/* Begin XCConfigurationList section */
		63D3C14423E805A400A08BFF /* Build configuration list for PBXProject "Logo" */ = {
			isa = XCConfigurationList;
			buildConfigurations = (
				63D3C15B23E805A500A08BFF /* Debug */,
				63D3C15C23E805A500A08BFF /* Release */,
			);
			defaultConfigurationIsVisible = 0;
			defaultConfigurationName = Release;
		};
		63D3C15D23E805A500A08BFF /* Build configuration list for PBXNativeTarget "Logo" */ = {
			isa = XCConfigurationList;
			buildConfigurations = (
				63D3C15E23E805A500A08BFF /* Debug */,
				63D3C15F23E805A500A08BFF /* Release */,
			);
			defaultConfigurationIsVisible = 0;
			defaultConfigurationName = Release;
		};
/* End XCConfigurationList section */
	};
	rootObject = 63D3C14123E805A400A08BFF /* Project object */;
}
