// !$*UTF8*$!
{
	archiveVersion = 1;
	classes = {
	};
	objectVersion = 50;
	objects = {

/* Begin PBXBuildFile section */
		AE3DFE3B2422A45A00C1E83D /* AppDelegate.swift in Sources */ = {isa = PBXBuildFile; fileRef = AE3DFE3A2422A45A00C1E83D /* AppDelegate.swift */; };
		AE3DFE3D2422A45A00C1E83D /* SceneDelegate.swift in Sources */ = {isa = PBXBuildFile; fileRef = AE3DFE3C2422A45A00C1E83D /* SceneDelegate.swift */; };
		AE3DFE3F2422A45A00C1E83D /* ViewController.swift in Sources */ = {isa = PBXBuildFile; fileRef = AE3DFE3E2422A45A00C1E83D /* ViewController.swift */; };
		AE3DFE422422A45A00C1E83D /* Main.storyboard in Resources */ = {isa = PBXBuildFile; fileRef = AE3DFE402422A45A00C1E83D /* Main.storyboard */; };
		AE3DFE452422A45A00C1E83D /* LOGO.xcdatamodeld in Sources */ = {isa = PBXBuildFile; fileRef = AE3DFE432422A45A00C1E83D /* LOGO.xcdatamodeld */; };
		AE3DFE472422A45B00C1E83D /* Assets.xcassets in Resources */ = {isa = PBXBuildFile; fileRef = AE3DFE462422A45B00C1E83D /* Assets.xcassets */; };
		AE3DFE4A2422A45B00C1E83D /* LaunchScreen.storyboard in Resources */ = {isa = PBXBuildFile; fileRef = AE3DFE482422A45B00C1E83D /* LaunchScreen.storyboard */; };
		AE3DFE522422A69800C1E83D /* LogoView.swift in Sources */ = {isa = PBXBuildFile; fileRef = AE3DFE512422A69800C1E83D /* LogoView.swift */; };
/* End PBXBuildFile section */

/* Begin PBXFileReference section */
		AE3DFE372422A45A00C1E83D /* LOGO.app */ = {isa = PBXFileReference; explicitFileType = wrapper.application; includeInIndex = 0; path = LOGO.app; sourceTree = BUILT_PRODUCTS_DIR; };
		AE3DFE3A2422A45A00C1E83D /* AppDelegate.swift */ = {isa = PBXFileReference; lastKnownFileType = sourcecode.swift; path = AppDelegate.swift; sourceTree = "<group>"; };
		AE3DFE3C2422A45A00C1E83D /* SceneDelegate.swift */ = {isa = PBXFileReference; lastKnownFileType = sourcecode.swift; path = SceneDelegate.swift; sourceTree = "<group>"; };
		AE3DFE3E2422A45A00C1E83D /* ViewController.swift */ = {isa = PBXFileReference; lastKnownFileType = sourcecode.swift; path = ViewController.swift; sourceTree = "<group>"; };
		AE3DFE412422A45A00C1E83D /* Base */ = {isa = PBXFileReference; lastKnownFileType = file.storyboard; name = Base; path = Base.lproj/Main.storyboard; sourceTree = "<group>"; };
		AE3DFE442422A45A00C1E83D /* LOGO.xcdatamodel */ = {isa = PBXFileReference; lastKnownFileType = wrapper.xcdatamodel; path = LOGO.xcdatamodel; sourceTree = "<group>"; };
		AE3DFE462422A45B00C1E83D /* Assets.xcassets */ = {isa = PBXFileReference; lastKnownFileType = folder.assetcatalog; path = Assets.xcassets; sourceTree = "<group>"; };
		AE3DFE492422A45B00C1E83D /* Base */ = {isa = PBXFileReference; lastKnownFileType = file.storyboard; name = Base; path = Base.lproj/LaunchScreen.storyboard; sourceTree = "<group>"; };
		AE3DFE4B2422A45B00C1E83D /* Info.plist */ = {isa = PBXFileReference; lastKnownFileType = text.plist.xml; path = Info.plist; sourceTree = "<group>"; };
		AE3DFE512422A69800C1E83D /* LogoView.swift */ = {isa = PBXFileReference; lastKnownFileType = sourcecode.swift; path = LogoView.swift; sourceTree = "<group>"; };
/* End PBXFileReference section */

/* Begin PBXFrameworksBuildPhase section */
		AE3DFE342422A45A00C1E83D /* Frameworks */ = {
			isa = PBXFrameworksBuildPhase;
			buildActionMask = 2147483647;
			files = (
			);
			runOnlyForDeploymentPostprocessing = 0;
		};
/* End PBXFrameworksBuildPhase section */

/* Begin PBXGroup section */
		AE3DFE2E2422A45A00C1E83D = {
			isa = PBXGroup;
			children = (
				AE3DFE392422A45A00C1E83D /* LOGO */,
				AE3DFE382422A45A00C1E83D /* Products */,
			);
			sourceTree = "<group>";
		};
		AE3DFE382422A45A00C1E83D /* Products */ = {
			isa = PBXGroup;
			children = (
				AE3DFE372422A45A00C1E83D /* LOGO.app */,
			);
			name = Products;
			sourceTree = "<group>";
		};
		AE3DFE392422A45A00C1E83D /* LOGO */ = {
			isa = PBXGroup;
			children = (
				AE3DFE3A2422A45A00C1E83D /* AppDelegate.swift */,
				AE3DFE3C2422A45A00C1E83D /* SceneDelegate.swift */,
				AE3DFE3E2422A45A00C1E83D /* ViewController.swift */,
				AE3DFE402422A45A00C1E83D /* Main.storyboard */,
				AE3DFE512422A69800C1E83D /* LogoView.swift */,
				AE3DFE462422A45B00C1E83D /* Assets.xcassets */,
				AE3DFE482422A45B00C1E83D /* LaunchScreen.storyboard */,
				AE3DFE4B2422A45B00C1E83D /* Info.plist */,
				AE3DFE432422A45A00C1E83D /* LOGO.xcdatamodeld */,
			);
			path = LOGO;
			sourceTree = "<group>";
		};
/* End PBXGroup section */

/* Begin PBXNativeTarget section */
		AE3DFE362422A45A00C1E83D /* LOGO */ = {
			isa = PBXNativeTarget;
			buildConfigurationList = AE3DFE4E2422A45B00C1E83D /* Build configuration list for PBXNativeTarget "LOGO" */;
			buildPhases = (
				AE3DFE332422A45A00C1E83D /* Sources */,
				AE3DFE342422A45A00C1E83D /* Frameworks */,
				AE3DFE352422A45A00C1E83D /* Resources */,
			);
			buildRules = (
			);
			dependencies = (
			);
			name = LOGO;
			productName = LOGO;
			productReference = AE3DFE372422A45A00C1E83D /* LOGO.app */;
			productType = "com.apple.product-type.application";
		};
/* End PBXNativeTarget section */

/* Begin PBXProject section */
		AE3DFE2F2422A45A00C1E83D /* Project object */ = {
			isa = PBXProject;
			attributes = {
				LastSwiftUpdateCheck = 1130;
				LastUpgradeCheck = 1130;
				ORGANIZATIONNAME = "Lydia Zhang";
				TargetAttributes = {
					AE3DFE362422A45A00C1E83D = {
						CreatedOnToolsVersion = 11.3.1;
					};
				};
			};
			buildConfigurationList = AE3DFE322422A45A00C1E83D /* Build configuration list for PBXProject "LOGO" */;
			compatibilityVersion = "Xcode 9.3";
			developmentRegion = en;
			hasScannedForEncodings = 0;
			knownRegions = (
				en,
				Base,
			);
			mainGroup = AE3DFE2E2422A45A00C1E83D;
			productRefGroup = AE3DFE382422A45A00C1E83D /* Products */;
			projectDirPath = "";
			projectRoot = "";
			targets = (
				AE3DFE362422A45A00C1E83D /* LOGO */,
			);
		};
/* End PBXProject section */

/* Begin PBXResourcesBuildPhase section */
		AE3DFE352422A45A00C1E83D /* Resources */ = {
			isa = PBXResourcesBuildPhase;
			buildActionMask = 2147483647;
			files = (
				AE3DFE4A2422A45B00C1E83D /* LaunchScreen.storyboard in Resources */,
				AE3DFE472422A45B00C1E83D /* Assets.xcassets in Resources */,
				AE3DFE422422A45A00C1E83D /* Main.storyboard in Resources */,
			);
			runOnlyForDeploymentPostprocessing = 0;
		};
/* End PBXResourcesBuildPhase section */

/* Begin PBXSourcesBuildPhase section */
		AE3DFE332422A45A00C1E83D /* Sources */ = {
			isa = PBXSourcesBuildPhase;
			buildActionMask = 2147483647;
			files = (
				AE3DFE522422A69800C1E83D /* LogoView.swift in Sources */,
				AE3DFE3F2422A45A00C1E83D /* ViewController.swift in Sources */,
				AE3DFE3B2422A45A00C1E83D /* AppDelegate.swift in Sources */,
				AE3DFE452422A45A00C1E83D /* LOGO.xcdatamodeld in Sources */,
				AE3DFE3D2422A45A00C1E83D /* SceneDelegate.swift in Sources */,
			);
			runOnlyForDeploymentPostprocessing = 0;
		};
/* End PBXSourcesBuildPhase section */

/* Begin PBXVariantGroup section */
		AE3DFE402422A45A00C1E83D /* Main.storyboard */ = {
			isa = PBXVariantGroup;
			children = (
				AE3DFE412422A45A00C1E83D /* Base */,
			);
			name = Main.storyboard;
			sourceTree = "<group>";
		};
		AE3DFE482422A45B00C1E83D /* LaunchScreen.storyboard */ = {
			isa = PBXVariantGroup;
			children = (
				AE3DFE492422A45B00C1E83D /* Base */,
			);
			name = LaunchScreen.storyboard;
			sourceTree = "<group>";
		};
/* End PBXVariantGroup section */

/* Begin XCBuildConfiguration section */
		AE3DFE4C2422A45B00C1E83D /* Debug */ = {
			isa = XCBuildConfiguration;
			buildSettings = {
				ALWAYS_SEARCH_USER_PATHS = NO;
				CLANG_ANALYZER_NONNULL = YES;
				CLANG_ANALYZER_NUMBER_OBJECT_CONVERSION = YES_AGGRESSIVE;
				CLANG_CXX_LANGUAGE_STANDARD = "gnu++14";
				CLANG_CXX_LIBRARY = "libc++";
				CLANG_ENABLE_MODULES = YES;
				CLANG_ENABLE_OBJC_ARC = YES;
				CLANG_ENABLE_OBJC_WEAK = YES;
				CLANG_WARN_BLOCK_CAPTURE_AUTORELEASING = YES;
				CLANG_WARN_BOOL_CONVERSION = YES;
				CLANG_WARN_COMMA = YES;
				CLANG_WARN_CONSTANT_CONVERSION = YES;
				CLANG_WARN_DEPRECATED_OBJC_IMPLEMENTATIONS = YES;
				CLANG_WARN_DIRECT_OBJC_ISA_USAGE = YES_ERROR;
				CLANG_WARN_DOCUMENTATION_COMMENTS = YES;
				CLANG_WARN_EMPTY_BODY = YES;
				CLANG_WARN_ENUM_CONVERSION = YES;
				CLANG_WARN_INFINITE_RECURSION = YES;
				CLANG_WARN_INT_CONVERSION = YES;
				CLANG_WARN_NON_LITERAL_NULL_CONVERSION = YES;
				CLANG_WARN_OBJC_IMPLICIT_RETAIN_SELF = YES;
				CLANG_WARN_OBJC_LITERAL_CONVERSION = YES;
				CLANG_WARN_OBJC_ROOT_CLASS = YES_ERROR;
				CLANG_WARN_RANGE_LOOP_ANALYSIS = YES;
				CLANG_WARN_STRICT_PROTOTYPES = YES;
				CLANG_WARN_SUSPICIOUS_MOVE = YES;
				CLANG_WARN_UNGUARDED_AVAILABILITY = YES_AGGRESSIVE;
				CLANG_WARN_UNREACHABLE_CODE = YES;
				CLANG_WARN__DUPLICATE_METHOD_MATCH = YES;
				COPY_PHASE_STRIP = NO;
				DEBUG_INFORMATION_FORMAT = dwarf;
				ENABLE_STRICT_OBJC_MSGSEND = YES;
				ENABLE_TESTABILITY = YES;
				GCC_C_LANGUAGE_STANDARD = gnu11;
				GCC_DYNAMIC_NO_PIC = NO;
				GCC_NO_COMMON_BLOCKS = YES;
				GCC_OPTIMIZATION_LEVEL = 0;
				GCC_PREPROCESSOR_DEFINITIONS = (
					"DEBUG=1",
					"$(inherited)",
				);
				GCC_WARN_64_TO_32_BIT_CONVERSION = YES;
				GCC_WARN_ABOUT_RETURN_TYPE = YES_ERROR;
				GCC_WARN_UNDECLARED_SELECTOR = YES;
				GCC_WARN_UNINITIALIZED_AUTOS = YES_AGGRESSIVE;
				GCC_WARN_UNUSED_FUNCTION = YES;
				GCC_WARN_UNUSED_VARIABLE = YES;
				IPHONEOS_DEPLOYMENT_TARGET = 13.2;
				MTL_ENABLE_DEBUG_INFO = INCLUDE_SOURCE;
				MTL_FAST_MATH = YES;
				ONLY_ACTIVE_ARCH = YES;
				SDKROOT = iphoneos;
				SWIFT_ACTIVE_COMPILATION_CONDITIONS = DEBUG;
				SWIFT_OPTIMIZATION_LEVEL = "-Onone";
			};
			name = Debug;
		};
		AE3DFE4D2422A45B00C1E83D /* Release */ = {
			isa = XCBuildConfiguration;
			buildSettings = {
				ALWAYS_SEARCH_USER_PATHS = NO;
				CLANG_ANALYZER_NONNULL = YES;
				CLANG_ANALYZER_NUMBER_OBJECT_CONVERSION = YES_AGGRESSIVE;
				CLANG_CXX_LANGUAGE_STANDARD = "gnu++14";
				CLANG_CXX_LIBRARY = "libc++";
				CLANG_ENABLE_MODULES = YES;
				CLANG_ENABLE_OBJC_ARC = YES;
				CLANG_ENABLE_OBJC_WEAK = YES;
				CLANG_WARN_BLOCK_CAPTURE_AUTORELEASING = YES;
				CLANG_WARN_BOOL_CONVERSION = YES;
				CLANG_WARN_COMMA = YES;
				CLANG_WARN_CONSTANT_CONVERSION = YES;
				CLANG_WARN_DEPRECATED_OBJC_IMPLEMENTATIONS = YES;
				CLANG_WARN_DIRECT_OBJC_ISA_USAGE = YES_ERROR;
				CLANG_WARN_DOCUMENTATION_COMMENTS = YES;
				CLANG_WARN_EMPTY_BODY = YES;
				CLANG_WARN_ENUM_CONVERSION = YES;
				CLANG_WARN_INFINITE_RECURSION = YES;
				CLANG_WARN_INT_CONVERSION = YES;
				CLANG_WARN_NON_LITERAL_NULL_CONVERSION = YES;
				CLANG_WARN_OBJC_IMPLICIT_RETAIN_SELF = YES;
				CLANG_WARN_OBJC_LITERAL_CONVERSION = YES;
				CLANG_WARN_OBJC_ROOT_CLASS = YES_ERROR;
				CLANG_WARN_RANGE_LOOP_ANALYSIS = YES;
				CLANG_WARN_STRICT_PROTOTYPES = YES;
				CLANG_WARN_SUSPICIOUS_MOVE = YES;
				CLANG_WARN_UNGUARDED_AVAILABILITY = YES_AGGRESSIVE;
				CLANG_WARN_UNREACHABLE_CODE = YES;
				CLANG_WARN__DUPLICATE_METHOD_MATCH = YES;
				COPY_PHASE_STRIP = NO;
				DEBUG_INFORMATION_FORMAT = "dwarf-with-dsym";
				ENABLE_NS_ASSERTIONS = NO;
				ENABLE_STRICT_OBJC_MSGSEND = YES;
				GCC_C_LANGUAGE_STANDARD = gnu11;
				GCC_NO_COMMON_BLOCKS = YES;
				GCC_WARN_64_TO_32_BIT_CONVERSION = YES;
				GCC_WARN_ABOUT_RETURN_TYPE = YES_ERROR;
				GCC_WARN_UNDECLARED_SELECTOR = YES;
				GCC_WARN_UNINITIALIZED_AUTOS = YES_AGGRESSIVE;
				GCC_WARN_UNUSED_FUNCTION = YES;
				GCC_WARN_UNUSED_VARIABLE = YES;
				IPHONEOS_DEPLOYMENT_TARGET = 13.2;
				MTL_ENABLE_DEBUG_INFO = NO;
				MTL_FAST_MATH = YES;
				SDKROOT = iphoneos;
				SWIFT_COMPILATION_MODE = wholemodule;
				SWIFT_OPTIMIZATION_LEVEL = "-O";
				VALIDATE_PRODUCT = YES;
			};
			name = Release;
		};
		AE3DFE4F2422A45B00C1E83D /* Debug */ = {
			isa = XCBuildConfiguration;
			buildSettings = {
				ASSETCATALOG_COMPILER_APPICON_NAME = AppIcon;
				CODE_SIGN_STYLE = Automatic;
				INFOPLIST_FILE = LOGO/Info.plist;
				LD_RUNPATH_SEARCH_PATHS = (
					"$(inherited)",
					"@executable_path/Frameworks",
				);
				PRODUCT_BUNDLE_IDENTIFIER = com.lydia.LOGO;
				PRODUCT_NAME = "$(TARGET_NAME)";
				SWIFT_VERSION = 5.0;
				TARGETED_DEVICE_FAMILY = "1,2";
			};
			name = Debug;
		};
		AE3DFE502422A45B00C1E83D /* Release */ = {
			isa = XCBuildConfiguration;
			buildSettings = {
				ASSETCATALOG_COMPILER_APPICON_NAME = AppIcon;
				CODE_SIGN_STYLE = Automatic;
				INFOPLIST_FILE = LOGO/Info.plist;
				LD_RUNPATH_SEARCH_PATHS = (
					"$(inherited)",
					"@executable_path/Frameworks",
				);
				PRODUCT_BUNDLE_IDENTIFIER = com.lydia.LOGO;
				PRODUCT_NAME = "$(TARGET_NAME)";
				SWIFT_VERSION = 5.0;
				TARGETED_DEVICE_FAMILY = "1,2";
			};
			name = Release;
		};
/* End XCBuildConfiguration section */

/* Begin XCConfigurationList section */
		AE3DFE322422A45A00C1E83D /* Build configuration list for PBXProject "LOGO" */ = {
			isa = XCConfigurationList;
			buildConfigurations = (
				AE3DFE4C2422A45B00C1E83D /* Debug */,
				AE3DFE4D2422A45B00C1E83D /* Release */,
			);
			defaultConfigurationIsVisible = 0;
			defaultConfigurationName = Release;
		};
		AE3DFE4E2422A45B00C1E83D /* Build configuration list for PBXNativeTarget "LOGO" */ = {
			isa = XCConfigurationList;
			buildConfigurations = (
				AE3DFE4F2422A45B00C1E83D /* Debug */,
				AE3DFE502422A45B00C1E83D /* Release */,
			);
			defaultConfigurationIsVisible = 0;
			defaultConfigurationName = Release;
		};
/* End XCConfigurationList section */

/* Begin XCVersionGroup section */
		AE3DFE432422A45A00C1E83D /* LOGO.xcdatamodeld */ = {
			isa = XCVersionGroup;
			children = (
				AE3DFE442422A45A00C1E83D /* LOGO.xcdatamodel */,
			);
			currentVersion = AE3DFE442422A45A00C1E83D /* LOGO.xcdatamodel */;
			path = LOGO.xcdatamodeld;
			sourceTree = "<group>";
			versionGroupType = wrapper.xcdatamodel;
		};
/* End XCVersionGroup section */
	};
	rootObject = AE3DFE2F2422A45A00C1E83D /* Project object */;
}
