// !$*UTF8*$!
{
	archiveVersion = 1;
	classes = {
	};
	objectVersion = 50;
	objects = {

/* Begin PBXBuildFile section */
		5ADB6F89246C675900408651 /* AppDelegate.swift in Sources */ = {isa = PBXBuildFile; fileRef = 5ADB6F88246C675900408651 /* AppDelegate.swift */; };
		5ADB6F8B246C675900408651 /* SceneDelegate.swift in Sources */ = {isa = PBXBuildFile; fileRef = 5ADB6F8A246C675900408651 /* SceneDelegate.swift */; };
		5ADB6F8D246C675900408651 /* LogoViewController.swift in Sources */ = {isa = PBXBuildFile; fileRef = 5ADB6F8C246C675900408651 /* LogoViewController.swift */; };
		5ADB6F90246C675900408651 /* Main.storyboard in Resources */ = {isa = PBXBuildFile; fileRef = 5ADB6F8E246C675900408651 /* Main.storyboard */; };
		5ADB6F92246C675A00408651 /* Assets.xcassets in Resources */ = {isa = PBXBuildFile; fileRef = 5ADB6F91246C675A00408651 /* Assets.xcassets */; };
		5ADB6F95246C675A00408651 /* LaunchScreen.storyboard in Resources */ = {isa = PBXBuildFile; fileRef = 5ADB6F93246C675A00408651 /* LaunchScreen.storyboard */; };
		5ADB6F9D246C8CA600408651 /* LogoView.swift in Sources */ = {isa = PBXBuildFile; fileRef = 5ADB6F9C246C8CA600408651 /* LogoView.swift */; };
/* End PBXBuildFile section */

/* Begin PBXFileReference section */
		5ADB6F85246C675900408651 /* Logo-iOS17.app */ = {isa = PBXFileReference; explicitFileType = wrapper.application; includeInIndex = 0; path = "Logo-iOS17.app"; sourceTree = BUILT_PRODUCTS_DIR; };
		5ADB6F88246C675900408651 /* AppDelegate.swift */ = {isa = PBXFileReference; lastKnownFileType = sourcecode.swift; path = AppDelegate.swift; sourceTree = "<group>"; };
		5ADB6F8A246C675900408651 /* SceneDelegate.swift */ = {isa = PBXFileReference; lastKnownFileType = sourcecode.swift; path = SceneDelegate.swift; sourceTree = "<group>"; };
		5ADB6F8C246C675900408651 /* LogoViewController.swift */ = {isa = PBXFileReference; lastKnownFileType = sourcecode.swift; path = LogoViewController.swift; sourceTree = "<group>"; };
		5ADB6F8F246C675900408651 /* Base */ = {isa = PBXFileReference; lastKnownFileType = file.storyboard; name = Base; path = Base.lproj/Main.storyboard; sourceTree = "<group>"; };
		5ADB6F91246C675A00408651 /* Assets.xcassets */ = {isa = PBXFileReference; lastKnownFileType = folder.assetcatalog; path = Assets.xcassets; sourceTree = "<group>"; };
		5ADB6F94246C675A00408651 /* Base */ = {isa = PBXFileReference; lastKnownFileType = file.storyboard; name = Base; path = Base.lproj/LaunchScreen.storyboard; sourceTree = "<group>"; };
		5ADB6F96246C675A00408651 /* Info.plist */ = {isa = PBXFileReference; lastKnownFileType = text.plist.xml; path = Info.plist; sourceTree = "<group>"; };
		5ADB6F9C246C8CA600408651 /* LogoView.swift */ = {isa = PBXFileReference; lastKnownFileType = sourcecode.swift; path = LogoView.swift; sourceTree = "<group>"; };
/* End PBXFileReference section */

/* Begin PBXFrameworksBuildPhase section */
		5ADB6F82246C675900408651 /* Frameworks */ = {
			isa = PBXFrameworksBuildPhase;
			buildActionMask = 2147483647;
			files = (
			);
			runOnlyForDeploymentPostprocessing = 0;
		};
/* End PBXFrameworksBuildPhase section */

/* Begin PBXGroup section */
		5ADB6F7C246C675800408651 = {
			isa = PBXGroup;
			children = (
				5ADB6F87246C675900408651 /* Logo-iOS17 */,
				5ADB6F86246C675900408651 /* Products */,
			);
			sourceTree = "<group>";
		};
		5ADB6F86246C675900408651 /* Products */ = {
			isa = PBXGroup;
			children = (
				5ADB6F85246C675900408651 /* Logo-iOS17.app */,
			);
			name = Products;
			sourceTree = "<group>";
		};
		5ADB6F87246C675900408651 /* Logo-iOS17 */ = {
			isa = PBXGroup;
			children = (
				5ADB6F88246C675900408651 /* AppDelegate.swift */,
				5ADB6F8A246C675900408651 /* SceneDelegate.swift */,
				5ADB6F8C246C675900408651 /* LogoViewController.swift */,
				5ADB6F8E246C675900408651 /* Main.storyboard */,
				5ADB6F9C246C8CA600408651 /* LogoView.swift */,
				5ADB6F91246C675A00408651 /* Assets.xcassets */,
				5ADB6F93246C675A00408651 /* LaunchScreen.storyboard */,
				5ADB6F96246C675A00408651 /* Info.plist */,
			);
			path = "Logo-iOS17";
			sourceTree = "<group>";
		};
/* End PBXGroup section */

/* Begin PBXNativeTarget section */
		5ADB6F84246C675900408651 /* Logo-iOS17 */ = {
			isa = PBXNativeTarget;
			buildConfigurationList = 5ADB6F99246C675A00408651 /* Build configuration list for PBXNativeTarget "Logo-iOS17" */;
			buildPhases = (
				5ADB6F81246C675900408651 /* Sources */,
				5ADB6F82246C675900408651 /* Frameworks */,
				5ADB6F83246C675900408651 /* Resources */,
			);
			buildRules = (
			);
			dependencies = (
			);
			name = "Logo-iOS17";
			productName = "Logo-iOS17";
			productReference = 5ADB6F85246C675900408651 /* Logo-iOS17.app */;
			productType = "com.apple.product-type.application";
		};
/* End PBXNativeTarget section */

/* Begin PBXProject section */
		5ADB6F7D246C675800408651 /* Project object */ = {
			isa = PBXProject;
			attributes = {
				LastSwiftUpdateCheck = 1140;
				LastUpgradeCheck = 1140;
				ORGANIZATIONNAME = "Stephanie Ballard";
				TargetAttributes = {
					5ADB6F84246C675900408651 = {
						CreatedOnToolsVersion = 11.4.1;
					};
				};
			};
			buildConfigurationList = 5ADB6F80246C675800408651 /* Build configuration list for PBXProject "Logo-iOS17" */;
			compatibilityVersion = "Xcode 9.3";
			developmentRegion = en;
			hasScannedForEncodings = 0;
			knownRegions = (
				en,
				Base,
			);
			mainGroup = 5ADB6F7C246C675800408651;
			productRefGroup = 5ADB6F86246C675900408651 /* Products */;
			projectDirPath = "";
			projectRoot = "";
			targets = (
				5ADB6F84246C675900408651 /* Logo-iOS17 */,
			);
		};
/* End PBXProject section */

/* Begin PBXResourcesBuildPhase section */
		5ADB6F83246C675900408651 /* Resources */ = {
			isa = PBXResourcesBuildPhase;
			buildActionMask = 2147483647;
			files = (
				5ADB6F95246C675A00408651 /* LaunchScreen.storyboard in Resources */,
				5ADB6F92246C675A00408651 /* Assets.xcassets in Resources */,
				5ADB6F90246C675900408651 /* Main.storyboard in Resources */,
			);
			runOnlyForDeploymentPostprocessing = 0;
		};
/* End PBXResourcesBuildPhase section */

/* Begin PBXSourcesBuildPhase section */
		5ADB6F81246C675900408651 /* Sources */ = {
			isa = PBXSourcesBuildPhase;
			buildActionMask = 2147483647;
			files = (
				5ADB6F8D246C675900408651 /* LogoViewController.swift in Sources */,
				5ADB6F9D246C8CA600408651 /* LogoView.swift in Sources */,
				5ADB6F89246C675900408651 /* AppDelegate.swift in Sources */,
				5ADB6F8B246C675900408651 /* SceneDelegate.swift in Sources */,
			);
			runOnlyForDeploymentPostprocessing = 0;
		};
/* End PBXSourcesBuildPhase section */

/* Begin PBXVariantGroup section */
		5ADB6F8E246C675900408651 /* Main.storyboard */ = {
			isa = PBXVariantGroup;
			children = (
				5ADB6F8F246C675900408651 /* Base */,
			);
			name = Main.storyboard;
			sourceTree = "<group>";
		};
		5ADB6F93246C675A00408651 /* LaunchScreen.storyboard */ = {
			isa = PBXVariantGroup;
			children = (
				5ADB6F94246C675A00408651 /* Base */,
			);
			name = LaunchScreen.storyboard;
			sourceTree = "<group>";
		};
/* End PBXVariantGroup section */

/* Begin XCBuildConfiguration section */
		5ADB6F97246C675A00408651 /* Debug */ = {
			isa = XCBuildConfiguration;
			buildSettings = {
				ALWAYS_SEARCH_USER_PATHS = NO;
				CLANG_ANALYZER_NONNULL = YES;
				CLANG_ANALYZER_NUMBER_OBJECT_CONVERSION = YES_AGGRESSIVE;
				CLANG_CXX_LANGUAGE_STANDARD = "gnu++14";
				CLANG_CXX_LIBRARY = "libc++";
				CLANG_ENABLE_MODULES = YES;
				CLANG_ENABLE_OBJC_ARC = YES;
				CLANG_ENABLE_OBJC_WEAK = YES;
				CLANG_WARN_BLOCK_CAPTURE_AUTORELEASING = YES;
				CLANG_WARN_BOOL_CONVERSION = YES;
				CLANG_WARN_COMMA = YES;
				CLANG_WARN_CONSTANT_CONVERSION = YES;
				CLANG_WARN_DEPRECATED_OBJC_IMPLEMENTATIONS = YES;
				CLANG_WARN_DIRECT_OBJC_ISA_USAGE = YES_ERROR;
				CLANG_WARN_DOCUMENTATION_COMMENTS = YES;
				CLANG_WARN_EMPTY_BODY = YES;
				CLANG_WARN_ENUM_CONVERSION = YES;
				CLANG_WARN_INFINITE_RECURSION = YES;
				CLANG_WARN_INT_CONVERSION = YES;
				CLANG_WARN_NON_LITERAL_NULL_CONVERSION = YES;
				CLANG_WARN_OBJC_IMPLICIT_RETAIN_SELF = YES;
				CLANG_WARN_OBJC_LITERAL_CONVERSION = YES;
				CLANG_WARN_OBJC_ROOT_CLASS = YES_ERROR;
				CLANG_WARN_RANGE_LOOP_ANALYSIS = YES;
				CLANG_WARN_STRICT_PROTOTYPES = YES;
				CLANG_WARN_SUSPICIOUS_MOVE = YES;
				CLANG_WARN_UNGUARDED_AVAILABILITY = YES_AGGRESSIVE;
				CLANG_WARN_UNREACHABLE_CODE = YES;
				CLANG_WARN__DUPLICATE_METHOD_MATCH = YES;
				COPY_PHASE_STRIP = NO;
				DEBUG_INFORMATION_FORMAT = dwarf;
				ENABLE_STRICT_OBJC_MSGSEND = YES;
				ENABLE_TESTABILITY = YES;
				GCC_C_LANGUAGE_STANDARD = gnu11;
				GCC_DYNAMIC_NO_PIC = NO;
				GCC_NO_COMMON_BLOCKS = YES;
				GCC_OPTIMIZATION_LEVEL = 0;
				GCC_PREPROCESSOR_DEFINITIONS = (
					"DEBUG=1",
					"$(inherited)",
				);
				GCC_WARN_64_TO_32_BIT_CONVERSION = YES;
				GCC_WARN_ABOUT_RETURN_TYPE = YES_ERROR;
				GCC_WARN_UNDECLARED_SELECTOR = YES;
				GCC_WARN_UNINITIALIZED_AUTOS = YES_AGGRESSIVE;
				GCC_WARN_UNUSED_FUNCTION = YES;
				GCC_WARN_UNUSED_VARIABLE = YES;
				IPHONEOS_DEPLOYMENT_TARGET = 13.4;
				MTL_ENABLE_DEBUG_INFO = INCLUDE_SOURCE;
				MTL_FAST_MATH = YES;
				ONLY_ACTIVE_ARCH = YES;
				SDKROOT = iphoneos;
				SWIFT_ACTIVE_COMPILATION_CONDITIONS = DEBUG;
				SWIFT_OPTIMIZATION_LEVEL = "-Onone";
			};
			name = Debug;
		};
		5ADB6F98246C675A00408651 /* Release */ = {
			isa = XCBuildConfiguration;
			buildSettings = {
				ALWAYS_SEARCH_USER_PATHS = NO;
				CLANG_ANALYZER_NONNULL = YES;
				CLANG_ANALYZER_NUMBER_OBJECT_CONVERSION = YES_AGGRESSIVE;
				CLANG_CXX_LANGUAGE_STANDARD = "gnu++14";
				CLANG_CXX_LIBRARY = "libc++";
				CLANG_ENABLE_MODULES = YES;
				CLANG_ENABLE_OBJC_ARC = YES;
				CLANG_ENABLE_OBJC_WEAK = YES;
				CLANG_WARN_BLOCK_CAPTURE_AUTORELEASING = YES;
				CLANG_WARN_BOOL_CONVERSION = YES;
				CLANG_WARN_COMMA = YES;
				CLANG_WARN_CONSTANT_CONVERSION = YES;
				CLANG_WARN_DEPRECATED_OBJC_IMPLEMENTATIONS = YES;
				CLANG_WARN_DIRECT_OBJC_ISA_USAGE = YES_ERROR;
				CLANG_WARN_DOCUMENTATION_COMMENTS = YES;
				CLANG_WARN_EMPTY_BODY = YES;
				CLANG_WARN_ENUM_CONVERSION = YES;
				CLANG_WARN_INFINITE_RECURSION = YES;
				CLANG_WARN_INT_CONVERSION = YES;
				CLANG_WARN_NON_LITERAL_NULL_CONVERSION = YES;
				CLANG_WARN_OBJC_IMPLICIT_RETAIN_SELF = YES;
				CLANG_WARN_OBJC_LITERAL_CONVERSION = YES;
				CLANG_WARN_OBJC_ROOT_CLASS = YES_ERROR;
				CLANG_WARN_RANGE_LOOP_ANALYSIS = YES;
				CLANG_WARN_STRICT_PROTOTYPES = YES;
				CLANG_WARN_SUSPICIOUS_MOVE = YES;
				CLANG_WARN_UNGUARDED_AVAILABILITY = YES_AGGRESSIVE;
				CLANG_WARN_UNREACHABLE_CODE = YES;
				CLANG_WARN__DUPLICATE_METHOD_MATCH = YES;
				COPY_PHASE_STRIP = NO;
				DEBUG_INFORMATION_FORMAT = "dwarf-with-dsym";
				ENABLE_NS_ASSERTIONS = NO;
				ENABLE_STRICT_OBJC_MSGSEND = YES;
				GCC_C_LANGUAGE_STANDARD = gnu11;
				GCC_NO_COMMON_BLOCKS = YES;
				GCC_WARN_64_TO_32_BIT_CONVERSION = YES;
				GCC_WARN_ABOUT_RETURN_TYPE = YES_ERROR;
				GCC_WARN_UNDECLARED_SELECTOR = YES;
				GCC_WARN_UNINITIALIZED_AUTOS = YES_AGGRESSIVE;
				GCC_WARN_UNUSED_FUNCTION = YES;
				GCC_WARN_UNUSED_VARIABLE = YES;
				IPHONEOS_DEPLOYMENT_TARGET = 13.4;
				MTL_ENABLE_DEBUG_INFO = NO;
				MTL_FAST_MATH = YES;
				SDKROOT = iphoneos;
				SWIFT_COMPILATION_MODE = wholemodule;
				SWIFT_OPTIMIZATION_LEVEL = "-O";
				VALIDATE_PRODUCT = YES;
			};
			name = Release;
		};
		5ADB6F9A246C675A00408651 /* Debug */ = {
			isa = XCBuildConfiguration;
			buildSettings = {
				ASSETCATALOG_COMPILER_APPICON_NAME = AppIcon;
				CODE_SIGN_STYLE = Automatic;
				INFOPLIST_FILE = "Logo-iOS17/Info.plist";
				LD_RUNPATH_SEARCH_PATHS = (
					"$(inherited)",
					"@executable_path/Frameworks",
				);
				PRODUCT_BUNDLE_IDENTIFIER = "com.StephanieBallard.Logo-iOS17";
				PRODUCT_NAME = "$(TARGET_NAME)";
				SWIFT_VERSION = 5.0;
				TARGETED_DEVICE_FAMILY = "1,2";
			};
			name = Debug;
		};
		5ADB6F9B246C675A00408651 /* Release */ = {
			isa = XCBuildConfiguration;
			buildSettings = {
				ASSETCATALOG_COMPILER_APPICON_NAME = AppIcon;
				CODE_SIGN_STYLE = Automatic;
				INFOPLIST_FILE = "Logo-iOS17/Info.plist";
				LD_RUNPATH_SEARCH_PATHS = (
					"$(inherited)",
					"@executable_path/Frameworks",
				);
				PRODUCT_BUNDLE_IDENTIFIER = "com.StephanieBallard.Logo-iOS17";
				PRODUCT_NAME = "$(TARGET_NAME)";
				SWIFT_VERSION = 5.0;
				TARGETED_DEVICE_FAMILY = "1,2";
			};
			name = Release;
		};
/* End XCBuildConfiguration section */

/* Begin XCConfigurationList section */
		5ADB6F80246C675800408651 /* Build configuration list for PBXProject "Logo-iOS17" */ = {
			isa = XCConfigurationList;
			buildConfigurations = (
				5ADB6F97246C675A00408651 /* Debug */,
				5ADB6F98246C675A00408651 /* Release */,
			);
			defaultConfigurationIsVisible = 0;
			defaultConfigurationName = Release;
		};
		5ADB6F99246C675A00408651 /* Build configuration list for PBXNativeTarget "Logo-iOS17" */ = {
			isa = XCConfigurationList;
			buildConfigurations = (
				5ADB6F9A246C675A00408651 /* Debug */,
				5ADB6F9B246C675A00408651 /* Release */,
			);
			defaultConfigurationIsVisible = 0;
			defaultConfigurationName = Release;
		};
/* End XCConfigurationList section */
	};
	rootObject = 5ADB6F7D246C675800408651 /* Project object */;
}
