// !$*UTF8*$!
{
	archiveVersion = 1;
	classes = {
	};
	objectVersion = 50;
	objects = {

/* Begin PBXBuildFile section */
		401B2E59246C56F300722593 /* AppDelegate.swift in Sources */ = {isa = PBXBuildFile; fileRef = 401B2E58246C56F300722593 /* AppDelegate.swift */; };
		401B2E5B246C56F300722593 /* SceneDelegate.swift in Sources */ = {isa = PBXBuildFile; fileRef = 401B2E5A246C56F300722593 /* SceneDelegate.swift */; };
		401B2E5D246C56F300722593 /* ViewController.swift in Sources */ = {isa = PBXBuildFile; fileRef = 401B2E5C246C56F300722593 /* ViewController.swift */; };
		401B2E60246C56F300722593 /* Main.storyboard in Resources */ = {isa = PBXBuildFile; fileRef = 401B2E5E246C56F300722593 /* Main.storyboard */; };
		401B2E62246C56FC00722593 /* Assets.xcassets in Resources */ = {isa = PBXBuildFile; fileRef = 401B2E61246C56FC00722593 /* Assets.xcassets */; };
		401B2E65246C56FC00722593 /* LaunchScreen.storyboard in Resources */ = {isa = PBXBuildFile; fileRef = 401B2E63246C56FC00722593 /* LaunchScreen.storyboard */; };
		401B2E6D246C57A100722593 /* LogoView.swift in Sources */ = {isa = PBXBuildFile; fileRef = 401B2E6C246C57A000722593 /* LogoView.swift */; };
/* End PBXBuildFile section */

/* Begin PBXFileReference section */
		401B2E55246C56F300722593 /* ViewDrawing.app */ = {isa = PBXFileReference; explicitFileType = wrapper.application; includeInIndex = 0; path = ViewDrawing.app; sourceTree = BUILT_PRODUCTS_DIR; };
		401B2E58246C56F300722593 /* AppDelegate.swift */ = {isa = PBXFileReference; lastKnownFileType = sourcecode.swift; path = AppDelegate.swift; sourceTree = "<group>"; };
		401B2E5A246C56F300722593 /* SceneDelegate.swift */ = {isa = PBXFileReference; lastKnownFileType = sourcecode.swift; path = SceneDelegate.swift; sourceTree = "<group>"; };
		401B2E5C246C56F300722593 /* ViewController.swift */ = {isa = PBXFileReference; lastKnownFileType = sourcecode.swift; path = ViewController.swift; sourceTree = "<group>"; };
		401B2E5F246C56F300722593 /* Base */ = {isa = PBXFileReference; lastKnownFileType = file.storyboard; name = Base; path = Base.lproj/Main.storyboard; sourceTree = "<group>"; };
		401B2E61246C56FC00722593 /* Assets.xcassets */ = {isa = PBXFileReference; lastKnownFileType = folder.assetcatalog; path = Assets.xcassets; sourceTree = "<group>"; };
		401B2E64246C56FC00722593 /* Base */ = {isa = PBXFileReference; lastKnownFileType = file.storyboard; name = Base; path = Base.lproj/LaunchScreen.storyboard; sourceTree = "<group>"; };
		401B2E66246C56FC00722593 /* Info.plist */ = {isa = PBXFileReference; lastKnownFileType = text.plist.xml; path = Info.plist; sourceTree = "<group>"; };
		401B2E6C246C57A000722593 /* LogoView.swift */ = {isa = PBXFileReference; lastKnownFileType = sourcecode.swift; path = LogoView.swift; sourceTree = "<group>"; };
/* End PBXFileReference section */

/* Begin PBXFrameworksBuildPhase section */
		401B2E52246C56F300722593 /* Frameworks */ = {
			isa = PBXFrameworksBuildPhase;
			buildActionMask = 2147483647;
			files = (
			);
			runOnlyForDeploymentPostprocessing = 0;
		};
/* End PBXFrameworksBuildPhase section */

/* Begin PBXGroup section */
		401B2E4C246C56F300722593 = {
			isa = PBXGroup;
			children = (
				401B2E57246C56F300722593 /* ViewDrawing */,
				401B2E6C246C57A000722593 /* LogoView.swift */,
				401B2E56246C56F300722593 /* Products */,
			);
			sourceTree = "<group>";
		};
		401B2E56246C56F300722593 /* Products */ = {
			isa = PBXGroup;
			children = (
				401B2E55246C56F300722593 /* ViewDrawing.app */,
			);
			name = Products;
			sourceTree = "<group>";
		};
		401B2E57246C56F300722593 /* ViewDrawing */ = {
			isa = PBXGroup;
			children = (
				40A3C7FA246C757700EBD608 /* Views */,
				40A3C7FB246C759100EBD608 /* Controller */,
				40A3C7F9246C753400EBD608 /* Resources */,
				401B2E66246C56FC00722593 /* Info.plist */,
			);
			path = ViewDrawing;
			sourceTree = "<group>";
		};
		40A3C7F9246C753400EBD608 /* Resources */ = {
			isa = PBXGroup;
			children = (
				401B2E58246C56F300722593 /* AppDelegate.swift */,
				401B2E5A246C56F300722593 /* SceneDelegate.swift */,
				401B2E61246C56FC00722593 /* Assets.xcassets */,
			);
			path = Resources;
			sourceTree = "<group>";
		};
		40A3C7FA246C757700EBD608 /* Views */ = {
			isa = PBXGroup;
			children = (
				401B2E5E246C56F300722593 /* Main.storyboard */,
				401B2E63246C56FC00722593 /* LaunchScreen.storyboard */,
			);
			path = Views;
			sourceTree = "<group>";
		};
		40A3C7FB246C759100EBD608 /* Controller */ = {
			isa = PBXGroup;
			children = (
				401B2E5C246C56F300722593 /* ViewController.swift */,
			);
			path = Controller;
			sourceTree = "<group>";
		};
/* End PBXGroup section */

/* Begin PBXNativeTarget section */
		401B2E54246C56F300722593 /* ViewDrawing */ = {
			isa = PBXNativeTarget;
			buildConfigurationList = 401B2E69246C56FC00722593 /* Build configuration list for PBXNativeTarget "ViewDrawing" */;
			buildPhases = (
				401B2E51246C56F300722593 /* Sources */,
				401B2E52246C56F300722593 /* Frameworks */,
				401B2E53246C56F300722593 /* Resources */,
			);
			buildRules = (
			);
			dependencies = (
			);
			name = ViewDrawing;
			productName = ViewDrawing;
			productReference = 401B2E55246C56F300722593 /* ViewDrawing.app */;
			productType = "com.apple.product-type.application";
		};
/* End PBXNativeTarget section */

/* Begin PBXProject section */
		401B2E4D246C56F300722593 /* Project object */ = {
			isa = PBXProject;
			attributes = {
				LastSwiftUpdateCheck = 1140;
				LastUpgradeCheck = 1140;
				ORGANIZATIONNAME = "Brian Rouse";
				TargetAttributes = {
					401B2E54246C56F300722593 = {
						CreatedOnToolsVersion = 11.4;
					};
				};
			};
			buildConfigurationList = 401B2E50246C56F300722593 /* Build configuration list for PBXProject "ViewDrawing" */;
			compatibilityVersion = "Xcode 9.3";
			developmentRegion = en;
			hasScannedForEncodings = 0;
			knownRegions = (
				en,
				Base,
			);
			mainGroup = 401B2E4C246C56F300722593;
			productRefGroup = 401B2E56246C56F300722593 /* Products */;
			projectDirPath = "";
			projectRoot = "";
			targets = (
				401B2E54246C56F300722593 /* ViewDrawing */,
			);
		};
/* End PBXProject section */

/* Begin PBXResourcesBuildPhase section */
		401B2E53246C56F300722593 /* Resources */ = {
			isa = PBXResourcesBuildPhase;
			buildActionMask = 2147483647;
			files = (
				401B2E65246C56FC00722593 /* LaunchScreen.storyboard in Resources */,
				401B2E62246C56FC00722593 /* Assets.xcassets in Resources */,
				401B2E60246C56F300722593 /* Main.storyboard in Resources */,
			);
			runOnlyForDeploymentPostprocessing = 0;
		};
/* End PBXResourcesBuildPhase section */

/* Begin PBXSourcesBuildPhase section */
		401B2E51246C56F300722593 /* Sources */ = {
			isa = PBXSourcesBuildPhase;
			buildActionMask = 2147483647;
			files = (
				401B2E5D246C56F300722593 /* ViewController.swift in Sources */,
				401B2E6D246C57A100722593 /* LogoView.swift in Sources */,
				401B2E59246C56F300722593 /* AppDelegate.swift in Sources */,
				401B2E5B246C56F300722593 /* SceneDelegate.swift in Sources */,
			);
			runOnlyForDeploymentPostprocessing = 0;
		};
/* End PBXSourcesBuildPhase section */

/* Begin PBXVariantGroup section */
		401B2E5E246C56F300722593 /* Main.storyboard */ = {
			isa = PBXVariantGroup;
			children = (
				401B2E5F246C56F300722593 /* Base */,
			);
			name = Main.storyboard;
			sourceTree = "<group>";
		};
		401B2E63246C56FC00722593 /* LaunchScreen.storyboard */ = {
			isa = PBXVariantGroup;
			children = (
				401B2E64246C56FC00722593 /* Base */,
			);
			name = LaunchScreen.storyboard;
			sourceTree = "<group>";
		};
/* End PBXVariantGroup section */

/* Begin XCBuildConfiguration section */
		401B2E67246C56FC00722593 /* Debug */ = {
			isa = XCBuildConfiguration;
			buildSettings = {
				ALWAYS_SEARCH_USER_PATHS = NO;
				CLANG_ANALYZER_NONNULL = YES;
				CLANG_ANALYZER_NUMBER_OBJECT_CONVERSION = YES_AGGRESSIVE;
				CLANG_CXX_LANGUAGE_STANDARD = "gnu++14";
				CLANG_CXX_LIBRARY = "libc++";
				CLANG_ENABLE_MODULES = YES;
				CLANG_ENABLE_OBJC_ARC = YES;
				CLANG_ENABLE_OBJC_WEAK = YES;
				CLANG_WARN_BLOCK_CAPTURE_AUTORELEASING = YES;
				CLANG_WARN_BOOL_CONVERSION = YES;
				CLANG_WARN_COMMA = YES;
				CLANG_WARN_CONSTANT_CONVERSION = YES;
				CLANG_WARN_DEPRECATED_OBJC_IMPLEMENTATIONS = YES;
				CLANG_WARN_DIRECT_OBJC_ISA_USAGE = YES_ERROR;
				CLANG_WARN_DOCUMENTATION_COMMENTS = YES;
				CLANG_WARN_EMPTY_BODY = YES;
				CLANG_WARN_ENUM_CONVERSION = YES;
				CLANG_WARN_INFINITE_RECURSION = YES;
				CLANG_WARN_INT_CONVERSION = YES;
				CLANG_WARN_NON_LITERAL_NULL_CONVERSION = YES;
				CLANG_WARN_OBJC_IMPLICIT_RETAIN_SELF = YES;
				CLANG_WARN_OBJC_LITERAL_CONVERSION = YES;
				CLANG_WARN_OBJC_ROOT_CLASS = YES_ERROR;
				CLANG_WARN_RANGE_LOOP_ANALYSIS = YES;
				CLANG_WARN_STRICT_PROTOTYPES = YES;
				CLANG_WARN_SUSPICIOUS_MOVE = YES;
				CLANG_WARN_UNGUARDED_AVAILABILITY = YES_AGGRESSIVE;
				CLANG_WARN_UNREACHABLE_CODE = YES;
				CLANG_WARN__DUPLICATE_METHOD_MATCH = YES;
				COPY_PHASE_STRIP = NO;
				DEBUG_INFORMATION_FORMAT = dwarf;
				ENABLE_STRICT_OBJC_MSGSEND = YES;
				ENABLE_TESTABILITY = YES;
				GCC_C_LANGUAGE_STANDARD = gnu11;
				GCC_DYNAMIC_NO_PIC = NO;
				GCC_NO_COMMON_BLOCKS = YES;
				GCC_OPTIMIZATION_LEVEL = 0;
				GCC_PREPROCESSOR_DEFINITIONS = (
					"DEBUG=1",
					"$(inherited)",
				);
				GCC_WARN_64_TO_32_BIT_CONVERSION = YES;
				GCC_WARN_ABOUT_RETURN_TYPE = YES_ERROR;
				GCC_WARN_UNDECLARED_SELECTOR = YES;
				GCC_WARN_UNINITIALIZED_AUTOS = YES_AGGRESSIVE;
				GCC_WARN_UNUSED_FUNCTION = YES;
				GCC_WARN_UNUSED_VARIABLE = YES;
				IPHONEOS_DEPLOYMENT_TARGET = 13.4;
				MTL_ENABLE_DEBUG_INFO = INCLUDE_SOURCE;
				MTL_FAST_MATH = YES;
				ONLY_ACTIVE_ARCH = YES;
				SDKROOT = iphoneos;
				SWIFT_ACTIVE_COMPILATION_CONDITIONS = DEBUG;
				SWIFT_OPTIMIZATION_LEVEL = "-Onone";
			};
			name = Debug;
		};
		401B2E68246C56FC00722593 /* Release */ = {
			isa = XCBuildConfiguration;
			buildSettings = {
				ALWAYS_SEARCH_USER_PATHS = NO;
				CLANG_ANALYZER_NONNULL = YES;
				CLANG_ANALYZER_NUMBER_OBJECT_CONVERSION = YES_AGGRESSIVE;
				CLANG_CXX_LANGUAGE_STANDARD = "gnu++14";
				CLANG_CXX_LIBRARY = "libc++";
				CLANG_ENABLE_MODULES = YES;
				CLANG_ENABLE_OBJC_ARC = YES;
				CLANG_ENABLE_OBJC_WEAK = YES;
				CLANG_WARN_BLOCK_CAPTURE_AUTORELEASING = YES;
				CLANG_WARN_BOOL_CONVERSION = YES;
				CLANG_WARN_COMMA = YES;
				CLANG_WARN_CONSTANT_CONVERSION = YES;
				CLANG_WARN_DEPRECATED_OBJC_IMPLEMENTATIONS = YES;
				CLANG_WARN_DIRECT_OBJC_ISA_USAGE = YES_ERROR;
				CLANG_WARN_DOCUMENTATION_COMMENTS = YES;
				CLANG_WARN_EMPTY_BODY = YES;
				CLANG_WARN_ENUM_CONVERSION = YES;
				CLANG_WARN_INFINITE_RECURSION = YES;
				CLANG_WARN_INT_CONVERSION = YES;
				CLANG_WARN_NON_LITERAL_NULL_CONVERSION = YES;
				CLANG_WARN_OBJC_IMPLICIT_RETAIN_SELF = YES;
				CLANG_WARN_OBJC_LITERAL_CONVERSION = YES;
				CLANG_WARN_OBJC_ROOT_CLASS = YES_ERROR;
				CLANG_WARN_RANGE_LOOP_ANALYSIS = YES;
				CLANG_WARN_STRICT_PROTOTYPES = YES;
				CLANG_WARN_SUSPICIOUS_MOVE = YES;
				CLANG_WARN_UNGUARDED_AVAILABILITY = YES_AGGRESSIVE;
				CLANG_WARN_UNREACHABLE_CODE = YES;
				CLANG_WARN__DUPLICATE_METHOD_MATCH = YES;
				COPY_PHASE_STRIP = NO;
				DEBUG_INFORMATION_FORMAT = "dwarf-with-dsym";
				ENABLE_NS_ASSERTIONS = NO;
				ENABLE_STRICT_OBJC_MSGSEND = YES;
				GCC_C_LANGUAGE_STANDARD = gnu11;
				GCC_NO_COMMON_BLOCKS = YES;
				GCC_WARN_64_TO_32_BIT_CONVERSION = YES;
				GCC_WARN_ABOUT_RETURN_TYPE = YES_ERROR;
				GCC_WARN_UNDECLARED_SELECTOR = YES;
				GCC_WARN_UNINITIALIZED_AUTOS = YES_AGGRESSIVE;
				GCC_WARN_UNUSED_FUNCTION = YES;
				GCC_WARN_UNUSED_VARIABLE = YES;
				IPHONEOS_DEPLOYMENT_TARGET = 13.4;
				MTL_ENABLE_DEBUG_INFO = NO;
				MTL_FAST_MATH = YES;
				SDKROOT = iphoneos;
				SWIFT_COMPILATION_MODE = wholemodule;
				SWIFT_OPTIMIZATION_LEVEL = "-O";
				VALIDATE_PRODUCT = YES;
			};
			name = Release;
		};
		401B2E6A246C56FC00722593 /* Debug */ = {
			isa = XCBuildConfiguration;
			buildSettings = {
				ASSETCATALOG_COMPILER_APPICON_NAME = AppIcon;
				CODE_SIGN_STYLE = Automatic;
				DEVELOPMENT_TEAM = V4Y5L9JJ7W;
				INFOPLIST_FILE = ViewDrawing/Info.plist;
				LD_RUNPATH_SEARCH_PATHS = (
					"$(inherited)",
					"@executable_path/Frameworks",
				);
				PRODUCT_BUNDLE_IDENTIFIER = BRouse.ViewDrawing;
				PRODUCT_NAME = "$(TARGET_NAME)";
				SWIFT_VERSION = 5.0;
				TARGETED_DEVICE_FAMILY = "1,2";
			};
			name = Debug;
		};
		401B2E6B246C56FC00722593 /* Release */ = {
			isa = XCBuildConfiguration;
			buildSettings = {
				ASSETCATALOG_COMPILER_APPICON_NAME = AppIcon;
				CODE_SIGN_STYLE = Automatic;
				DEVELOPMENT_TEAM = V4Y5L9JJ7W;
				INFOPLIST_FILE = ViewDrawing/Info.plist;
				LD_RUNPATH_SEARCH_PATHS = (
					"$(inherited)",
					"@executable_path/Frameworks",
				);
				PRODUCT_BUNDLE_IDENTIFIER = BRouse.ViewDrawing;
				PRODUCT_NAME = "$(TARGET_NAME)";
				SWIFT_VERSION = 5.0;
				TARGETED_DEVICE_FAMILY = "1,2";
			};
			name = Release;
		};
/* End XCBuildConfiguration section */

/* Begin XCConfigurationList section */
		401B2E50246C56F300722593 /* Build configuration list for PBXProject "ViewDrawing" */ = {
			isa = XCConfigurationList;
			buildConfigurations = (
				401B2E67246C56FC00722593 /* Debug */,
				401B2E68246C56FC00722593 /* Release */,
			);
			defaultConfigurationIsVisible = 0;
			defaultConfigurationName = Release;
		};
		401B2E69246C56FC00722593 /* Build configuration list for PBXNativeTarget "ViewDrawing" */ = {
			isa = XCConfigurationList;
			buildConfigurations = (
				401B2E6A246C56FC00722593 /* Debug */,
				401B2E6B246C56FC00722593 /* Release */,
			);
			defaultConfigurationIsVisible = 0;
			defaultConfigurationName = Release;
		};
/* End XCConfigurationList section */
	};
	rootObject = 401B2E4D246C56F300722593 /* Project object */;
}
