// !$*UTF8*$!
{
	archiveVersion = 1;
	classes = {
	};
	objectVersion = 50;
	objects = {

/* Begin PBXBuildFile section */
		186B6BE12447863D00E1FBCE /* AppDelegate.swift in Sources */ = {isa = PBXBuildFile; fileRef = 186B6BE02447863D00E1FBCE /* AppDelegate.swift */; };
		186B6BE32447863D00E1FBCE /* SceneDelegate.swift in Sources */ = {isa = PBXBuildFile; fileRef = 186B6BE22447863D00E1FBCE /* SceneDelegate.swift */; };
		186B6BE52447863D00E1FBCE /* ViewController.swift in Sources */ = {isa = PBXBuildFile; fileRef = 186B6BE42447863D00E1FBCE /* ViewController.swift */; };
		186B6BE82447863D00E1FBCE /* Main.storyboard in Resources */ = {isa = PBXBuildFile; fileRef = 186B6BE62447863D00E1FBCE /* Main.storyboard */; };
		186B6BEA2447864300E1FBCE /* Assets.xcassets in Resources */ = {isa = PBXBuildFile; fileRef = 186B6BE92447864300E1FBCE /* Assets.xcassets */; };
		186B6BED2447864300E1FBCE /* LaunchScreen.storyboard in Resources */ = {isa = PBXBuildFile; fileRef = 186B6BEB2447864300E1FBCE /* LaunchScreen.storyboard */; };
		186B6BF52447870300E1FBCE /* LogoView.swift in Sources */ = {isa = PBXBuildFile; fileRef = 186B6BF42447870300E1FBCE /* LogoView.swift */; };
/* End PBXBuildFile section */

/* Begin PBXFileReference section */
		186B6BDD2447863D00E1FBCE /* logo core graphics lesson.app */ = {isa = PBXFileReference; explicitFileType = wrapper.application; includeInIndex = 0; path = "logo core graphics lesson.app"; sourceTree = BUILT_PRODUCTS_DIR; };
		186B6BE02447863D00E1FBCE /* AppDelegate.swift */ = {isa = PBXFileReference; lastKnownFileType = sourcecode.swift; path = AppDelegate.swift; sourceTree = "<group>"; };
		186B6BE22447863D00E1FBCE /* SceneDelegate.swift */ = {isa = PBXFileReference; lastKnownFileType = sourcecode.swift; path = SceneDelegate.swift; sourceTree = "<group>"; };
		186B6BE42447863D00E1FBCE /* ViewController.swift */ = {isa = PBXFileReference; lastKnownFileType = sourcecode.swift; path = ViewController.swift; sourceTree = "<group>"; };
		186B6BE72447863D00E1FBCE /* Base */ = {isa = PBXFileReference; lastKnownFileType = file.storyboard; name = Base; path = Base.lproj/Main.storyboard; sourceTree = "<group>"; };
		186B6BE92447864300E1FBCE /* Assets.xcassets */ = {isa = PBXFileReference; lastKnownFileType = folder.assetcatalog; path = Assets.xcassets; sourceTree = "<group>"; };
		186B6BEC2447864300E1FBCE /* Base */ = {isa = PBXFileReference; lastKnownFileType = file.storyboard; name = Base; path = Base.lproj/LaunchScreen.storyboard; sourceTree = "<group>"; };
		186B6BEE2447864300E1FBCE /* Info.plist */ = {isa = PBXFileReference; lastKnownFileType = text.plist.xml; path = Info.plist; sourceTree = "<group>"; };
		186B6BF42447870300E1FBCE /* LogoView.swift */ = {isa = PBXFileReference; lastKnownFileType = sourcecode.swift; path = LogoView.swift; sourceTree = "<group>"; };
/* End PBXFileReference section */

/* Begin PBXFrameworksBuildPhase section */
		186B6BDA2447863D00E1FBCE /* Frameworks */ = {
			isa = PBXFrameworksBuildPhase;
			buildActionMask = 2147483647;
			files = (
			);
			runOnlyForDeploymentPostprocessing = 0;
		};
/* End PBXFrameworksBuildPhase section */

/* Begin PBXGroup section */
		186B6BD42447863D00E1FBCE = {
			isa = PBXGroup;
			children = (
				186B6BDF2447863D00E1FBCE /* logo core graphics lesson */,
				186B6BDE2447863D00E1FBCE /* Products */,
			);
			sourceTree = "<group>";
		};
		186B6BDE2447863D00E1FBCE /* Products */ = {
			isa = PBXGroup;
			children = (
				186B6BDD2447863D00E1FBCE /* logo core graphics lesson.app */,
			);
			name = Products;
			sourceTree = "<group>";
		};
		186B6BDF2447863D00E1FBCE /* logo core graphics lesson */ = {
			isa = PBXGroup;
			children = (
				186B6BE02447863D00E1FBCE /* AppDelegate.swift */,
				186B6BE22447863D00E1FBCE /* SceneDelegate.swift */,
				186B6BE42447863D00E1FBCE /* ViewController.swift */,
				186B6BF42447870300E1FBCE /* LogoView.swift */,
				186B6BE62447863D00E1FBCE /* Main.storyboard */,
				186B6BE92447864300E1FBCE /* Assets.xcassets */,
				186B6BEB2447864300E1FBCE /* LaunchScreen.storyboard */,
				186B6BEE2447864300E1FBCE /* Info.plist */,
			);
			path = "logo core graphics lesson";
			sourceTree = "<group>";
		};
/* End PBXGroup section */

/* Begin PBXNativeTarget section */
		186B6BDC2447863D00E1FBCE /* logo core graphics lesson */ = {
			isa = PBXNativeTarget;
			buildConfigurationList = 186B6BF12447864300E1FBCE /* Build configuration list for PBXNativeTarget "logo core graphics lesson" */;
			buildPhases = (
				186B6BD92447863D00E1FBCE /* Sources */,
				186B6BDA2447863D00E1FBCE /* Frameworks */,
				186B6BDB2447863D00E1FBCE /* Resources */,
			);
			buildRules = (
			);
			dependencies = (
			);
			name = "logo core graphics lesson";
			productName = "logo core graphics lesson";
			productReference = 186B6BDD2447863D00E1FBCE /* logo core graphics lesson.app */;
			productType = "com.apple.product-type.application";
		};
/* End PBXNativeTarget section */

/* Begin PBXProject section */
		186B6BD52447863D00E1FBCE /* Project object */ = {
			isa = PBXProject;
			attributes = {
				LastSwiftUpdateCheck = 1140;
				LastUpgradeCheck = 1140;
				ORGANIZATIONNAME = "Mark Poggi";
				TargetAttributes = {
					186B6BDC2447863D00E1FBCE = {
						CreatedOnToolsVersion = 11.4;
					};
				};
			};
			buildConfigurationList = 186B6BD82447863D00E1FBCE /* Build configuration list for PBXProject "logo core graphics lesson" */;
			compatibilityVersion = "Xcode 9.3";
			developmentRegion = en;
			hasScannedForEncodings = 0;
			knownRegions = (
				en,
				Base,
			);
			mainGroup = 186B6BD42447863D00E1FBCE;
			productRefGroup = 186B6BDE2447863D00E1FBCE /* Products */;
			projectDirPath = "";
			projectRoot = "";
			targets = (
				186B6BDC2447863D00E1FBCE /* logo core graphics lesson */,
			);
		};
/* End PBXProject section */

/* Begin PBXResourcesBuildPhase section */
		186B6BDB2447863D00E1FBCE /* Resources */ = {
			isa = PBXResourcesBuildPhase;
			buildActionMask = 2147483647;
			files = (
				186B6BED2447864300E1FBCE /* LaunchScreen.storyboard in Resources */,
				186B6BEA2447864300E1FBCE /* Assets.xcassets in Resources */,
				186B6BE82447863D00E1FBCE /* Main.storyboard in Resources */,
			);
			runOnlyForDeploymentPostprocessing = 0;
		};
/* End PBXResourcesBuildPhase section */

/* Begin PBXSourcesBuildPhase section */
		186B6BD92447863D00E1FBCE /* Sources */ = {
			isa = PBXSourcesBuildPhase;
			buildActionMask = 2147483647;
			files = (
				186B6BE52447863D00E1FBCE /* ViewController.swift in Sources */,
				186B6BF52447870300E1FBCE /* LogoView.swift in Sources */,
				186B6BE12447863D00E1FBCE /* AppDelegate.swift in Sources */,
				186B6BE32447863D00E1FBCE /* SceneDelegate.swift in Sources */,
			);
			runOnlyForDeploymentPostprocessing = 0;
		};
/* End PBXSourcesBuildPhase section */

/* Begin PBXVariantGroup section */
		186B6BE62447863D00E1FBCE /* Main.storyboard */ = {
			isa = PBXVariantGroup;
			children = (
				186B6BE72447863D00E1FBCE /* Base */,
			);
			name = Main.storyboard;
			sourceTree = "<group>";
		};
		186B6BEB2447864300E1FBCE /* LaunchScreen.storyboard */ = {
			isa = PBXVariantGroup;
			children = (
				186B6BEC2447864300E1FBCE /* Base */,
			);
			name = LaunchScreen.storyboard;
			sourceTree = "<group>";
		};
/* End PBXVariantGroup section */

/* Begin XCBuildConfiguration section */
		186B6BEF2447864300E1FBCE /* Debug */ = {
			isa = XCBuildConfiguration;
			buildSettings = {
				ALWAYS_SEARCH_USER_PATHS = NO;
				CLANG_ANALYZER_NONNULL = YES;
				CLANG_ANALYZER_NUMBER_OBJECT_CONVERSION = YES_AGGRESSIVE;
				CLANG_CXX_LANGUAGE_STANDARD = "gnu++14";
				CLANG_CXX_LIBRARY = "libc++";
				CLANG_ENABLE_MODULES = YES;
				CLANG_ENABLE_OBJC_ARC = YES;
				CLANG_ENABLE_OBJC_WEAK = YES;
				CLANG_WARN_BLOCK_CAPTURE_AUTORELEASING = YES;
				CLANG_WARN_BOOL_CONVERSION = YES;
				CLANG_WARN_COMMA = YES;
				CLANG_WARN_CONSTANT_CONVERSION = YES;
				CLANG_WARN_DEPRECATED_OBJC_IMPLEMENTATIONS = YES;
				CLANG_WARN_DIRECT_OBJC_ISA_USAGE = YES_ERROR;
				CLANG_WARN_DOCUMENTATION_COMMENTS = YES;
				CLANG_WARN_EMPTY_BODY = YES;
				CLANG_WARN_ENUM_CONVERSION = YES;
				CLANG_WARN_INFINITE_RECURSION = YES;
				CLANG_WARN_INT_CONVERSION = YES;
				CLANG_WARN_NON_LITERAL_NULL_CONVERSION = YES;
				CLANG_WARN_OBJC_IMPLICIT_RETAIN_SELF = YES;
				CLANG_WARN_OBJC_LITERAL_CONVERSION = YES;
				CLANG_WARN_OBJC_ROOT_CLASS = YES_ERROR;
				CLANG_WARN_RANGE_LOOP_ANALYSIS = YES;
				CLANG_WARN_STRICT_PROTOTYPES = YES;
				CLANG_WARN_SUSPICIOUS_MOVE = YES;
				CLANG_WARN_UNGUARDED_AVAILABILITY = YES_AGGRESSIVE;
				CLANG_WARN_UNREACHABLE_CODE = YES;
				CLANG_WARN__DUPLICATE_METHOD_MATCH = YES;
				COPY_PHASE_STRIP = NO;
				DEBUG_INFORMATION_FORMAT = dwarf;
				ENABLE_STRICT_OBJC_MSGSEND = YES;
				ENABLE_TESTABILITY = YES;
				GCC_C_LANGUAGE_STANDARD = gnu11;
				GCC_DYNAMIC_NO_PIC = NO;
				GCC_NO_COMMON_BLOCKS = YES;
				GCC_OPTIMIZATION_LEVEL = 0;
				GCC_PREPROCESSOR_DEFINITIONS = (
					"DEBUG=1",
					"$(inherited)",
				);
				GCC_WARN_64_TO_32_BIT_CONVERSION = YES;
				GCC_WARN_ABOUT_RETURN_TYPE = YES_ERROR;
				GCC_WARN_UNDECLARED_SELECTOR = YES;
				GCC_WARN_UNINITIALIZED_AUTOS = YES_AGGRESSIVE;
				GCC_WARN_UNUSED_FUNCTION = YES;
				GCC_WARN_UNUSED_VARIABLE = YES;
				IPHONEOS_DEPLOYMENT_TARGET = 13.4;
				MTL_ENABLE_DEBUG_INFO = INCLUDE_SOURCE;
				MTL_FAST_MATH = YES;
				ONLY_ACTIVE_ARCH = YES;
				SDKROOT = iphoneos;
				SWIFT_ACTIVE_COMPILATION_CONDITIONS = DEBUG;
				SWIFT_OPTIMIZATION_LEVEL = "-Onone";
			};
			name = Debug;
		};
		186B6BF02447864300E1FBCE /* Release */ = {
			isa = XCBuildConfiguration;
			buildSettings = {
				ALWAYS_SEARCH_USER_PATHS = NO;
				CLANG_ANALYZER_NONNULL = YES;
				CLANG_ANALYZER_NUMBER_OBJECT_CONVERSION = YES_AGGRESSIVE;
				CLANG_CXX_LANGUAGE_STANDARD = "gnu++14";
				CLANG_CXX_LIBRARY = "libc++";
				CLANG_ENABLE_MODULES = YES;
				CLANG_ENABLE_OBJC_ARC = YES;
				CLANG_ENABLE_OBJC_WEAK = YES;
				CLANG_WARN_BLOCK_CAPTURE_AUTORELEASING = YES;
				CLANG_WARN_BOOL_CONVERSION = YES;
				CLANG_WARN_COMMA = YES;
				CLANG_WARN_CONSTANT_CONVERSION = YES;
				CLANG_WARN_DEPRECATED_OBJC_IMPLEMENTATIONS = YES;
				CLANG_WARN_DIRECT_OBJC_ISA_USAGE = YES_ERROR;
				CLANG_WARN_DOCUMENTATION_COMMENTS = YES;
				CLANG_WARN_EMPTY_BODY = YES;
				CLANG_WARN_ENUM_CONVERSION = YES;
				CLANG_WARN_INFINITE_RECURSION = YES;
				CLANG_WARN_INT_CONVERSION = YES;
				CLANG_WARN_NON_LITERAL_NULL_CONVERSION = YES;
				CLANG_WARN_OBJC_IMPLICIT_RETAIN_SELF = YES;
				CLANG_WARN_OBJC_LITERAL_CONVERSION = YES;
				CLANG_WARN_OBJC_ROOT_CLASS = YES_ERROR;
				CLANG_WARN_RANGE_LOOP_ANALYSIS = YES;
				CLANG_WARN_STRICT_PROTOTYPES = YES;
				CLANG_WARN_SUSPICIOUS_MOVE = YES;
				CLANG_WARN_UNGUARDED_AVAILABILITY = YES_AGGRESSIVE;
				CLANG_WARN_UNREACHABLE_CODE = YES;
				CLANG_WARN__DUPLICATE_METHOD_MATCH = YES;
				COPY_PHASE_STRIP = NO;
				DEBUG_INFORMATION_FORMAT = "dwarf-with-dsym";
				ENABLE_NS_ASSERTIONS = NO;
				ENABLE_STRICT_OBJC_MSGSEND = YES;
				GCC_C_LANGUAGE_STANDARD = gnu11;
				GCC_NO_COMMON_BLOCKS = YES;
				GCC_WARN_64_TO_32_BIT_CONVERSION = YES;
				GCC_WARN_ABOUT_RETURN_TYPE = YES_ERROR;
				GCC_WARN_UNDECLARED_SELECTOR = YES;
				GCC_WARN_UNINITIALIZED_AUTOS = YES_AGGRESSIVE;
				GCC_WARN_UNUSED_FUNCTION = YES;
				GCC_WARN_UNUSED_VARIABLE = YES;
				IPHONEOS_DEPLOYMENT_TARGET = 13.4;
				MTL_ENABLE_DEBUG_INFO = NO;
				MTL_FAST_MATH = YES;
				SDKROOT = iphoneos;
				SWIFT_COMPILATION_MODE = wholemodule;
				SWIFT_OPTIMIZATION_LEVEL = "-O";
				VALIDATE_PRODUCT = YES;
			};
			name = Release;
		};
		186B6BF22447864300E1FBCE /* Debug */ = {
			isa = XCBuildConfiguration;
			buildSettings = {
				ASSETCATALOG_COMPILER_APPICON_NAME = AppIcon;
				CODE_SIGN_STYLE = Automatic;
				INFOPLIST_FILE = "logo core graphics lesson/Info.plist";
				LD_RUNPATH_SEARCH_PATHS = (
					"$(inherited)",
					"@executable_path/Frameworks",
				);
				PRODUCT_BUNDLE_IDENTIFIER = "com.markpoggi.logo-core-graphics-lesson";
				PRODUCT_NAME = "$(TARGET_NAME)";
				SWIFT_VERSION = 5.0;
				TARGETED_DEVICE_FAMILY = "1,2";
			};
			name = Debug;
		};
		186B6BF32447864300E1FBCE /* Release */ = {
			isa = XCBuildConfiguration;
			buildSettings = {
				ASSETCATALOG_COMPILER_APPICON_NAME = AppIcon;
				CODE_SIGN_STYLE = Automatic;
				INFOPLIST_FILE = "logo core graphics lesson/Info.plist";
				LD_RUNPATH_SEARCH_PATHS = (
					"$(inherited)",
					"@executable_path/Frameworks",
				);
				PRODUCT_BUNDLE_IDENTIFIER = "com.markpoggi.logo-core-graphics-lesson";
				PRODUCT_NAME = "$(TARGET_NAME)";
				SWIFT_VERSION = 5.0;
				TARGETED_DEVICE_FAMILY = "1,2";
			};
			name = Release;
		};
/* End XCBuildConfiguration section */

/* Begin XCConfigurationList section */
		186B6BD82447863D00E1FBCE /* Build configuration list for PBXProject "logo core graphics lesson" */ = {
			isa = XCConfigurationList;
			buildConfigurations = (
				186B6BEF2447864300E1FBCE /* Debug */,
				186B6BF02447864300E1FBCE /* Release */,
			);
			defaultConfigurationIsVisible = 0;
			defaultConfigurationName = Release;
		};
		186B6BF12447864300E1FBCE /* Build configuration list for PBXNativeTarget "logo core graphics lesson" */ = {
			isa = XCConfigurationList;
			buildConfigurations = (
				186B6BF22447864300E1FBCE /* Debug */,
				186B6BF32447864300E1FBCE /* Release */,
			);
			defaultConfigurationIsVisible = 0;
			defaultConfigurationName = Release;
		};
/* End XCConfigurationList section */
	};
	rootObject = 186B6BD52447863D00E1FBCE /* Project object */;
}
