// !$*UTF8*$!
{
	archiveVersion = 1;
	classes = {
	};
	objectVersion = 50;
	objects = {

/* Begin PBXBuildFile section */
		9291C6E0233AEDC10049FAA0 /* AppDelegate.swift in Sources */ = {isa = PBXBuildFile; fileRef = 9291C6DF233AEDC10049FAA0 /* AppDelegate.swift */; };
		9291C6E2233AEDC10049FAA0 /* SceneDelegate.swift in Sources */ = {isa = PBXBuildFile; fileRef = 9291C6E1233AEDC10049FAA0 /* SceneDelegate.swift */; };
		9291C6E4233AEDC10049FAA0 /* ViewController.swift in Sources */ = {isa = PBXBuildFile; fileRef = 9291C6E3233AEDC10049FAA0 /* ViewController.swift */; };
		9291C6E7233AEDC10049FAA0 /* Main.storyboard in Resources */ = {isa = PBXBuildFile; fileRef = 9291C6E5233AEDC10049FAA0 /* Main.storyboard */; };
		9291C6E9233AEDC10049FAA0 /* Assets.xcassets in Resources */ = {isa = PBXBuildFile; fileRef = 9291C6E8233AEDC10049FAA0 /* Assets.xcassets */; };
		9291C6EC233AEDC10049FAA0 /* LaunchScreen.storyboard in Resources */ = {isa = PBXBuildFile; fileRef = 9291C6EA233AEDC10049FAA0 /* LaunchScreen.storyboard */; };
		92D1EA72233B064C001FA29C /* LogoView.swift in Sources */ = {isa = PBXBuildFile; fileRef = 92D1EA71233B064C001FA29C /* LogoView.swift */; };
/* End PBXBuildFile section */

/* Begin PBXFileReference section */
		9291C6DC233AEDC10049FAA0 /* Logo Drawing.app */ = {isa = PBXFileReference; explicitFileType = wrapper.application; includeInIndex = 0; path = "Logo Drawing.app"; sourceTree = BUILT_PRODUCTS_DIR; };
		9291C6DF233AEDC10049FAA0 /* AppDelegate.swift */ = {isa = PBXFileReference; lastKnownFileType = sourcecode.swift; path = AppDelegate.swift; sourceTree = "<group>"; };
		9291C6E1233AEDC10049FAA0 /* SceneDelegate.swift */ = {isa = PBXFileReference; lastKnownFileType = sourcecode.swift; path = SceneDelegate.swift; sourceTree = "<group>"; };
		9291C6E3233AEDC10049FAA0 /* ViewController.swift */ = {isa = PBXFileReference; lastKnownFileType = sourcecode.swift; path = ViewController.swift; sourceTree = "<group>"; };
		9291C6E6233AEDC10049FAA0 /* Base */ = {isa = PBXFileReference; lastKnownFileType = file.storyboard; name = Base; path = Base.lproj/Main.storyboard; sourceTree = "<group>"; };
		9291C6E8233AEDC10049FAA0 /* Assets.xcassets */ = {isa = PBXFileReference; lastKnownFileType = folder.assetcatalog; path = Assets.xcassets; sourceTree = "<group>"; };
		9291C6EB233AEDC10049FAA0 /* Base */ = {isa = PBXFileReference; lastKnownFileType = file.storyboard; name = Base; path = Base.lproj/LaunchScreen.storyboard; sourceTree = "<group>"; };
		9291C6ED233AEDC10049FAA0 /* Info.plist */ = {isa = PBXFileReference; lastKnownFileType = text.plist.xml; path = Info.plist; sourceTree = "<group>"; };
		92D1EA71233B064C001FA29C /* LogoView.swift */ = {isa = PBXFileReference; lastKnownFileType = sourcecode.swift; path = LogoView.swift; sourceTree = "<group>"; };
/* End PBXFileReference section */

/* Begin PBXFrameworksBuildPhase section */
		9291C6D9233AEDC10049FAA0 /* Frameworks */ = {
			isa = PBXFrameworksBuildPhase;
			buildActionMask = 2147483647;
			files = (
			);
			runOnlyForDeploymentPostprocessing = 0;
		};
/* End PBXFrameworksBuildPhase section */

/* Begin PBXGroup section */
		9291C6D3233AEDC10049FAA0 = {
			isa = PBXGroup;
			children = (
				9291C6DE233AEDC10049FAA0 /* Logo Drawing */,
				9291C6DD233AEDC10049FAA0 /* Products */,
			);
			sourceTree = "<group>";
		};
		9291C6DD233AEDC10049FAA0 /* Products */ = {
			isa = PBXGroup;
			children = (
				9291C6DC233AEDC10049FAA0 /* Logo Drawing.app */,
			);
			name = Products;
			sourceTree = "<group>";
		};
		9291C6DE233AEDC10049FAA0 /* Logo Drawing */ = {
			isa = PBXGroup;
			children = (
				9291C6DF233AEDC10049FAA0 /* AppDelegate.swift */,
				9291C6E1233AEDC10049FAA0 /* SceneDelegate.swift */,
				9291C6E3233AEDC10049FAA0 /* ViewController.swift */,
				9291C6E5233AEDC10049FAA0 /* Main.storyboard */,
				9291C6E8233AEDC10049FAA0 /* Assets.xcassets */,
				9291C6EA233AEDC10049FAA0 /* LaunchScreen.storyboard */,
				9291C6ED233AEDC10049FAA0 /* Info.plist */,
				92D1EA71233B064C001FA29C /* LogoView.swift */,
			);
			path = "Logo Drawing";
			sourceTree = "<group>";
		};
/* End PBXGroup section */

/* Begin PBXNativeTarget section */
		9291C6DB233AEDC10049FAA0 /* Logo Drawing */ = {
			isa = PBXNativeTarget;
			buildConfigurationList = 9291C6F0233AEDC10049FAA0 /* Build configuration list for PBXNativeTarget "Logo Drawing" */;
			buildPhases = (
				9291C6D8233AEDC10049FAA0 /* Sources */,
				9291C6D9233AEDC10049FAA0 /* Frameworks */,
				9291C6DA233AEDC10049FAA0 /* Resources */,
			);
			buildRules = (
			);
			dependencies = (
			);
			name = "Logo Drawing";
			productName = "Logo Drawing";
			productReference = 9291C6DC233AEDC10049FAA0 /* Logo Drawing.app */;
			productType = "com.apple.product-type.application";
		};
/* End PBXNativeTarget section */

/* Begin PBXProject section */
		9291C6D4233AEDC10049FAA0 /* Project object */ = {
			isa = PBXProject;
			attributes = {
				LastSwiftUpdateCheck = 1100;
				LastUpgradeCheck = 1100;
				ORGANIZATIONNAME = "Lambda iOSPT2";
				TargetAttributes = {
					9291C6DB233AEDC10049FAA0 = {
						CreatedOnToolsVersion = 11.0;
					};
				};
			};
			buildConfigurationList = 9291C6D7233AEDC10049FAA0 /* Build configuration list for PBXProject "Logo Drawing" */;
			compatibilityVersion = "Xcode 9.3";
			developmentRegion = en;
			hasScannedForEncodings = 0;
			knownRegions = (
				en,
				Base,
			);
			mainGroup = 9291C6D3233AEDC10049FAA0;
			productRefGroup = 9291C6DD233AEDC10049FAA0 /* Products */;
			projectDirPath = "";
			projectRoot = "";
			targets = (
				9291C6DB233AEDC10049FAA0 /* Logo Drawing */,
			);
		};
/* End PBXProject section */

/* Begin PBXResourcesBuildPhase section */
		9291C6DA233AEDC10049FAA0 /* Resources */ = {
			isa = PBXResourcesBuildPhase;
			buildActionMask = 2147483647;
			files = (
				9291C6EC233AEDC10049FAA0 /* LaunchScreen.storyboard in Resources */,
				9291C6E9233AEDC10049FAA0 /* Assets.xcassets in Resources */,
				9291C6E7233AEDC10049FAA0 /* Main.storyboard in Resources */,
			);
			runOnlyForDeploymentPostprocessing = 0;
		};
/* End PBXResourcesBuildPhase section */

/* Begin PBXSourcesBuildPhase section */
		9291C6D8233AEDC10049FAA0 /* Sources */ = {
			isa = PBXSourcesBuildPhase;
			buildActionMask = 2147483647;
			files = (
				9291C6E4233AEDC10049FAA0 /* ViewController.swift in Sources */,
				92D1EA72233B064C001FA29C /* LogoView.swift in Sources */,
				9291C6E0233AEDC10049FAA0 /* AppDelegate.swift in Sources */,
				9291C6E2233AEDC10049FAA0 /* SceneDelegate.swift in Sources */,
			);
			runOnlyForDeploymentPostprocessing = 0;
		};
/* End PBXSourcesBuildPhase section */

/* Begin PBXVariantGroup section */
		9291C6E5233AEDC10049FAA0 /* Main.storyboard */ = {
			isa = PBXVariantGroup;
			children = (
				9291C6E6233AEDC10049FAA0 /* Base */,
			);
			name = Main.storyboard;
			sourceTree = "<group>";
		};
		9291C6EA233AEDC10049FAA0 /* LaunchScreen.storyboard */ = {
			isa = PBXVariantGroup;
			children = (
				9291C6EB233AEDC10049FAA0 /* Base */,
			);
			name = LaunchScreen.storyboard;
			sourceTree = "<group>";
		};
/* End PBXVariantGroup section */

/* Begin XCBuildConfiguration section */
		9291C6EE233AEDC10049FAA0 /* Debug */ = {
			isa = XCBuildConfiguration;
			buildSettings = {
				ALWAYS_SEARCH_USER_PATHS = NO;
				CLANG_ANALYZER_NONNULL = YES;
				CLANG_ANALYZER_NUMBER_OBJECT_CONVERSION = YES_AGGRESSIVE;
				CLANG_CXX_LANGUAGE_STANDARD = "gnu++14";
				CLANG_CXX_LIBRARY = "libc++";
				CLANG_ENABLE_MODULES = YES;
				CLANG_ENABLE_OBJC_ARC = YES;
				CLANG_ENABLE_OBJC_WEAK = YES;
				CLANG_WARN_BLOCK_CAPTURE_AUTORELEASING = YES;
				CLANG_WARN_BOOL_CONVERSION = YES;
				CLANG_WARN_COMMA = YES;
				CLANG_WARN_CONSTANT_CONVERSION = YES;
				CLANG_WARN_DEPRECATED_OBJC_IMPLEMENTATIONS = YES;
				CLANG_WARN_DIRECT_OBJC_ISA_USAGE = YES_ERROR;
				CLANG_WARN_DOCUMENTATION_COMMENTS = YES;
				CLANG_WARN_EMPTY_BODY = YES;
				CLANG_WARN_ENUM_CONVERSION = YES;
				CLANG_WARN_INFINITE_RECURSION = YES;
				CLANG_WARN_INT_CONVERSION = YES;
				CLANG_WARN_NON_LITERAL_NULL_CONVERSION = YES;
				CLANG_WARN_OBJC_IMPLICIT_RETAIN_SELF = YES;
				CLANG_WARN_OBJC_LITERAL_CONVERSION = YES;
				CLANG_WARN_OBJC_ROOT_CLASS = YES_ERROR;
				CLANG_WARN_RANGE_LOOP_ANALYSIS = YES;
				CLANG_WARN_STRICT_PROTOTYPES = YES;
				CLANG_WARN_SUSPICIOUS_MOVE = YES;
				CLANG_WARN_UNGUARDED_AVAILABILITY = YES_AGGRESSIVE;
				CLANG_WARN_UNREACHABLE_CODE = YES;
				CLANG_WARN__DUPLICATE_METHOD_MATCH = YES;
				COPY_PHASE_STRIP = NO;
				DEBUG_INFORMATION_FORMAT = dwarf;
				ENABLE_STRICT_OBJC_MSGSEND = YES;
				ENABLE_TESTABILITY = YES;
				GCC_C_LANGUAGE_STANDARD = gnu11;
				GCC_DYNAMIC_NO_PIC = NO;
				GCC_NO_COMMON_BLOCKS = YES;
				GCC_OPTIMIZATION_LEVEL = 0;
				GCC_PREPROCESSOR_DEFINITIONS = (
					"DEBUG=1",
					"$(inherited)",
				);
				GCC_WARN_64_TO_32_BIT_CONVERSION = YES;
				GCC_WARN_ABOUT_RETURN_TYPE = YES_ERROR;
				GCC_WARN_UNDECLARED_SELECTOR = YES;
				GCC_WARN_UNINITIALIZED_AUTOS = YES_AGGRESSIVE;
				GCC_WARN_UNUSED_FUNCTION = YES;
				GCC_WARN_UNUSED_VARIABLE = YES;
				IPHONEOS_DEPLOYMENT_TARGET = 13.0;
				MTL_ENABLE_DEBUG_INFO = INCLUDE_SOURCE;
				MTL_FAST_MATH = YES;
				ONLY_ACTIVE_ARCH = YES;
				SDKROOT = iphoneos;
				SWIFT_ACTIVE_COMPILATION_CONDITIONS = DEBUG;
				SWIFT_OPTIMIZATION_LEVEL = "-Onone";
			};
			name = Debug;
		};
		9291C6EF233AEDC10049FAA0 /* Release */ = {
			isa = XCBuildConfiguration;
			buildSettings = {
				ALWAYS_SEARCH_USER_PATHS = NO;
				CLANG_ANALYZER_NONNULL = YES;
				CLANG_ANALYZER_NUMBER_OBJECT_CONVERSION = YES_AGGRESSIVE;
				CLANG_CXX_LANGUAGE_STANDARD = "gnu++14";
				CLANG_CXX_LIBRARY = "libc++";
				CLANG_ENABLE_MODULES = YES;
				CLANG_ENABLE_OBJC_ARC = YES;
				CLANG_ENABLE_OBJC_WEAK = YES;
				CLANG_WARN_BLOCK_CAPTURE_AUTORELEASING = YES;
				CLANG_WARN_BOOL_CONVERSION = YES;
				CLANG_WARN_COMMA = YES;
				CLANG_WARN_CONSTANT_CONVERSION = YES;
				CLANG_WARN_DEPRECATED_OBJC_IMPLEMENTATIONS = YES;
				CLANG_WARN_DIRECT_OBJC_ISA_USAGE = YES_ERROR;
				CLANG_WARN_DOCUMENTATION_COMMENTS = YES;
				CLANG_WARN_EMPTY_BODY = YES;
				CLANG_WARN_ENUM_CONVERSION = YES;
				CLANG_WARN_INFINITE_RECURSION = YES;
				CLANG_WARN_INT_CONVERSION = YES;
				CLANG_WARN_NON_LITERAL_NULL_CONVERSION = YES;
				CLANG_WARN_OBJC_IMPLICIT_RETAIN_SELF = YES;
				CLANG_WARN_OBJC_LITERAL_CONVERSION = YES;
				CLANG_WARN_OBJC_ROOT_CLASS = YES_ERROR;
				CLANG_WARN_RANGE_LOOP_ANALYSIS = YES;
				CLANG_WARN_STRICT_PROTOTYPES = YES;
				CLANG_WARN_SUSPICIOUS_MOVE = YES;
				CLANG_WARN_UNGUARDED_AVAILABILITY = YES_AGGRESSIVE;
				CLANG_WARN_UNREACHABLE_CODE = YES;
				CLANG_WARN__DUPLICATE_METHOD_MATCH = YES;
				COPY_PHASE_STRIP = NO;
				DEBUG_INFORMATION_FORMAT = "dwarf-with-dsym";
				ENABLE_NS_ASSERTIONS = NO;
				ENABLE_STRICT_OBJC_MSGSEND = YES;
				GCC_C_LANGUAGE_STANDARD = gnu11;
				GCC_NO_COMMON_BLOCKS = YES;
				GCC_WARN_64_TO_32_BIT_CONVERSION = YES;
				GCC_WARN_ABOUT_RETURN_TYPE = YES_ERROR;
				GCC_WARN_UNDECLARED_SELECTOR = YES;
				GCC_WARN_UNINITIALIZED_AUTOS = YES_AGGRESSIVE;
				GCC_WARN_UNUSED_FUNCTION = YES;
				GCC_WARN_UNUSED_VARIABLE = YES;
				IPHONEOS_DEPLOYMENT_TARGET = 13.0;
				MTL_ENABLE_DEBUG_INFO = NO;
				MTL_FAST_MATH = YES;
				SDKROOT = iphoneos;
				SWIFT_COMPILATION_MODE = wholemodule;
				SWIFT_OPTIMIZATION_LEVEL = "-O";
				VALIDATE_PRODUCT = YES;
			};
			name = Release;
		};
		9291C6F1233AEDC10049FAA0 /* Debug */ = {
			isa = XCBuildConfiguration;
			buildSettings = {
				ASSETCATALOG_COMPILER_APPICON_NAME = AppIcon;
				CODE_SIGN_STYLE = Automatic;
				DEVELOPMENT_TEAM = B22A9UYX67;
				INFOPLIST_FILE = "Logo Drawing/Info.plist";
				LD_RUNPATH_SEARCH_PATHS = (
					"$(inherited)",
					"@executable_path/Frameworks",
				);
				PRODUCT_BUNDLE_IDENTIFIER = "com.lambda.iospt2.Logo-Drawing";
				PRODUCT_NAME = "$(TARGET_NAME)";
				SWIFT_VERSION = 5.0;
				TARGETED_DEVICE_FAMILY = "1,2";
			};
			name = Debug;
		};
		9291C6F2233AEDC10049FAA0 /* Release */ = {
			isa = XCBuildConfiguration;
			buildSettings = {
				ASSETCATALOG_COMPILER_APPICON_NAME = AppIcon;
				CODE_SIGN_STYLE = Automatic;
				DEVELOPMENT_TEAM = B22A9UYX67;
				INFOPLIST_FILE = "Logo Drawing/Info.plist";
				LD_RUNPATH_SEARCH_PATHS = (
					"$(inherited)",
					"@executable_path/Frameworks",
				);
				PRODUCT_BUNDLE_IDENTIFIER = "com.lambda.iospt2.Logo-Drawing";
				PRODUCT_NAME = "$(TARGET_NAME)";
				SWIFT_VERSION = 5.0;
				TARGETED_DEVICE_FAMILY = "1,2";
			};
			name = Release;
		};
/* End XCBuildConfiguration section */

/* Begin XCConfigurationList section */
		9291C6D7233AEDC10049FAA0 /* Build configuration list for PBXProject "Logo Drawing" */ = {
			isa = XCConfigurationList;
			buildConfigurations = (
				9291C6EE233AEDC10049FAA0 /* Debug */,
				9291C6EF233AEDC10049FAA0 /* Release */,
			);
			defaultConfigurationIsVisible = 0;
			defaultConfigurationName = Release;
		};
		9291C6F0233AEDC10049FAA0 /* Build configuration list for PBXNativeTarget "Logo Drawing" */ = {
			isa = XCConfigurationList;
			buildConfigurations = (
				9291C6F1233AEDC10049FAA0 /* Debug */,
				9291C6F2233AEDC10049FAA0 /* Release */,
			);
			defaultConfigurationIsVisible = 0;
			defaultConfigurationName = Release;
		};
/* End XCConfigurationList section */
	};
	rootObject = 9291C6D4233AEDC10049FAA0 /* Project object */;
}
