// !$*UTF8*$!
{
	archiveVersion = 1;
	classes = {
	};
	objectVersion = 50;
	objects = {

/* Begin PBXBuildFile section */
		7CADA5C924D10DCB00E4DEB5 /* AppDelegate.swift in Sources */ = {isa = PBXBuildFile; fileRef = 7CADA5C824D10DCB00E4DEB5 /* AppDelegate.swift */; };
		7CADA5CB24D10DCB00E4DEB5 /* SceneDelegate.swift in Sources */ = {isa = PBXBuildFile; fileRef = 7CADA5CA24D10DCB00E4DEB5 /* SceneDelegate.swift */; };
		7CADA5D024D10DCB00E4DEB5 /* Main.storyboard in Resources */ = {isa = PBXBuildFile; fileRef = 7CADA5CE24D10DCB00E4DEB5 /* Main.storyboard */; };
		7CADA5D224D10DCF00E4DEB5 /* Assets.xcassets in Resources */ = {isa = PBXBuildFile; fileRef = 7CADA5D124D10DCF00E4DEB5 /* Assets.xcassets */; };
		7CADA5D524D10DCF00E4DEB5 /* LaunchScreen.storyboard in Resources */ = {isa = PBXBuildFile; fileRef = 7CADA5D324D10DCF00E4DEB5 /* LaunchScreen.storyboard */; };
		7CADA5E124D10F2000E4DEB5 /* Logo.swift in Sources */ = {isa = PBXBuildFile; fileRef = 7CADA5E024D10F2000E4DEB5 /* Logo.swift */; };
/* End PBXBuildFile section */

/* Begin PBXFileReference section */
		7CADA5C524D10DCB00E4DEB5 /* iosLogo.app */ = {isa = PBXFileReference; explicitFileType = wrapper.application; includeInIndex = 0; path = iosLogo.app; sourceTree = BUILT_PRODUCTS_DIR; };
		7CADA5C824D10DCB00E4DEB5 /* AppDelegate.swift */ = {isa = PBXFileReference; lastKnownFileType = sourcecode.swift; path = AppDelegate.swift; sourceTree = "<group>"; };
		7CADA5CA24D10DCB00E4DEB5 /* SceneDelegate.swift */ = {isa = PBXFileReference; lastKnownFileType = sourcecode.swift; path = SceneDelegate.swift; sourceTree = "<group>"; };
		7CADA5CF24D10DCB00E4DEB5 /* Base */ = {isa = PBXFileReference; lastKnownFileType = file.storyboard; name = Base; path = Base.lproj/Main.storyboard; sourceTree = "<group>"; };
		7CADA5D124D10DCF00E4DEB5 /* Assets.xcassets */ = {isa = PBXFileReference; lastKnownFileType = folder.assetcatalog; path = Assets.xcassets; sourceTree = "<group>"; };
		7CADA5D424D10DCF00E4DEB5 /* Base */ = {isa = PBXFileReference; lastKnownFileType = file.storyboard; name = Base; path = Base.lproj/LaunchScreen.storyboard; sourceTree = "<group>"; };
		7CADA5D624D10DCF00E4DEB5 /* Info.plist */ = {isa = PBXFileReference; lastKnownFileType = text.plist.xml; path = Info.plist; sourceTree = "<group>"; };
		7CADA5E024D10F2000E4DEB5 /* Logo.swift */ = {isa = PBXFileReference; lastKnownFileType = sourcecode.swift; path = Logo.swift; sourceTree = "<group>"; };
/* End PBXFileReference section */

/* Begin PBXFrameworksBuildPhase section */
		7CADA5C224D10DCB00E4DEB5 /* Frameworks */ = {
			isa = PBXFrameworksBuildPhase;
			buildActionMask = 2147483647;
			files = (
			);
			runOnlyForDeploymentPostprocessing = 0;
		};
/* End PBXFrameworksBuildPhase section */

/* Begin PBXGroup section */
		7CADA5BC24D10DCB00E4DEB5 = {
			isa = PBXGroup;
			children = (
				7CADA5C724D10DCB00E4DEB5 /* iosLogo */,
				7CADA5C624D10DCB00E4DEB5 /* Products */,
			);
			sourceTree = "<group>";
		};
		7CADA5C624D10DCB00E4DEB5 /* Products */ = {
			isa = PBXGroup;
			children = (
				7CADA5C524D10DCB00E4DEB5 /* iosLogo.app */,
			);
			name = Products;
			sourceTree = "<group>";
		};
		7CADA5C724D10DCB00E4DEB5 /* iosLogo */ = {
			isa = PBXGroup;
			children = (
				7CADA5C824D10DCB00E4DEB5 /* AppDelegate.swift */,
				7CADA5CA24D10DCB00E4DEB5 /* SceneDelegate.swift */,
				7CADA5E024D10F2000E4DEB5 /* Logo.swift */,
				7CADA5CE24D10DCB00E4DEB5 /* Main.storyboard */,
				7CADA5D124D10DCF00E4DEB5 /* Assets.xcassets */,
				7CADA5D324D10DCF00E4DEB5 /* LaunchScreen.storyboard */,
				7CADA5D624D10DCF00E4DEB5 /* Info.plist */,
			);
			path = iosLogo;
			sourceTree = "<group>";
		};
/* End PBXGroup section */

/* Begin PBXNativeTarget section */
		7CADA5C424D10DCB00E4DEB5 /* iosLogo */ = {
			isa = PBXNativeTarget;
			buildConfigurationList = 7CADA5D924D10DCF00E4DEB5 /* Build configuration list for PBXNativeTarget "iosLogo" */;
			buildPhases = (
				7CADA5C124D10DCB00E4DEB5 /* Sources */,
				7CADA5C224D10DCB00E4DEB5 /* Frameworks */,
				7CADA5C324D10DCB00E4DEB5 /* Resources */,
			);
			buildRules = (
			);
			dependencies = (
			);
			name = iosLogo;
			productName = iosLogo;
			productReference = 7CADA5C524D10DCB00E4DEB5 /* iosLogo.app */;
			productType = "com.apple.product-type.application";
		};
/* End PBXNativeTarget section */

/* Begin PBXProject section */
		7CADA5BD24D10DCB00E4DEB5 /* Project object */ = {
			isa = PBXProject;
			attributes = {
				LastSwiftUpdateCheck = 1160;
				LastUpgradeCheck = 1160;
				ORGANIZATIONNAME = Lambda;
				TargetAttributes = {
					7CADA5C424D10DCB00E4DEB5 = {
						CreatedOnToolsVersion = 11.6;
					};
				};
			};
			buildConfigurationList = 7CADA5C024D10DCB00E4DEB5 /* Build configuration list for PBXProject "iosLogo" */;
			compatibilityVersion = "Xcode 9.3";
			developmentRegion = en;
			hasScannedForEncodings = 0;
			knownRegions = (
				en,
				Base,
			);
			mainGroup = 7CADA5BC24D10DCB00E4DEB5;
			productRefGroup = 7CADA5C624D10DCB00E4DEB5 /* Products */;
			projectDirPath = "";
			projectRoot = "";
			targets = (
				7CADA5C424D10DCB00E4DEB5 /* iosLogo */,
			);
		};
/* End PBXProject section */

/* Begin PBXResourcesBuildPhase section */
		7CADA5C324D10DCB00E4DEB5 /* Resources */ = {
			isa = PBXResourcesBuildPhase;
			buildActionMask = 2147483647;
			files = (
				7CADA5D524D10DCF00E4DEB5 /* LaunchScreen.storyboard in Resources */,
				7CADA5D224D10DCF00E4DEB5 /* Assets.xcassets in Resources */,
				7CADA5D024D10DCB00E4DEB5 /* Main.storyboard in Resources */,
			);
			runOnlyForDeploymentPostprocessing = 0;
		};
/* End PBXResourcesBuildPhase section */

/* Begin PBXSourcesBuildPhase section */
		7CADA5C124D10DCB00E4DEB5 /* Sources */ = {
			isa = PBXSourcesBuildPhase;
			buildActionMask = 2147483647;
			files = (
				7CADA5C924D10DCB00E4DEB5 /* AppDelegate.swift in Sources */,
				7CADA5E124D10F2000E4DEB5 /* Logo.swift in Sources */,
				7CADA5CB24D10DCB00E4DEB5 /* SceneDelegate.swift in Sources */,
			);
			runOnlyForDeploymentPostprocessing = 0;
		};
/* End PBXSourcesBuildPhase section */

/* Begin PBXVariantGroup section */
		7CADA5CE24D10DCB00E4DEB5 /* Main.storyboard */ = {
			isa = PBXVariantGroup;
			children = (
				7CADA5CF24D10DCB00E4DEB5 /* Base */,
			);
			name = Main.storyboard;
			sourceTree = "<group>";
		};
		7CADA5D324D10DCF00E4DEB5 /* LaunchScreen.storyboard */ = {
			isa = PBXVariantGroup;
			children = (
				7CADA5D424D10DCF00E4DEB5 /* Base */,
			);
			name = LaunchScreen.storyboard;
			sourceTree = "<group>";
		};
/* End PBXVariantGroup section */

/* Begin XCBuildConfiguration section */
		7CADA5D724D10DCF00E4DEB5 /* Debug */ = {
			isa = XCBuildConfiguration;
			buildSettings = {
				ALWAYS_SEARCH_USER_PATHS = NO;
				CLANG_ANALYZER_NONNULL = YES;
				CLANG_ANALYZER_NUMBER_OBJECT_CONVERSION = YES_AGGRESSIVE;
				CLANG_CXX_LANGUAGE_STANDARD = "gnu++14";
				CLANG_CXX_LIBRARY = "libc++";
				CLANG_ENABLE_MODULES = YES;
				CLANG_ENABLE_OBJC_ARC = YES;
				CLANG_ENABLE_OBJC_WEAK = YES;
				CLANG_WARN_BLOCK_CAPTURE_AUTORELEASING = YES;
				CLANG_WARN_BOOL_CONVERSION = YES;
				CLANG_WARN_COMMA = YES;
				CLANG_WARN_CONSTANT_CONVERSION = YES;
				CLANG_WARN_DEPRECATED_OBJC_IMPLEMENTATIONS = YES;
				CLANG_WARN_DIRECT_OBJC_ISA_USAGE = YES_ERROR;
				CLANG_WARN_DOCUMENTATION_COMMENTS = YES;
				CLANG_WARN_EMPTY_BODY = YES;
				CLANG_WARN_ENUM_CONVERSION = YES;
				CLANG_WARN_INFINITE_RECURSION = YES;
				CLANG_WARN_INT_CONVERSION = YES;
				CLANG_WARN_NON_LITERAL_NULL_CONVERSION = YES;
				CLANG_WARN_OBJC_IMPLICIT_RETAIN_SELF = YES;
				CLANG_WARN_OBJC_LITERAL_CONVERSION = YES;
				CLANG_WARN_OBJC_ROOT_CLASS = YES_ERROR;
				CLANG_WARN_RANGE_LOOP_ANALYSIS = YES;
				CLANG_WARN_STRICT_PROTOTYPES = YES;
				CLANG_WARN_SUSPICIOUS_MOVE = YES;
				CLANG_WARN_UNGUARDED_AVAILABILITY = YES_AGGRESSIVE;
				CLANG_WARN_UNREACHABLE_CODE = YES;
				CLANG_WARN__DUPLICATE_METHOD_MATCH = YES;
				COPY_PHASE_STRIP = NO;
				DEBUG_INFORMATION_FORMAT = dwarf;
				ENABLE_STRICT_OBJC_MSGSEND = YES;
				ENABLE_TESTABILITY = YES;
				GCC_C_LANGUAGE_STANDARD = gnu11;
				GCC_DYNAMIC_NO_PIC = NO;
				GCC_NO_COMMON_BLOCKS = YES;
				GCC_OPTIMIZATION_LEVEL = 0;
				GCC_PREPROCESSOR_DEFINITIONS = (
					"DEBUG=1",
					"$(inherited)",
				);
				GCC_WARN_64_TO_32_BIT_CONVERSION = YES;
				GCC_WARN_ABOUT_RETURN_TYPE = YES_ERROR;
				GCC_WARN_UNDECLARED_SELECTOR = YES;
				GCC_WARN_UNINITIALIZED_AUTOS = YES_AGGRESSIVE;
				GCC_WARN_UNUSED_FUNCTION = YES;
				GCC_WARN_UNUSED_VARIABLE = YES;
				IPHONEOS_DEPLOYMENT_TARGET = 13.6;
				MTL_ENABLE_DEBUG_INFO = INCLUDE_SOURCE;
				MTL_FAST_MATH = YES;
				ONLY_ACTIVE_ARCH = YES;
				SDKROOT = iphoneos;
				SWIFT_ACTIVE_COMPILATION_CONDITIONS = DEBUG;
				SWIFT_OPTIMIZATION_LEVEL = "-Onone";
			};
			name = Debug;
		};
		7CADA5D824D10DCF00E4DEB5 /* Release */ = {
			isa = XCBuildConfiguration;
			buildSettings = {
				ALWAYS_SEARCH_USER_PATHS = NO;
				CLANG_ANALYZER_NONNULL = YES;
				CLANG_ANALYZER_NUMBER_OBJECT_CONVERSION = YES_AGGRESSIVE;
				CLANG_CXX_LANGUAGE_STANDARD = "gnu++14";
				CLANG_CXX_LIBRARY = "libc++";
				CLANG_ENABLE_MODULES = YES;
				CLANG_ENABLE_OBJC_ARC = YES;
				CLANG_ENABLE_OBJC_WEAK = YES;
				CLANG_WARN_BLOCK_CAPTURE_AUTORELEASING = YES;
				CLANG_WARN_BOOL_CONVERSION = YES;
				CLANG_WARN_COMMA = YES;
				CLANG_WARN_CONSTANT_CONVERSION = YES;
				CLANG_WARN_DEPRECATED_OBJC_IMPLEMENTATIONS = YES;
				CLANG_WARN_DIRECT_OBJC_ISA_USAGE = YES_ERROR;
				CLANG_WARN_DOCUMENTATION_COMMENTS = YES;
				CLANG_WARN_EMPTY_BODY = YES;
				CLANG_WARN_ENUM_CONVERSION = YES;
				CLANG_WARN_INFINITE_RECURSION = YES;
				CLANG_WARN_INT_CONVERSION = YES;
				CLANG_WARN_NON_LITERAL_NULL_CONVERSION = YES;
				CLANG_WARN_OBJC_IMPLICIT_RETAIN_SELF = YES;
				CLANG_WARN_OBJC_LITERAL_CONVERSION = YES;
				CLANG_WARN_OBJC_ROOT_CLASS = YES_ERROR;
				CLANG_WARN_RANGE_LOOP_ANALYSIS = YES;
				CLANG_WARN_STRICT_PROTOTYPES = YES;
				CLANG_WARN_SUSPICIOUS_MOVE = YES;
				CLANG_WARN_UNGUARDED_AVAILABILITY = YES_AGGRESSIVE;
				CLANG_WARN_UNREACHABLE_CODE = YES;
				CLANG_WARN__DUPLICATE_METHOD_MATCH = YES;
				COPY_PHASE_STRIP = NO;
				DEBUG_INFORMATION_FORMAT = "dwarf-with-dsym";
				ENABLE_NS_ASSERTIONS = NO;
				ENABLE_STRICT_OBJC_MSGSEND = YES;
				GCC_C_LANGUAGE_STANDARD = gnu11;
				GCC_NO_COMMON_BLOCKS = YES;
				GCC_WARN_64_TO_32_BIT_CONVERSION = YES;
				GCC_WARN_ABOUT_RETURN_TYPE = YES_ERROR;
				GCC_WARN_UNDECLARED_SELECTOR = YES;
				GCC_WARN_UNINITIALIZED_AUTOS = YES_AGGRESSIVE;
				GCC_WARN_UNUSED_FUNCTION = YES;
				GCC_WARN_UNUSED_VARIABLE = YES;
				IPHONEOS_DEPLOYMENT_TARGET = 13.6;
				MTL_ENABLE_DEBUG_INFO = NO;
				MTL_FAST_MATH = YES;
				SDKROOT = iphoneos;
				SWIFT_COMPILATION_MODE = wholemodule;
				SWIFT_OPTIMIZATION_LEVEL = "-O";
				VALIDATE_PRODUCT = YES;
			};
			name = Release;
		};
		7CADA5DA24D10DCF00E4DEB5 /* Debug */ = {
			isa = XCBuildConfiguration;
			buildSettings = {
				ASSETCATALOG_COMPILER_APPICON_NAME = AppIcon;
				CODE_SIGN_STYLE = Automatic;
				INFOPLIST_FILE = iosLogo/Info.plist;
				LD_RUNPATH_SEARCH_PATHS = (
					"$(inherited)",
					"@executable_path/Frameworks",
				);
				PRODUCT_BUNDLE_IDENTIFIER = LambdaSchool.iosLogo;
				PRODUCT_NAME = "$(TARGET_NAME)";
				SWIFT_VERSION = 5.0;
				TARGETED_DEVICE_FAMILY = "1,2";
			};
			name = Debug;
		};
		7CADA5DB24D10DCF00E4DEB5 /* Release */ = {
			isa = XCBuildConfiguration;
			buildSettings = {
				ASSETCATALOG_COMPILER_APPICON_NAME = AppIcon;
				CODE_SIGN_STYLE = Automatic;
				INFOPLIST_FILE = iosLogo/Info.plist;
				LD_RUNPATH_SEARCH_PATHS = (
					"$(inherited)",
					"@executable_path/Frameworks",
				);
				PRODUCT_BUNDLE_IDENTIFIER = LambdaSchool.iosLogo;
				PRODUCT_NAME = "$(TARGET_NAME)";
				SWIFT_VERSION = 5.0;
				TARGETED_DEVICE_FAMILY = "1,2";
			};
			name = Release;
		};
/* End XCBuildConfiguration section */

/* Begin XCConfigurationList section */
		7CADA5C024D10DCB00E4DEB5 /* Build configuration list for PBXProject "iosLogo" */ = {
			isa = XCConfigurationList;
			buildConfigurations = (
				7CADA5D724D10DCF00E4DEB5 /* Debug */,
				7CADA5D824D10DCF00E4DEB5 /* Release */,
			);
			defaultConfigurationIsVisible = 0;
			defaultConfigurationName = Release;
		};
		7CADA5D924D10DCF00E4DEB5 /* Build configuration list for PBXNativeTarget "iosLogo" */ = {
			isa = XCConfigurationList;
			buildConfigurations = (
				7CADA5DA24D10DCF00E4DEB5 /* Debug */,
				7CADA5DB24D10DCF00E4DEB5 /* Release */,
			);
			defaultConfigurationIsVisible = 0;
			defaultConfigurationName = Release;
		};
/* End XCConfigurationList section */
	};
	rootObject = 7CADA5BD24D10DCB00E4DEB5 /* Project object */;
}
