// !$*UTF8*$!
{
	archiveVersion = 1;
	classes = {
	};
	objectVersion = 50;
	objects = {

/* Begin PBXBuildFile section */
		2C342F6123FDE0640087551D /* AppDelegate.swift in Sources */ = {isa = PBXBuildFile; fileRef = 2C342F6023FDE0640087551D /* AppDelegate.swift */; };
		2C342F6323FDE0640087551D /* SceneDelegate.swift in Sources */ = {isa = PBXBuildFile; fileRef = 2C342F6223FDE0640087551D /* SceneDelegate.swift */; };
		2C342F6523FDE0640087551D /* ViewController.swift in Sources */ = {isa = PBXBuildFile; fileRef = 2C342F6423FDE0640087551D /* ViewController.swift */; };
		2C342F6823FDE0640087551D /* Main.storyboard in Resources */ = {isa = PBXBuildFile; fileRef = 2C342F6623FDE0640087551D /* Main.storyboard */; };
		2C342F6A23FDE0650087551D /* Assets.xcassets in Resources */ = {isa = PBXBuildFile; fileRef = 2C342F6923FDE0650087551D /* Assets.xcassets */; };
		2C342F6D23FDE0650087551D /* LaunchScreen.storyboard in Resources */ = {isa = PBXBuildFile; fileRef = 2C342F6B23FDE0650087551D /* LaunchScreen.storyboard */; };
		2C342F7523FDE1070087551D /* LogoView.swift in Sources */ = {isa = PBXBuildFile; fileRef = 2C342F7423FDE1070087551D /* LogoView.swift */; };
/* End PBXBuildFile section */

/* Begin PBXFileReference section */
		2C342F5D23FDE0640087551D /* LambdaLogo.app */ = {isa = PBXFileReference; explicitFileType = wrapper.application; includeInIndex = 0; path = LambdaLogo.app; sourceTree = BUILT_PRODUCTS_DIR; };
		2C342F6023FDE0640087551D /* AppDelegate.swift */ = {isa = PBXFileReference; lastKnownFileType = sourcecode.swift; path = AppDelegate.swift; sourceTree = "<group>"; };
		2C342F6223FDE0640087551D /* SceneDelegate.swift */ = {isa = PBXFileReference; lastKnownFileType = sourcecode.swift; path = SceneDelegate.swift; sourceTree = "<group>"; };
		2C342F6423FDE0640087551D /* ViewController.swift */ = {isa = PBXFileReference; lastKnownFileType = sourcecode.swift; path = ViewController.swift; sourceTree = "<group>"; };
		2C342F6723FDE0640087551D /* Base */ = {isa = PBXFileReference; lastKnownFileType = file.storyboard; name = Base; path = Base.lproj/Main.storyboard; sourceTree = "<group>"; };
		2C342F6923FDE0650087551D /* Assets.xcassets */ = {isa = PBXFileReference; lastKnownFileType = folder.assetcatalog; path = Assets.xcassets; sourceTree = "<group>"; };
		2C342F6C23FDE0650087551D /* Base */ = {isa = PBXFileReference; lastKnownFileType = file.storyboard; name = Base; path = Base.lproj/LaunchScreen.storyboard; sourceTree = "<group>"; };
		2C342F6E23FDE0650087551D /* Info.plist */ = {isa = PBXFileReference; lastKnownFileType = text.plist.xml; path = Info.plist; sourceTree = "<group>"; };
		2C342F7423FDE1070087551D /* LogoView.swift */ = {isa = PBXFileReference; lastKnownFileType = sourcecode.swift; path = LogoView.swift; sourceTree = "<group>"; };
/* End PBXFileReference section */

/* Begin PBXFrameworksBuildPhase section */
		2C342F5A23FDE0640087551D /* Frameworks */ = {
			isa = PBXFrameworksBuildPhase;
			buildActionMask = 2147483647;
			files = (
			);
			runOnlyForDeploymentPostprocessing = 0;
		};
/* End PBXFrameworksBuildPhase section */

/* Begin PBXGroup section */
		2C342F5423FDE0630087551D = {
			isa = PBXGroup;
			children = (
				2C342F5F23FDE0640087551D /* LambdaLogo */,
				2C342F5E23FDE0640087551D /* Products */,
			);
			sourceTree = "<group>";
		};
		2C342F5E23FDE0640087551D /* Products */ = {
			isa = PBXGroup;
			children = (
				2C342F5D23FDE0640087551D /* LambdaLogo.app */,
			);
			name = Products;
			sourceTree = "<group>";
		};
		2C342F5F23FDE0640087551D /* LambdaLogo */ = {
			isa = PBXGroup;
			children = (
				2C342F6023FDE0640087551D /* AppDelegate.swift */,
				2C342F6223FDE0640087551D /* SceneDelegate.swift */,
				2C342F6423FDE0640087551D /* ViewController.swift */,
				2C342F7423FDE1070087551D /* LogoView.swift */,
				2C342F6623FDE0640087551D /* Main.storyboard */,
				2C342F6923FDE0650087551D /* Assets.xcassets */,
				2C342F6B23FDE0650087551D /* LaunchScreen.storyboard */,
				2C342F6E23FDE0650087551D /* Info.plist */,
			);
			path = LambdaLogo;
			sourceTree = "<group>";
		};
/* End PBXGroup section */

/* Begin PBXNativeTarget section */
		2C342F5C23FDE0640087551D /* LambdaLogo */ = {
			isa = PBXNativeTarget;
			buildConfigurationList = 2C342F7123FDE0650087551D /* Build configuration list for PBXNativeTarget "LambdaLogo" */;
			buildPhases = (
				2C342F5923FDE0640087551D /* Sources */,
				2C342F5A23FDE0640087551D /* Frameworks */,
				2C342F5B23FDE0640087551D /* Resources */,
			);
			buildRules = (
			);
			dependencies = (
			);
			name = LambdaLogo;
			productName = LambdaLogo;
			productReference = 2C342F5D23FDE0640087551D /* LambdaLogo.app */;
			productType = "com.apple.product-type.application";
		};
/* End PBXNativeTarget section */

/* Begin PBXProject section */
		2C342F5523FDE0630087551D /* Project object */ = {
			isa = PBXProject;
			attributes = {
				LastSwiftUpdateCheck = 1130;
				LastUpgradeCheck = 1130;
				ORGANIZATIONNAME = "Tobi Kuyoro";
				TargetAttributes = {
					2C342F5C23FDE0640087551D = {
						CreatedOnToolsVersion = 11.3;
					};
				};
			};
			buildConfigurationList = 2C342F5823FDE0630087551D /* Build configuration list for PBXProject "LambdaLogo" */;
			compatibilityVersion = "Xcode 9.3";
			developmentRegion = en;
			hasScannedForEncodings = 0;
			knownRegions = (
				en,
				Base,
			);
			mainGroup = 2C342F5423FDE0630087551D;
			productRefGroup = 2C342F5E23FDE0640087551D /* Products */;
			projectDirPath = "";
			projectRoot = "";
			targets = (
				2C342F5C23FDE0640087551D /* LambdaLogo */,
			);
		};
/* End PBXProject section */

/* Begin PBXResourcesBuildPhase section */
		2C342F5B23FDE0640087551D /* Resources */ = {
			isa = PBXResourcesBuildPhase;
			buildActionMask = 2147483647;
			files = (
				2C342F6D23FDE0650087551D /* LaunchScreen.storyboard in Resources */,
				2C342F6A23FDE0650087551D /* Assets.xcassets in Resources */,
				2C342F6823FDE0640087551D /* Main.storyboard in Resources */,
			);
			runOnlyForDeploymentPostprocessing = 0;
		};
/* End PBXResourcesBuildPhase section */

/* Begin PBXSourcesBuildPhase section */
		2C342F5923FDE0640087551D /* Sources */ = {
			isa = PBXSourcesBuildPhase;
			buildActionMask = 2147483647;
			files = (
				2C342F6523FDE0640087551D /* ViewController.swift in Sources */,
				2C342F7523FDE1070087551D /* LogoView.swift in Sources */,
				2C342F6123FDE0640087551D /* AppDelegate.swift in Sources */,
				2C342F6323FDE0640087551D /* SceneDelegate.swift in Sources */,
			);
			runOnlyForDeploymentPostprocessing = 0;
		};
/* End PBXSourcesBuildPhase section */

/* Begin PBXVariantGroup section */
		2C342F6623FDE0640087551D /* Main.storyboard */ = {
			isa = PBXVariantGroup;
			children = (
				2C342F6723FDE0640087551D /* Base */,
			);
			name = Main.storyboard;
			sourceTree = "<group>";
		};
		2C342F6B23FDE0650087551D /* LaunchScreen.storyboard */ = {
			isa = PBXVariantGroup;
			children = (
				2C342F6C23FDE0650087551D /* Base */,
			);
			name = LaunchScreen.storyboard;
			sourceTree = "<group>";
		};
/* End PBXVariantGroup section */

/* Begin XCBuildConfiguration section */
		2C342F6F23FDE0650087551D /* Debug */ = {
			isa = XCBuildConfiguration;
			buildSettings = {
				ALWAYS_SEARCH_USER_PATHS = NO;
				CLANG_ANALYZER_NONNULL = YES;
				CLANG_ANALYZER_NUMBER_OBJECT_CONVERSION = YES_AGGRESSIVE;
				CLANG_CXX_LANGUAGE_STANDARD = "gnu++14";
				CLANG_CXX_LIBRARY = "libc++";
				CLANG_ENABLE_MODULES = YES;
				CLANG_ENABLE_OBJC_ARC = YES;
				CLANG_ENABLE_OBJC_WEAK = YES;
				CLANG_WARN_BLOCK_CAPTURE_AUTORELEASING = YES;
				CLANG_WARN_BOOL_CONVERSION = YES;
				CLANG_WARN_COMMA = YES;
				CLANG_WARN_CONSTANT_CONVERSION = YES;
				CLANG_WARN_DEPRECATED_OBJC_IMPLEMENTATIONS = YES;
				CLANG_WARN_DIRECT_OBJC_ISA_USAGE = YES_ERROR;
				CLANG_WARN_DOCUMENTATION_COMMENTS = YES;
				CLANG_WARN_EMPTY_BODY = YES;
				CLANG_WARN_ENUM_CONVERSION = YES;
				CLANG_WARN_INFINITE_RECURSION = YES;
				CLANG_WARN_INT_CONVERSION = YES;
				CLANG_WARN_NON_LITERAL_NULL_CONVERSION = YES;
				CLANG_WARN_OBJC_IMPLICIT_RETAIN_SELF = YES;
				CLANG_WARN_OBJC_LITERAL_CONVERSION = YES;
				CLANG_WARN_OBJC_ROOT_CLASS = YES_ERROR;
				CLANG_WARN_RANGE_LOOP_ANALYSIS = YES;
				CLANG_WARN_STRICT_PROTOTYPES = YES;
				CLANG_WARN_SUSPICIOUS_MOVE = YES;
				CLANG_WARN_UNGUARDED_AVAILABILITY = YES_AGGRESSIVE;
				CLANG_WARN_UNREACHABLE_CODE = YES;
				CLANG_WARN__DUPLICATE_METHOD_MATCH = YES;
				COPY_PHASE_STRIP = NO;
				DEBUG_INFORMATION_FORMAT = dwarf;
				ENABLE_STRICT_OBJC_MSGSEND = YES;
				ENABLE_TESTABILITY = YES;
				GCC_C_LANGUAGE_STANDARD = gnu11;
				GCC_DYNAMIC_NO_PIC = NO;
				GCC_NO_COMMON_BLOCKS = YES;
				GCC_OPTIMIZATION_LEVEL = 0;
				GCC_PREPROCESSOR_DEFINITIONS = (
					"DEBUG=1",
					"$(inherited)",
				);
				GCC_WARN_64_TO_32_BIT_CONVERSION = YES;
				GCC_WARN_ABOUT_RETURN_TYPE = YES_ERROR;
				GCC_WARN_UNDECLARED_SELECTOR = YES;
				GCC_WARN_UNINITIALIZED_AUTOS = YES_AGGRESSIVE;
				GCC_WARN_UNUSED_FUNCTION = YES;
				GCC_WARN_UNUSED_VARIABLE = YES;
				IPHONEOS_DEPLOYMENT_TARGET = 13.2;
				MTL_ENABLE_DEBUG_INFO = INCLUDE_SOURCE;
				MTL_FAST_MATH = YES;
				ONLY_ACTIVE_ARCH = YES;
				SDKROOT = iphoneos;
				SWIFT_ACTIVE_COMPILATION_CONDITIONS = DEBUG;
				SWIFT_OPTIMIZATION_LEVEL = "-Onone";
			};
			name = Debug;
		};
		2C342F7023FDE0650087551D /* Release */ = {
			isa = XCBuildConfiguration;
			buildSettings = {
				ALWAYS_SEARCH_USER_PATHS = NO;
				CLANG_ANALYZER_NONNULL = YES;
				CLANG_ANALYZER_NUMBER_OBJECT_CONVERSION = YES_AGGRESSIVE;
				CLANG_CXX_LANGUAGE_STANDARD = "gnu++14";
				CLANG_CXX_LIBRARY = "libc++";
				CLANG_ENABLE_MODULES = YES;
				CLANG_ENABLE_OBJC_ARC = YES;
				CLANG_ENABLE_OBJC_WEAK = YES;
				CLANG_WARN_BLOCK_CAPTURE_AUTORELEASING = YES;
				CLANG_WARN_BOOL_CONVERSION = YES;
				CLANG_WARN_COMMA = YES;
				CLANG_WARN_CONSTANT_CONVERSION = YES;
				CLANG_WARN_DEPRECATED_OBJC_IMPLEMENTATIONS = YES;
				CLANG_WARN_DIRECT_OBJC_ISA_USAGE = YES_ERROR;
				CLANG_WARN_DOCUMENTATION_COMMENTS = YES;
				CLANG_WARN_EMPTY_BODY = YES;
				CLANG_WARN_ENUM_CONVERSION = YES;
				CLANG_WARN_INFINITE_RECURSION = YES;
				CLANG_WARN_INT_CONVERSION = YES;
				CLANG_WARN_NON_LITERAL_NULL_CONVERSION = YES;
				CLANG_WARN_OBJC_IMPLICIT_RETAIN_SELF = YES;
				CLANG_WARN_OBJC_LITERAL_CONVERSION = YES;
				CLANG_WARN_OBJC_ROOT_CLASS = YES_ERROR;
				CLANG_WARN_RANGE_LOOP_ANALYSIS = YES;
				CLANG_WARN_STRICT_PROTOTYPES = YES;
				CLANG_WARN_SUSPICIOUS_MOVE = YES;
				CLANG_WARN_UNGUARDED_AVAILABILITY = YES_AGGRESSIVE;
				CLANG_WARN_UNREACHABLE_CODE = YES;
				CLANG_WARN__DUPLICATE_METHOD_MATCH = YES;
				COPY_PHASE_STRIP = NO;
				DEBUG_INFORMATION_FORMAT = "dwarf-with-dsym";
				ENABLE_NS_ASSERTIONS = NO;
				ENABLE_STRICT_OBJC_MSGSEND = YES;
				GCC_C_LANGUAGE_STANDARD = gnu11;
				GCC_NO_COMMON_BLOCKS = YES;
				GCC_WARN_64_TO_32_BIT_CONVERSION = YES;
				GCC_WARN_ABOUT_RETURN_TYPE = YES_ERROR;
				GCC_WARN_UNDECLARED_SELECTOR = YES;
				GCC_WARN_UNINITIALIZED_AUTOS = YES_AGGRESSIVE;
				GCC_WARN_UNUSED_FUNCTION = YES;
				GCC_WARN_UNUSED_VARIABLE = YES;
				IPHONEOS_DEPLOYMENT_TARGET = 13.2;
				MTL_ENABLE_DEBUG_INFO = NO;
				MTL_FAST_MATH = YES;
				SDKROOT = iphoneos;
				SWIFT_COMPILATION_MODE = wholemodule;
				SWIFT_OPTIMIZATION_LEVEL = "-O";
				VALIDATE_PRODUCT = YES;
			};
			name = Release;
		};
		2C342F7223FDE0650087551D /* Debug */ = {
			isa = XCBuildConfiguration;
			buildSettings = {
				ASSETCATALOG_COMPILER_APPICON_NAME = AppIcon;
				CODE_SIGN_STYLE = Automatic;
				DEVELOPMENT_TEAM = W485VTCC9R;
				INFOPLIST_FILE = LambdaLogo/Info.plist;
				LD_RUNPATH_SEARCH_PATHS = (
					"$(inherited)",
					"@executable_path/Frameworks",
				);
				PRODUCT_BUNDLE_IDENTIFIER = com.tobikuyoro.LambdaLogo;
				PRODUCT_NAME = "$(TARGET_NAME)";
				SWIFT_VERSION = 5.0;
				TARGETED_DEVICE_FAMILY = "1,2";
			};
			name = Debug;
		};
		2C342F7323FDE0650087551D /* Release */ = {
			isa = XCBuildConfiguration;
			buildSettings = {
				ASSETCATALOG_COMPILER_APPICON_NAME = AppIcon;
				CODE_SIGN_STYLE = Automatic;
				DEVELOPMENT_TEAM = W485VTCC9R;
				INFOPLIST_FILE = LambdaLogo/Info.plist;
				LD_RUNPATH_SEARCH_PATHS = (
					"$(inherited)",
					"@executable_path/Frameworks",
				);
				PRODUCT_BUNDLE_IDENTIFIER = com.tobikuyoro.LambdaLogo;
				PRODUCT_NAME = "$(TARGET_NAME)";
				SWIFT_VERSION = 5.0;
				TARGETED_DEVICE_FAMILY = "1,2";
			};
			name = Release;
		};
/* End XCBuildConfiguration section */

/* Begin XCConfigurationList section */
		2C342F5823FDE0630087551D /* Build configuration list for PBXProject "LambdaLogo" */ = {
			isa = XCConfigurationList;
			buildConfigurations = (
				2C342F6F23FDE0650087551D /* Debug */,
				2C342F7023FDE0650087551D /* Release */,
			);
			defaultConfigurationIsVisible = 0;
			defaultConfigurationName = Release;
		};
		2C342F7123FDE0650087551D /* Build configuration list for PBXNativeTarget "LambdaLogo" */ = {
			isa = XCConfigurationList;
			buildConfigurations = (
				2C342F7223FDE0650087551D /* Debug */,
				2C342F7323FDE0650087551D /* Release */,
			);
			defaultConfigurationIsVisible = 0;
			defaultConfigurationName = Release;
		};
/* End XCConfigurationList section */
	};
	rootObject = 2C342F5523FDE0630087551D /* Project object */;
}
